
Microsoft Visual Studio Solution File, Format Version 12.00
# Visual Studio Version 16
VisualStudioVersion = 16.0.31205.134
MinimumVisualStudioVersion = 10.0.40219.1
Project("{9A19103F-16F7-4668-BE54-9A1E7A4F7556}") = "FileGenerator.Native", "Native\FileGenerator.Native.csproj", "{231C10E7-8B0A-4531-9996-D41B88843235}"
EndProject
Project("{9A19103F-16F7-4668-BE54-9A1E7A4F7556}") = "FileGenerator.Shared", "Shared\FileGenerator.Shared.csproj", "{02447B49-3569-4E75-9619-91A90CBB30F5}"
EndProject
Global
	GlobalSection(SolutionConfigurationPlatforms) = preSolution
		Debug|Any CPU = Debug|Any CPU
		Release|Any CPU = Release|Any CPU
	EndGlobalSection
	GlobalSection(ProjectConfigurationPlatforms) = postSolution
		{231C10E7-8B0A-4531-9996-D41B88843235}.Debug|Any CPU.ActiveCfg = Debug|x64
		{231C10E7-8B0A-4531-9996-D41B88843235}.Debug|Any CPU.Build.0 = Debug|x64
		{231C10E7-8B0A-4531-9996-D41B88843235}.Release|Any CPU.ActiveCfg = Release|x64
		{231C10E7-8B0A-4531-9996-D41B88843235}.Release|Any CPU.Build.0 = Release|x64
		{02447B49-3569-4E75-9619-91A90CBB30F5}.Debug|Any CPU.ActiveCfg = Debug|x64
		{02447B49-3569-4E75-9619-91A90CBB30F5}.Debug|Any CPU.Build.0 = Debug|x64
		{02447B49-3569-4E75-9619-91A90CBB30F5}.Release|Any CPU.ActiveCfg = Release|x64
		{02447B49-3569-4E75-9619-91A90CBB30F5}.Release|Any CPU.Build.0 = Release|x64
	EndGlobalSection
	GlobalSection(SolutionProperties) = preSolution
		HideSolutionNode = FALSE
	EndGlobalSection
	GlobalSection(ExtensibilityGlobals) = postSolution
		SolutionGuid = {1494CA8C-0ADB-442A-8E51-454D9F6C1DC6}
	EndGlobalSection
EndGlobal
