
Microsoft Visual Studio Solution File, Format Version 12.00
# Visual Studio 14
VisualStudioVersion = 14.0.24720.0
MinimumVisualStudioVersion = 10.0.40219.1
Project("{FAE04EC0-301F-11D3-BF4B-00C04F79EFBC}") = "FileGenerator.MagickScript", "MagickScript\FileGenerator.MagickScript.csproj", "{6C7892C0-61CB-4AFE-9CB0-97CECC22EA2A}"
EndProject
Project("{FAE04EC0-301F-11D3-BF4B-00C04F79EFBC}") = "FileGenerator.Shared", "Shared\FileGenerator.Shared.csproj", "{02447B49-3569-4E75-9619-91A90CBB30F5}"
EndProject
Global
	GlobalSection(SolutionConfigurationPlatforms) = preSolution
		Debug|Any CPU = Debug|Any CPU
		Release|Any CPU = Release|Any CPU
	EndGlobalSection
	GlobalSection(ProjectConfigurationPlatforms) = postSolution
		{6C7892C0-61CB-4AFE-9CB0-97CECC22EA2A}.Debug|Any CPU.ActiveCfg = Debug|Any CPU
		{6C7892C0-61CB-4AFE-9CB0-97CECC22EA2A}.Debug|Any CPU.Build.0 = Debug|Any CPU
		{6C7892C0-61CB-4AFE-9CB0-97CECC22EA2A}.Release|Any CPU.ActiveCfg = Release|Any CPU
		{6C7892C0-61CB-4AFE-9CB0-97CECC22EA2A}.Release|Any CPU.Build.0 = Release|Any CPU
		{02447B49-3569-4E75-9619-91A90CBB30F5}.Debug|Any CPU.ActiveCfg = Debug|Any CPU
		{02447B49-3569-4E75-9619-91A90CBB30F5}.Debug|Any CPU.Build.0 = Debug|Any CPU
		{02447B49-3569-4E75-9619-91A90CBB30F5}.Release|Any CPU.ActiveCfg = Release|Any CPU
		{02447B49-3569-4E75-9619-91A90CBB30F5}.Release|Any CPU.Build.0 = Release|Any CPU
	EndGlobalSection
	GlobalSection(SolutionProperties) = preSolution
		HideSolutionNode = FALSE
	EndGlobalSection
EndGlobal
