
Microsoft Visual Studio Solution File, Format Version 12.00
# Visual Studio 15
VisualStudioVersion = 15.0.26430.12
MinimumVisualStudioVersion = 10.0.40219.1
Project("{FAE04EC0-301F-11D3-BF4B-00C04F79EFBC}") = "Magick.NET", "Source\Magick.NET\Magick.NET.csproj", "{DAAE3844-6435-4912-8F69-9F7A9242B4AC}"
	ProjectSection(ProjectDependencies) = postProject
		{74E62AD0-D2F5-41F0-97A7-2D1E8BDE595A} = {74E62AD0-D2F5-41F0-97A7-2D1E8BDE595A}
	EndProjectSection
EndProject
Project("{8BC9CEB8-8B4A-11D0-8D11-00A0C91BC942}") = "Magick.NET.Native", "Source\Magick.NET.Native\Magick.NET.Native.vcxproj", "{74E62AD0-D2F5-41F0-97A7-2D1E8BDE595A}"
EndProject
Project("{FAE04EC0-301F-11D3-BF4B-00C04F79EFBC}") = "Magick.NET.Tests", "Tests\Magick.NET.Tests\Magick.NET.Tests.csproj", "{C34FB9EF-028A-4190-91AF-6FBD3EC78DAF}"
EndProject
Project("{FAE04EC0-301F-11D3-BF4B-00C04F79EFBC}") = "Magick.NET.Web", "Source\Magick.NET.Web\Magick.NET.Web.csproj", "{FAEF6535-4D08-4538-89DC-EE56176F6803}"
EndProject
Project("{FAE04EC0-301F-11D3-BF4B-00C04F79EFBC}") = "Magick.NET.Samples", "Samples\Magick.NET.Samples\Magick.NET.Samples.csproj", "{F5A76C84-4735-4741-8534-8D38EBD3B844}"
EndProject
Project("{2150E333-8FDC-42A3-9474-1A3956D46DE8}") = "Tools", "Tools", "{642B2576-373D-4B84-A3C0-F6F9AC2A23D5}"
	ProjectSection(SolutionItems) = preProject
		Tools\GenerateAnyCPU.cmd = Tools\GenerateAnyCPU.cmd
		Tools\GenerateDrawables.cmd = Tools\GenerateDrawables.cmd
		Tools\GenerateMagickColors.cmd = Tools\GenerateMagickColors.cmd
		Tools\GenerateMagickScript.cmd = Tools\GenerateMagickScript.cmd
		Tools\GenerateNative.cmd = Tools\GenerateNative.cmd
		Tools\VsDevCmd.cmd = Tools\VsDevCmd.cmd
	EndProjectSection
EndProject
Project("{2150E333-8FDC-42A3-9474-1A3956D46DE8}") = "Scripts", "Scripts", "{8375C997-426E-4E39-AFFF-FFE8D97CB328}"
	ProjectSection(SolutionItems) = preProject
		Tools\Scripts\AnyCPU.ps1 = Tools\Scripts\AnyCPU.ps1
		Tools\Scripts\BuildCore.ps1 = Tools\Scripts\BuildCore.ps1
		Tools\Scripts\BuildLibraries.ps1 = Tools\Scripts\BuildLibraries.ps1
		Tools\Scripts\GenerateDrawables.ps1 = Tools\Scripts\GenerateDrawables.ps1
		Tools\Scripts\GenerateLibrariesDoc.ps1 = Tools\Scripts\GenerateLibrariesDoc.ps1
		Tools\Scripts\GenerateMagickColors.ps1 = Tools\Scripts\GenerateMagickColors.ps1
		Tools\Scripts\GenerateMagickScript.ps1 = Tools\Scripts\GenerateMagickScript.ps1
		Tools\Scripts\GenerateNative.ps1 = Tools\Scripts\GenerateNative.ps1
		Tools\Scripts\Net20.ps1 = Tools\Scripts\Net20.ps1
		Tools\Scripts\Publish.ps1 = Tools\Scripts\Publish.ps1
	EndProjectSection
EndProject
Project("{2150E333-8FDC-42A3-9474-1A3956D46DE8}") = "AppVeyor", "AppVeyor", "{51C291AD-9793-4FE4-A5AD-6ECA2E27521A}"
	ProjectSection(SolutionItems) = preProject
		Tools\AppVeyor\Build.cmd = Tools\AppVeyor\Build.cmd
		Tools\AppVeyor\CodeCoverage.cmd = Tools\AppVeyor\CodeCoverage.cmd
		Tools\AppVeyor\Install.cmd = Tools\AppVeyor\Install.cmd
		Tools\AppVeyor\Publish.cmd = Tools\AppVeyor\Publish.cmd
		Tools\AppVeyor\Test.cmd = Tools\AppVeyor\Test.cmd
	EndProjectSection
EndProject
Project("{2150E333-8FDC-42A3-9474-1A3956D46DE8}") = "AppVeyor", "AppVeyor", "{AE557530-5126-4B61-B2DD-4C28BC05C391}"
	ProjectSection(SolutionItems) = preProject
		Tools\Scripts\AppVeyor\Build.ps1 = Tools\Scripts\AppVeyor\Build.ps1
		Tools\Scripts\AppVeyor\InstallGhostscript.ps1 = Tools\Scripts\AppVeyor\InstallGhostscript.ps1
		Tools\Scripts\AppVeyor\Publish.ps1 = Tools\Scripts\AppVeyor\Publish.ps1
	EndProjectSection
EndProject
Project("{2150E333-8FDC-42A3-9474-1A3956D46DE8}") = "Shared", "Shared", "{26CCDA13-7FA2-42A0-9944-FA727533FF55}"
	ProjectSection(SolutionItems) = preProject
		Tools\Scripts\Shared\Build.ps1 = Tools\Scripts\Shared\Build.ps1
		Tools\Scripts\Shared\Config.ps1 = Tools\Scripts\Shared\Config.ps1
		Tools\Scripts\Shared\FileGenerator.ps1 = Tools\Scripts\Shared\FileGenerator.ps1
		Tools\Scripts\Shared\Functions.ps1 = Tools\Scripts\Shared\Functions.ps1
		Tools\Scripts\Shared\GzipAssembly.ps1 = Tools\Scripts\Shared\GzipAssembly.ps1
		Tools\Scripts\Shared\Publish.ps1 = Tools\Scripts\Shared\Publish.ps1
	EndProjectSection
EndProject
Project("{2150E333-8FDC-42A3-9474-1A3956D46DE8}") = "Source", "Source", "{11769011-307E-4D06-8023-4BA1C1FAE3AB}"
	ProjectSection(SolutionItems) = preProject
		ImageMagick\Source\BuildAll.cmd = ImageMagick\Source\BuildAll.cmd
		ImageMagick\Source\Checkout.cmd = ImageMagick\Source\Checkout.cmd
		ImageMagick\Source\Checkout.sh = ImageMagick\Source\Checkout.sh
	EndProjectSection
EndProject
Project("{2150E333-8FDC-42A3-9474-1A3956D46DE8}") = "Debug", "Debug", "{EE2D8A24-038F-4609-B258-08FB13D59DB0}"
	ProjectSection(SolutionItems) = preProject
		ImageMagick\Source\Debug\Build.Q16-HDRI.x64.cmd = ImageMagick\Source\Debug\Build.Q16-HDRI.x64.cmd
		ImageMagick\Source\Debug\Build.Q16-HDRI.x86.cmd = ImageMagick\Source\Debug\Build.Q16-HDRI.x86.cmd
		ImageMagick\Source\Debug\Build.Q16.x64.cmd = ImageMagick\Source\Debug\Build.Q16.x64.cmd
		ImageMagick\Source\Debug\Build.Q16.x86.cmd = ImageMagick\Source\Debug\Build.Q16.x86.cmd
		ImageMagick\Source\Debug\Build.Q8.x64.cmd = ImageMagick\Source\Debug\Build.Q8.x64.cmd
		ImageMagick\Source\Debug\Build.Q8.x86.cmd = ImageMagick\Source\Debug\Build.Q8.x86.cmd
	EndProjectSection
EndProject
Project("{2150E333-8FDC-42A3-9474-1A3956D46DE8}") = "Development", "Development", "{0B4E3960-67CD-4C97-B1C5-D34F44A6BAF5}"
	ProjectSection(SolutionItems) = preProject
		ImageMagick\Source\Development\Build.Q16-HDRI.x64.cmd = ImageMagick\Source\Development\Build.Q16-HDRI.x64.cmd
		ImageMagick\Source\Development\Build.Q16-HDRI.x86.cmd = ImageMagick\Source\Development\Build.Q16-HDRI.x86.cmd
		ImageMagick\Source\Development\Build.Q16.x64.cmd = ImageMagick\Source\Development\Build.Q16.x64.cmd
		ImageMagick\Source\Development\Build.Q16.x86.cmd = ImageMagick\Source\Development\Build.Q16.x86.cmd
		ImageMagick\Source\Development\Build.Q8.x64.cmd = ImageMagick\Source\Development\Build.Q8.x64.cmd
		ImageMagick\Source\Development\Build.Q8.x86.cmd = ImageMagick\Source\Development\Build.Q8.x86.cmd
	EndProjectSection
EndProject
Global
	GlobalSection(SolutionConfigurationPlatforms) = preSolution
		DebugQ16|Any CPU = DebugQ16|Any CPU
		DebugQ16|x64 = DebugQ16|x64
		DebugQ16|x86 = DebugQ16|x86
		DebugQ16-HDRI|Any CPU = DebugQ16-HDRI|Any CPU
		DebugQ16-HDRI|x64 = DebugQ16-HDRI|x64
		DebugQ16-HDRI|x86 = DebugQ16-HDRI|x86
		DebugQ8|Any CPU = DebugQ8|Any CPU
		DebugQ8|x64 = DebugQ8|x64
		DebugQ8|x86 = DebugQ8|x86
		ReleaseQ16|Any CPU = ReleaseQ16|Any CPU
		ReleaseQ16|x64 = ReleaseQ16|x64
		ReleaseQ16|x86 = ReleaseQ16|x86
		ReleaseQ16-HDRI|Any CPU = ReleaseQ16-HDRI|Any CPU
		ReleaseQ16-HDRI|x64 = ReleaseQ16-HDRI|x64
		ReleaseQ16-HDRI|x86 = ReleaseQ16-HDRI|x86
		ReleaseQ8|Any CPU = ReleaseQ8|Any CPU
		ReleaseQ8|x64 = ReleaseQ8|x64
		ReleaseQ8|x86 = ReleaseQ8|x86
		TestsQ16|Any CPU = TestsQ16|Any CPU
		TestsQ16|x64 = TestsQ16|x64
		TestsQ16|x86 = TestsQ16|x86
		TestsQ16-HDRI|Any CPU = TestsQ16-HDRI|Any CPU
		TestsQ16-HDRI|x64 = TestsQ16-HDRI|x64
		TestsQ16-HDRI|x86 = TestsQ16-HDRI|x86
		TestsQ8|Any CPU = TestsQ8|Any CPU
		TestsQ8|x64 = TestsQ8|x64
		TestsQ8|x86 = TestsQ8|x86
	EndGlobalSection
	GlobalSection(ProjectConfigurationPlatforms) = postSolution
		{DAAE3844-6435-4912-8F69-9F7A9242B4AC}.DebugQ16|Any CPU.ActiveCfg = DebugQ16|Any CPU
		{DAAE3844-6435-4912-8F69-9F7A9242B4AC}.DebugQ16|x64.ActiveCfg = DebugQ16|x64
		{DAAE3844-6435-4912-8F69-9F7A9242B4AC}.DebugQ16|x64.Build.0 = DebugQ16|x64
		{DAAE3844-6435-4912-8F69-9F7A9242B4AC}.DebugQ16|x86.ActiveCfg = DebugQ16|x86
		{DAAE3844-6435-4912-8F69-9F7A9242B4AC}.DebugQ16|x86.Build.0 = DebugQ16|x86
		{DAAE3844-6435-4912-8F69-9F7A9242B4AC}.DebugQ16-HDRI|Any CPU.ActiveCfg = DebugQ16-HDRI|Any CPU
		{DAAE3844-6435-4912-8F69-9F7A9242B4AC}.DebugQ16-HDRI|x64.ActiveCfg = DebugQ16-HDRI|x64
		{DAAE3844-6435-4912-8F69-9F7A9242B4AC}.DebugQ16-HDRI|x64.Build.0 = DebugQ16-HDRI|x64
		{DAAE3844-6435-4912-8F69-9F7A9242B4AC}.DebugQ16-HDRI|x86.ActiveCfg = DebugQ16-HDRI|x86
		{DAAE3844-6435-4912-8F69-9F7A9242B4AC}.DebugQ16-HDRI|x86.Build.0 = DebugQ16-HDRI|x86
		{DAAE3844-6435-4912-8F69-9F7A9242B4AC}.DebugQ8|Any CPU.ActiveCfg = DebugQ8|Any CPU
		{DAAE3844-6435-4912-8F69-9F7A9242B4AC}.DebugQ8|x64.ActiveCfg = DebugQ8|x64
		{DAAE3844-6435-4912-8F69-9F7A9242B4AC}.DebugQ8|x64.Build.0 = DebugQ8|x64
		{DAAE3844-6435-4912-8F69-9F7A9242B4AC}.DebugQ8|x86.ActiveCfg = DebugQ8|x86
		{DAAE3844-6435-4912-8F69-9F7A9242B4AC}.DebugQ8|x86.Build.0 = DebugQ8|x86
		{DAAE3844-6435-4912-8F69-9F7A9242B4AC}.ReleaseQ16|Any CPU.ActiveCfg = ReleaseQ16|Any CPU
		{DAAE3844-6435-4912-8F69-9F7A9242B4AC}.ReleaseQ16|Any CPU.Build.0 = ReleaseQ16|Any CPU
		{DAAE3844-6435-4912-8F69-9F7A9242B4AC}.ReleaseQ16|x64.ActiveCfg = ReleaseQ16|x64
		{DAAE3844-6435-4912-8F69-9F7A9242B4AC}.ReleaseQ16|x64.Build.0 = ReleaseQ16|x64
		{DAAE3844-6435-4912-8F69-9F7A9242B4AC}.ReleaseQ16|x86.ActiveCfg = ReleaseQ16|x86
		{DAAE3844-6435-4912-8F69-9F7A9242B4AC}.ReleaseQ16|x86.Build.0 = ReleaseQ16|x86
		{DAAE3844-6435-4912-8F69-9F7A9242B4AC}.ReleaseQ16-HDRI|Any CPU.ActiveCfg = ReleaseQ16-HDRI|Any CPU
		{DAAE3844-6435-4912-8F69-9F7A9242B4AC}.ReleaseQ16-HDRI|Any CPU.Build.0 = ReleaseQ16-HDRI|Any CPU
		{DAAE3844-6435-4912-8F69-9F7A9242B4AC}.ReleaseQ16-HDRI|x64.ActiveCfg = ReleaseQ16-HDRI|x64
		{DAAE3844-6435-4912-8F69-9F7A9242B4AC}.ReleaseQ16-HDRI|x64.Build.0 = ReleaseQ16-HDRI|x64
		{DAAE3844-6435-4912-8F69-9F7A9242B4AC}.ReleaseQ16-HDRI|x86.ActiveCfg = ReleaseQ16-HDRI|x86
		{DAAE3844-6435-4912-8F69-9F7A9242B4AC}.ReleaseQ16-HDRI|x86.Build.0 = ReleaseQ16-HDRI|x86
		{DAAE3844-6435-4912-8F69-9F7A9242B4AC}.ReleaseQ8|Any CPU.ActiveCfg = ReleaseQ8|Any CPU
		{DAAE3844-6435-4912-8F69-9F7A9242B4AC}.ReleaseQ8|Any CPU.Build.0 = ReleaseQ8|Any CPU
		{DAAE3844-6435-4912-8F69-9F7A9242B4AC}.ReleaseQ8|x64.ActiveCfg = ReleaseQ8|x64
		{DAAE3844-6435-4912-8F69-9F7A9242B4AC}.ReleaseQ8|x64.Build.0 = ReleaseQ8|x64
		{DAAE3844-6435-4912-8F69-9F7A9242B4AC}.ReleaseQ8|x86.ActiveCfg = ReleaseQ8|x86
		{DAAE3844-6435-4912-8F69-9F7A9242B4AC}.ReleaseQ8|x86.Build.0 = ReleaseQ8|x86
		{DAAE3844-6435-4912-8F69-9F7A9242B4AC}.TestsQ16|Any CPU.ActiveCfg = ReleaseQ16|Any CPU
		{DAAE3844-6435-4912-8F69-9F7A9242B4AC}.TestsQ16|Any CPU.Build.0 = ReleaseQ16|Any CPU
		{DAAE3844-6435-4912-8F69-9F7A9242B4AC}.TestsQ16|x64.ActiveCfg = ReleaseQ16|x64
		{DAAE3844-6435-4912-8F69-9F7A9242B4AC}.TestsQ16|x64.Build.0 = ReleaseQ16|x64
		{DAAE3844-6435-4912-8F69-9F7A9242B4AC}.TestsQ16|x86.ActiveCfg = ReleaseQ16|x86
		{DAAE3844-6435-4912-8F69-9F7A9242B4AC}.TestsQ16|x86.Build.0 = ReleaseQ16|x86
		{DAAE3844-6435-4912-8F69-9F7A9242B4AC}.TestsQ16-HDRI|Any CPU.ActiveCfg = ReleaseQ16-HDRI|Any CPU
		{DAAE3844-6435-4912-8F69-9F7A9242B4AC}.TestsQ16-HDRI|Any CPU.Build.0 = ReleaseQ16-HDRI|Any CPU
		{DAAE3844-6435-4912-8F69-9F7A9242B4AC}.TestsQ16-HDRI|x64.ActiveCfg = ReleaseQ16-HDRI|x64
		{DAAE3844-6435-4912-8F69-9F7A9242B4AC}.TestsQ16-HDRI|x64.Build.0 = ReleaseQ16-HDRI|x64
		{DAAE3844-6435-4912-8F69-9F7A9242B4AC}.TestsQ16-HDRI|x86.ActiveCfg = ReleaseQ16-HDRI|x86
		{DAAE3844-6435-4912-8F69-9F7A9242B4AC}.TestsQ16-HDRI|x86.Build.0 = ReleaseQ16-HDRI|x86
		{DAAE3844-6435-4912-8F69-9F7A9242B4AC}.TestsQ8|Any CPU.ActiveCfg = ReleaseQ8|Any CPU
		{DAAE3844-6435-4912-8F69-9F7A9242B4AC}.TestsQ8|Any CPU.Build.0 = ReleaseQ8|Any CPU
		{DAAE3844-6435-4912-8F69-9F7A9242B4AC}.TestsQ8|x64.ActiveCfg = ReleaseQ8|x64
		{DAAE3844-6435-4912-8F69-9F7A9242B4AC}.TestsQ8|x64.Build.0 = ReleaseQ8|x64
		{DAAE3844-6435-4912-8F69-9F7A9242B4AC}.TestsQ8|x86.ActiveCfg = ReleaseQ8|x86
		{DAAE3844-6435-4912-8F69-9F7A9242B4AC}.TestsQ8|x86.Build.0 = ReleaseQ8|x86
		{74E62AD0-D2F5-41F0-97A7-2D1E8BDE595A}.DebugQ16|Any CPU.ActiveCfg = DebugQ16|x64
		{74E62AD0-D2F5-41F0-97A7-2D1E8BDE595A}.DebugQ16|x64.ActiveCfg = DebugQ16|x64
		{74E62AD0-D2F5-41F0-97A7-2D1E8BDE595A}.DebugQ16|x64.Build.0 = DebugQ16|x64
		{74E62AD0-D2F5-41F0-97A7-2D1E8BDE595A}.DebugQ16|x86.ActiveCfg = DebugQ16|Win32
		{74E62AD0-D2F5-41F0-97A7-2D1E8BDE595A}.DebugQ16|x86.Build.0 = DebugQ16|Win32
		{74E62AD0-D2F5-41F0-97A7-2D1E8BDE595A}.DebugQ16-HDRI|Any CPU.ActiveCfg = DebugQ16-HDRI|x64
		{74E62AD0-D2F5-41F0-97A7-2D1E8BDE595A}.DebugQ16-HDRI|x64.ActiveCfg = DebugQ16-HDRI|x64
		{74E62AD0-D2F5-41F0-97A7-2D1E8BDE595A}.DebugQ16-HDRI|x64.Build.0 = DebugQ16-HDRI|x64
		{74E62AD0-D2F5-41F0-97A7-2D1E8BDE595A}.DebugQ16-HDRI|x86.ActiveCfg = DebugQ16-HDRI|Win32
		{74E62AD0-D2F5-41F0-97A7-2D1E8BDE595A}.DebugQ16-HDRI|x86.Build.0 = DebugQ16-HDRI|Win32
		{74E62AD0-D2F5-41F0-97A7-2D1E8BDE595A}.DebugQ8|Any CPU.ActiveCfg = DebugQ8|x64
		{74E62AD0-D2F5-41F0-97A7-2D1E8BDE595A}.DebugQ8|x64.ActiveCfg = DebugQ8|x64
		{74E62AD0-D2F5-41F0-97A7-2D1E8BDE595A}.DebugQ8|x64.Build.0 = DebugQ8|x64
		{74E62AD0-D2F5-41F0-97A7-2D1E8BDE595A}.DebugQ8|x86.ActiveCfg = DebugQ8|Win32
		{74E62AD0-D2F5-41F0-97A7-2D1E8BDE595A}.DebugQ8|x86.Build.0 = DebugQ8|Win32
		{74E62AD0-D2F5-41F0-97A7-2D1E8BDE595A}.ReleaseQ16|Any CPU.ActiveCfg = ReleaseQ16|x64
		{74E62AD0-D2F5-41F0-97A7-2D1E8BDE595A}.ReleaseQ16|x64.ActiveCfg = ReleaseQ16|x64
		{74E62AD0-D2F5-41F0-97A7-2D1E8BDE595A}.ReleaseQ16|x64.Build.0 = ReleaseQ16|x64
		{74E62AD0-D2F5-41F0-97A7-2D1E8BDE595A}.ReleaseQ16|x86.ActiveCfg = ReleaseQ16|Win32
		{74E62AD0-D2F5-41F0-97A7-2D1E8BDE595A}.ReleaseQ16|x86.Build.0 = ReleaseQ16|Win32
		{74E62AD0-D2F5-41F0-97A7-2D1E8BDE595A}.ReleaseQ16-HDRI|Any CPU.ActiveCfg = ReleaseQ16-HDRI|x64
		{74E62AD0-D2F5-41F0-97A7-2D1E8BDE595A}.ReleaseQ16-HDRI|x64.ActiveCfg = ReleaseQ16-HDRI|x64
		{74E62AD0-D2F5-41F0-97A7-2D1E8BDE595A}.ReleaseQ16-HDRI|x64.Build.0 = ReleaseQ16-HDRI|x64
		{74E62AD0-D2F5-41F0-97A7-2D1E8BDE595A}.ReleaseQ16-HDRI|x86.ActiveCfg = ReleaseQ16-HDRI|Win32
		{74E62AD0-D2F5-41F0-97A7-2D1E8BDE595A}.ReleaseQ16-HDRI|x86.Build.0 = ReleaseQ16-HDRI|Win32
		{74E62AD0-D2F5-41F0-97A7-2D1E8BDE595A}.ReleaseQ8|Any CPU.ActiveCfg = ReleaseQ8|x64
		{74E62AD0-D2F5-41F0-97A7-2D1E8BDE595A}.ReleaseQ8|x64.ActiveCfg = ReleaseQ8|x64
		{74E62AD0-D2F5-41F0-97A7-2D1E8BDE595A}.ReleaseQ8|x64.Build.0 = ReleaseQ8|x64
		{74E62AD0-D2F5-41F0-97A7-2D1E8BDE595A}.ReleaseQ8|x86.ActiveCfg = ReleaseQ8|Win32
		{74E62AD0-D2F5-41F0-97A7-2D1E8BDE595A}.ReleaseQ8|x86.Build.0 = ReleaseQ8|Win32
		{74E62AD0-D2F5-41F0-97A7-2D1E8BDE595A}.TestsQ16|Any CPU.ActiveCfg = ReleaseQ16|x64
		{74E62AD0-D2F5-41F0-97A7-2D1E8BDE595A}.TestsQ16|x64.ActiveCfg = ReleaseQ16|x64
		{74E62AD0-D2F5-41F0-97A7-2D1E8BDE595A}.TestsQ16|x64.Build.0 = ReleaseQ16|x64
		{74E62AD0-D2F5-41F0-97A7-2D1E8BDE595A}.TestsQ16|x86.ActiveCfg = ReleaseQ16|Win32
		{74E62AD0-D2F5-41F0-97A7-2D1E8BDE595A}.TestsQ16|x86.Build.0 = ReleaseQ16|Win32
		{74E62AD0-D2F5-41F0-97A7-2D1E8BDE595A}.TestsQ16-HDRI|Any CPU.ActiveCfg = ReleaseQ16-HDRI|x64
		{74E62AD0-D2F5-41F0-97A7-2D1E8BDE595A}.TestsQ16-HDRI|x64.ActiveCfg = ReleaseQ16-HDRI|x64
		{74E62AD0-D2F5-41F0-97A7-2D1E8BDE595A}.TestsQ16-HDRI|x64.Build.0 = ReleaseQ16-HDRI|x64
		{74E62AD0-D2F5-41F0-97A7-2D1E8BDE595A}.TestsQ16-HDRI|x86.ActiveCfg = ReleaseQ16-HDRI|Win32
		{74E62AD0-D2F5-41F0-97A7-2D1E8BDE595A}.TestsQ16-HDRI|x86.Build.0 = ReleaseQ16-HDRI|Win32
		{74E62AD0-D2F5-41F0-97A7-2D1E8BDE595A}.TestsQ8|Any CPU.ActiveCfg = ReleaseQ8|x64
		{74E62AD0-D2F5-41F0-97A7-2D1E8BDE595A}.TestsQ8|x64.ActiveCfg = ReleaseQ8|x64
		{74E62AD0-D2F5-41F0-97A7-2D1E8BDE595A}.TestsQ8|x64.Build.0 = ReleaseQ8|x64
		{74E62AD0-D2F5-41F0-97A7-2D1E8BDE595A}.TestsQ8|x86.ActiveCfg = ReleaseQ8|Win32
		{74E62AD0-D2F5-41F0-97A7-2D1E8BDE595A}.TestsQ8|x86.Build.0 = ReleaseQ8|Win32
		{C34FB9EF-028A-4190-91AF-6FBD3EC78DAF}.DebugQ16|Any CPU.ActiveCfg = DebugQ16|Any CPU
		{C34FB9EF-028A-4190-91AF-6FBD3EC78DAF}.DebugQ16|x64.ActiveCfg = DebugQ16|x64
		{C34FB9EF-028A-4190-91AF-6FBD3EC78DAF}.DebugQ16|x64.Build.0 = DebugQ16|x64
		{C34FB9EF-028A-4190-91AF-6FBD3EC78DAF}.DebugQ16|x86.ActiveCfg = DebugQ16|x86
		{C34FB9EF-028A-4190-91AF-6FBD3EC78DAF}.DebugQ16|x86.Build.0 = DebugQ16|x86
		{C34FB9EF-028A-4190-91AF-6FBD3EC78DAF}.DebugQ16-HDRI|Any CPU.ActiveCfg = DebugQ16-HDRI|Any CPU
		{C34FB9EF-028A-4190-91AF-6FBD3EC78DAF}.DebugQ16-HDRI|x64.ActiveCfg = DebugQ16-HDRI|x64
		{C34FB9EF-028A-4190-91AF-6FBD3EC78DAF}.DebugQ16-HDRI|x64.Build.0 = DebugQ16-HDRI|x64
		{C34FB9EF-028A-4190-91AF-6FBD3EC78DAF}.DebugQ16-HDRI|x86.ActiveCfg = DebugQ16-HDRI|x86
		{C34FB9EF-028A-4190-91AF-6FBD3EC78DAF}.DebugQ16-HDRI|x86.Build.0 = DebugQ16-HDRI|x86
		{C34FB9EF-028A-4190-91AF-6FBD3EC78DAF}.DebugQ8|Any CPU.ActiveCfg = DebugQ8|Any CPU
		{C34FB9EF-028A-4190-91AF-6FBD3EC78DAF}.DebugQ8|x64.ActiveCfg = DebugQ8|x64
		{C34FB9EF-028A-4190-91AF-6FBD3EC78DAF}.DebugQ8|x64.Build.0 = DebugQ8|x64
		{C34FB9EF-028A-4190-91AF-6FBD3EC78DAF}.DebugQ8|x86.ActiveCfg = DebugQ8|x86
		{C34FB9EF-028A-4190-91AF-6FBD3EC78DAF}.DebugQ8|x86.Build.0 = DebugQ8|x86
		{C34FB9EF-028A-4190-91AF-6FBD3EC78DAF}.ReleaseQ16|Any CPU.ActiveCfg = ReleaseQ16|Any CPU
		{C34FB9EF-028A-4190-91AF-6FBD3EC78DAF}.ReleaseQ16|x64.ActiveCfg = ReleaseQ16|x64
		{C34FB9EF-028A-4190-91AF-6FBD3EC78DAF}.ReleaseQ16|x86.ActiveCfg = ReleaseQ16|x86
		{C34FB9EF-028A-4190-91AF-6FBD3EC78DAF}.ReleaseQ16-HDRI|Any CPU.ActiveCfg = ReleaseQ16-HDRI|Any CPU
		{C34FB9EF-028A-4190-91AF-6FBD3EC78DAF}.ReleaseQ16-HDRI|x64.ActiveCfg = ReleaseQ16-HDRI|x64
		{C34FB9EF-028A-4190-91AF-6FBD3EC78DAF}.ReleaseQ16-HDRI|x64.Build.0 = ReleaseQ16-HDRI|x64
		{C34FB9EF-028A-4190-91AF-6FBD3EC78DAF}.ReleaseQ16-HDRI|x86.ActiveCfg = ReleaseQ16-HDRI|x86
		{C34FB9EF-028A-4190-91AF-6FBD3EC78DAF}.ReleaseQ8|Any CPU.ActiveCfg = ReleaseQ8|Any CPU
		{C34FB9EF-028A-4190-91AF-6FBD3EC78DAF}.ReleaseQ8|x64.ActiveCfg = ReleaseQ8|x64
		{C34FB9EF-028A-4190-91AF-6FBD3EC78DAF}.ReleaseQ8|x86.ActiveCfg = ReleaseQ8|x86
		{C34FB9EF-028A-4190-91AF-6FBD3EC78DAF}.TestsQ16|Any CPU.ActiveCfg = ReleaseQ16|Any CPU
		{C34FB9EF-028A-4190-91AF-6FBD3EC78DAF}.TestsQ16|Any CPU.Build.0 = ReleaseQ16|Any CPU
		{C34FB9EF-028A-4190-91AF-6FBD3EC78DAF}.TestsQ16|x64.ActiveCfg = ReleaseQ16|x64
		{C34FB9EF-028A-4190-91AF-6FBD3EC78DAF}.TestsQ16|x64.Build.0 = ReleaseQ16|x64
		{C34FB9EF-028A-4190-91AF-6FBD3EC78DAF}.TestsQ16|x86.ActiveCfg = ReleaseQ16|x86
		{C34FB9EF-028A-4190-91AF-6FBD3EC78DAF}.TestsQ16|x86.Build.0 = ReleaseQ16|x86
		{C34FB9EF-028A-4190-91AF-6FBD3EC78DAF}.TestsQ16-HDRI|Any CPU.ActiveCfg = ReleaseQ16-HDRI|Any CPU
		{C34FB9EF-028A-4190-91AF-6FBD3EC78DAF}.TestsQ16-HDRI|Any CPU.Build.0 = ReleaseQ16-HDRI|Any CPU
		{C34FB9EF-028A-4190-91AF-6FBD3EC78DAF}.TestsQ16-HDRI|x64.ActiveCfg = ReleaseQ16-HDRI|x64
		{C34FB9EF-028A-4190-91AF-6FBD3EC78DAF}.TestsQ16-HDRI|x64.Build.0 = ReleaseQ16-HDRI|x64
		{C34FB9EF-028A-4190-91AF-6FBD3EC78DAF}.TestsQ16-HDRI|x86.ActiveCfg = ReleaseQ16-HDRI|x86
		{C34FB9EF-028A-4190-91AF-6FBD3EC78DAF}.TestsQ16-HDRI|x86.Build.0 = ReleaseQ16-HDRI|x86
		{C34FB9EF-028A-4190-91AF-6FBD3EC78DAF}.TestsQ8|Any CPU.ActiveCfg = ReleaseQ8|Any CPU
		{C34FB9EF-028A-4190-91AF-6FBD3EC78DAF}.TestsQ8|Any CPU.Build.0 = ReleaseQ8|Any CPU
		{C34FB9EF-028A-4190-91AF-6FBD3EC78DAF}.TestsQ8|x64.ActiveCfg = ReleaseQ8|x64
		{C34FB9EF-028A-4190-91AF-6FBD3EC78DAF}.TestsQ8|x64.Build.0 = ReleaseQ8|x64
		{C34FB9EF-028A-4190-91AF-6FBD3EC78DAF}.TestsQ8|x86.ActiveCfg = ReleaseQ8|x86
		{C34FB9EF-028A-4190-91AF-6FBD3EC78DAF}.TestsQ8|x86.Build.0 = ReleaseQ8|x86
		{FAEF6535-4D08-4538-89DC-EE56176F6803}.DebugQ16|Any CPU.ActiveCfg = DebugQ16|Any CPU
		{FAEF6535-4D08-4538-89DC-EE56176F6803}.DebugQ16|x64.ActiveCfg = DebugQ16|x64
		{FAEF6535-4D08-4538-89DC-EE56176F6803}.DebugQ16|x64.Build.0 = DebugQ16|x64
		{FAEF6535-4D08-4538-89DC-EE56176F6803}.DebugQ16|x86.ActiveCfg = DebugQ16|x86
		{FAEF6535-4D08-4538-89DC-EE56176F6803}.DebugQ16|x86.Build.0 = DebugQ16|x86
		{FAEF6535-4D08-4538-89DC-EE56176F6803}.DebugQ16-HDRI|Any CPU.ActiveCfg = DebugQ16-HDRI|Any CPU
		{FAEF6535-4D08-4538-89DC-EE56176F6803}.DebugQ16-HDRI|x64.ActiveCfg = DebugQ16-HDRI|x64
		{FAEF6535-4D08-4538-89DC-EE56176F6803}.DebugQ16-HDRI|x64.Build.0 = DebugQ16-HDRI|x64
		{FAEF6535-4D08-4538-89DC-EE56176F6803}.DebugQ16-HDRI|x86.ActiveCfg = DebugQ16-HDRI|x86
		{FAEF6535-4D08-4538-89DC-EE56176F6803}.DebugQ16-HDRI|x86.Build.0 = DebugQ16-HDRI|x86
		{FAEF6535-4D08-4538-89DC-EE56176F6803}.DebugQ8|Any CPU.ActiveCfg = DebugQ8|Any CPU
		{FAEF6535-4D08-4538-89DC-EE56176F6803}.DebugQ8|x64.ActiveCfg = DebugQ8|x64
		{FAEF6535-4D08-4538-89DC-EE56176F6803}.DebugQ8|x64.Build.0 = DebugQ8|x64
		{FAEF6535-4D08-4538-89DC-EE56176F6803}.DebugQ8|x86.ActiveCfg = DebugQ8|x86
		{FAEF6535-4D08-4538-89DC-EE56176F6803}.DebugQ8|x86.Build.0 = DebugQ8|x86
		{FAEF6535-4D08-4538-89DC-EE56176F6803}.ReleaseQ16|Any CPU.ActiveCfg = ReleaseQ16|Any CPU
		{FAEF6535-4D08-4538-89DC-EE56176F6803}.ReleaseQ16|Any CPU.Build.0 = ReleaseQ16|Any CPU
		{FAEF6535-4D08-4538-89DC-EE56176F6803}.ReleaseQ16|x64.ActiveCfg = ReleaseQ16|x64
		{FAEF6535-4D08-4538-89DC-EE56176F6803}.ReleaseQ16|x64.Build.0 = ReleaseQ16|x64
		{FAEF6535-4D08-4538-89DC-EE56176F6803}.ReleaseQ16|x86.ActiveCfg = ReleaseQ16|x86
		{FAEF6535-4D08-4538-89DC-EE56176F6803}.ReleaseQ16|x86.Build.0 = ReleaseQ16|x86
		{FAEF6535-4D08-4538-89DC-EE56176F6803}.ReleaseQ16-HDRI|Any CPU.ActiveCfg = ReleaseQ16-HDRI|Any CPU
		{FAEF6535-4D08-4538-89DC-EE56176F6803}.ReleaseQ16-HDRI|Any CPU.Build.0 = ReleaseQ16-HDRI|Any CPU
		{FAEF6535-4D08-4538-89DC-EE56176F6803}.ReleaseQ16-HDRI|x64.ActiveCfg = ReleaseQ16-HDRI|x64
		{FAEF6535-4D08-4538-89DC-EE56176F6803}.ReleaseQ16-HDRI|x64.Build.0 = ReleaseQ16-HDRI|x64
		{FAEF6535-4D08-4538-89DC-EE56176F6803}.ReleaseQ16-HDRI|x86.ActiveCfg = ReleaseQ16-HDRI|x86
		{FAEF6535-4D08-4538-89DC-EE56176F6803}.ReleaseQ16-HDRI|x86.Build.0 = ReleaseQ16-HDRI|x86
		{FAEF6535-4D08-4538-89DC-EE56176F6803}.ReleaseQ8|Any CPU.ActiveCfg = ReleaseQ8|Any CPU
		{FAEF6535-4D08-4538-89DC-EE56176F6803}.ReleaseQ8|Any CPU.Build.0 = ReleaseQ8|Any CPU
		{FAEF6535-4D08-4538-89DC-EE56176F6803}.ReleaseQ8|x64.ActiveCfg = ReleaseQ8|x64
		{FAEF6535-4D08-4538-89DC-EE56176F6803}.ReleaseQ8|x64.Build.0 = ReleaseQ8|x64
		{FAEF6535-4D08-4538-89DC-EE56176F6803}.ReleaseQ8|x86.ActiveCfg = ReleaseQ8|x86
		{FAEF6535-4D08-4538-89DC-EE56176F6803}.ReleaseQ8|x86.Build.0 = ReleaseQ8|x86
		{FAEF6535-4D08-4538-89DC-EE56176F6803}.TestsQ16|Any CPU.ActiveCfg = ReleaseQ16|Any CPU
		{FAEF6535-4D08-4538-89DC-EE56176F6803}.TestsQ16|Any CPU.Build.0 = ReleaseQ16|Any CPU
		{FAEF6535-4D08-4538-89DC-EE56176F6803}.TestsQ16|x64.ActiveCfg = ReleaseQ16|x64
		{FAEF6535-4D08-4538-89DC-EE56176F6803}.TestsQ16|x64.Build.0 = ReleaseQ16|x64
		{FAEF6535-4D08-4538-89DC-EE56176F6803}.TestsQ16|x86.ActiveCfg = ReleaseQ16|x86
		{FAEF6535-4D08-4538-89DC-EE56176F6803}.TestsQ16|x86.Build.0 = ReleaseQ16|x86
		{FAEF6535-4D08-4538-89DC-EE56176F6803}.TestsQ16-HDRI|Any CPU.ActiveCfg = ReleaseQ16-HDRI|Any CPU
		{FAEF6535-4D08-4538-89DC-EE56176F6803}.TestsQ16-HDRI|Any CPU.Build.0 = ReleaseQ16-HDRI|Any CPU
		{FAEF6535-4D08-4538-89DC-EE56176F6803}.TestsQ16-HDRI|x64.ActiveCfg = ReleaseQ16-HDRI|x64
		{FAEF6535-4D08-4538-89DC-EE56176F6803}.TestsQ16-HDRI|x64.Build.0 = ReleaseQ16-HDRI|x64
		{FAEF6535-4D08-4538-89DC-EE56176F6803}.TestsQ16-HDRI|x86.ActiveCfg = ReleaseQ16-HDRI|x86
		{FAEF6535-4D08-4538-89DC-EE56176F6803}.TestsQ16-HDRI|x86.Build.0 = ReleaseQ16-HDRI|x86
		{FAEF6535-4D08-4538-89DC-EE56176F6803}.TestsQ8|Any CPU.ActiveCfg = ReleaseQ8|Any CPU
		{FAEF6535-4D08-4538-89DC-EE56176F6803}.TestsQ8|Any CPU.Build.0 = ReleaseQ8|Any CPU
		{FAEF6535-4D08-4538-89DC-EE56176F6803}.TestsQ8|x64.ActiveCfg = ReleaseQ8|x64
		{FAEF6535-4D08-4538-89DC-EE56176F6803}.TestsQ8|x64.Build.0 = ReleaseQ8|x64
		{FAEF6535-4D08-4538-89DC-EE56176F6803}.TestsQ8|x86.ActiveCfg = ReleaseQ8|x86
		{FAEF6535-4D08-4538-89DC-EE56176F6803}.TestsQ8|x86.Build.0 = ReleaseQ8|x86
		{F5A76C84-4735-4741-8534-8D38EBD3B844}.DebugQ16|Any CPU.ActiveCfg = ReleaseQ16|x86
		{F5A76C84-4735-4741-8534-8D38EBD3B844}.DebugQ16|x64.ActiveCfg = ReleaseQ16|x86
		{F5A76C84-4735-4741-8534-8D38EBD3B844}.DebugQ16|x86.ActiveCfg = ReleaseQ16|x86
		{F5A76C84-4735-4741-8534-8D38EBD3B844}.DebugQ16-HDRI|Any CPU.ActiveCfg = ReleaseQ16|x86
		{F5A76C84-4735-4741-8534-8D38EBD3B844}.DebugQ16-HDRI|x64.ActiveCfg = ReleaseQ16|x86
		{F5A76C84-4735-4741-8534-8D38EBD3B844}.DebugQ16-HDRI|x86.ActiveCfg = ReleaseQ16|x86
		{F5A76C84-4735-4741-8534-8D38EBD3B844}.DebugQ8|Any CPU.ActiveCfg = ReleaseQ16|x86
		{F5A76C84-4735-4741-8534-8D38EBD3B844}.DebugQ8|x64.ActiveCfg = ReleaseQ16|x86
		{F5A76C84-4735-4741-8534-8D38EBD3B844}.DebugQ8|x86.ActiveCfg = ReleaseQ16|x86
		{F5A76C84-4735-4741-8534-8D38EBD3B844}.ReleaseQ16|Any CPU.ActiveCfg = ReleaseQ16|x86
		{F5A76C84-4735-4741-8534-8D38EBD3B844}.ReleaseQ16|x64.ActiveCfg = ReleaseQ16|x86
		{F5A76C84-4735-4741-8534-8D38EBD3B844}.ReleaseQ16|x86.ActiveCfg = ReleaseQ16|x86
		{F5A76C84-4735-4741-8534-8D38EBD3B844}.ReleaseQ16|x86.Build.0 = ReleaseQ16|x86
		{F5A76C84-4735-4741-8534-8D38EBD3B844}.ReleaseQ16-HDRI|Any CPU.ActiveCfg = ReleaseQ16|x86
		{F5A76C84-4735-4741-8534-8D38EBD3B844}.ReleaseQ16-HDRI|x64.ActiveCfg = ReleaseQ16|x86
		{F5A76C84-4735-4741-8534-8D38EBD3B844}.ReleaseQ16-HDRI|x86.ActiveCfg = ReleaseQ16|x86
		{F5A76C84-4735-4741-8534-8D38EBD3B844}.ReleaseQ8|Any CPU.ActiveCfg = ReleaseQ16|x86
		{F5A76C84-4735-4741-8534-8D38EBD3B844}.ReleaseQ8|x64.ActiveCfg = ReleaseQ16|x86
		{F5A76C84-4735-4741-8534-8D38EBD3B844}.ReleaseQ8|x86.ActiveCfg = ReleaseQ16|x86
		{F5A76C84-4735-4741-8534-8D38EBD3B844}.TestsQ16|Any CPU.ActiveCfg = ReleaseQ16|x86
		{F5A76C84-4735-4741-8534-8D38EBD3B844}.TestsQ16|x64.ActiveCfg = ReleaseQ16|x86
		{F5A76C84-4735-4741-8534-8D38EBD3B844}.TestsQ16|x64.Build.0 = ReleaseQ16|x86
		{F5A76C84-4735-4741-8534-8D38EBD3B844}.TestsQ16|x86.ActiveCfg = ReleaseQ16|x86
		{F5A76C84-4735-4741-8534-8D38EBD3B844}.TestsQ16|x86.Build.0 = ReleaseQ16|x86
		{F5A76C84-4735-4741-8534-8D38EBD3B844}.TestsQ16-HDRI|Any CPU.ActiveCfg = ReleaseQ16|x86
		{F5A76C84-4735-4741-8534-8D38EBD3B844}.TestsQ16-HDRI|x64.ActiveCfg = ReleaseQ16|x86
		{F5A76C84-4735-4741-8534-8D38EBD3B844}.TestsQ16-HDRI|x86.ActiveCfg = ReleaseQ16|x86
		{F5A76C84-4735-4741-8534-8D38EBD3B844}.TestsQ8|Any CPU.ActiveCfg = ReleaseQ16|x86
		{F5A76C84-4735-4741-8534-8D38EBD3B844}.TestsQ8|x64.ActiveCfg = ReleaseQ16|x86
		{F5A76C84-4735-4741-8534-8D38EBD3B844}.TestsQ8|x86.ActiveCfg = ReleaseQ16|x86
	EndGlobalSection
	GlobalSection(SolutionProperties) = preSolution
		HideSolutionNode = FALSE
	EndGlobalSection
	GlobalSection(NestedProjects) = preSolution
		{8375C997-426E-4E39-AFFF-FFE8D97CB328} = {642B2576-373D-4B84-A3C0-F6F9AC2A23D5}
		{51C291AD-9793-4FE4-A5AD-6ECA2E27521A} = {642B2576-373D-4B84-A3C0-F6F9AC2A23D5}
		{AE557530-5126-4B61-B2DD-4C28BC05C391} = {8375C997-426E-4E39-AFFF-FFE8D97CB328}
		{26CCDA13-7FA2-42A0-9944-FA727533FF55} = {8375C997-426E-4E39-AFFF-FFE8D97CB328}
		{EE2D8A24-038F-4609-B258-08FB13D59DB0} = {11769011-307E-4D06-8023-4BA1C1FAE3AB}
		{0B4E3960-67CD-4C97-B1C5-D34F44A6BAF5} = {11769011-307E-4D06-8023-4BA1C1FAE3AB}
	EndGlobalSection
EndGlobal
