
Microsoft Visual Studio Solution File, Format Version 12.00
# Visual Studio 2012
Project("{FAE04EC0-301F-11D3-BF4B-00C04F79EFBC}") = "Magick.NET.AnyCPU", "Magick.NET.AnyCPU\Magick.NET.AnyCPU.csproj", "{4821793C-60F1-4D7A-A8F9-A566A70744B7}"
EndProject
Project("{FAE04EC0-301F-11D3-BF4B-00C04F79EFBC}") = "Magick.NET.Tests.AnyCPU", "Magick.NET.Tests\Magick.NET.Tests.AnyCPU.csproj", "{C34FB9EF-028A-4190-91AF-6FBD3EC78DAF}"
EndProject
Project("{FAE04EC0-301F-11D3-BF4B-00C04F79EFBC}") = "Magick.NET.Web.AnyCPU", "Magick.NET.Web\Magick.NET.Web.AnyCPU.csproj", "{FAEF6535-4D08-4538-89DC-EE56176F6803}"
EndProject
Global
	GlobalSection(SolutionConfigurationPlatforms) = preSolution
		ReleaseQ16|AnyCPU = ReleaseQ16|AnyCPU
		ReleaseQ8|AnyCPU = ReleaseQ8|AnyCPU
		TestsQ16|AnyCPU = TestsQ16|AnyCPU
		TestsQ8|AnyCPU = TestsQ8|AnyCPU
	EndGlobalSection
	GlobalSection(ProjectConfigurationPlatforms) = postSolution
		{4821793C-60F1-4D7A-A8F9-A566A70744B7}.ReleaseQ16|AnyCPU.ActiveCfg = ReleaseQ16|Any CPU
		{4821793C-60F1-4D7A-A8F9-A566A70744B7}.ReleaseQ16|AnyCPU.Build.0 = ReleaseQ16|Any CPU
		{4821793C-60F1-4D7A-A8F9-A566A70744B7}.ReleaseQ8|AnyCPU.ActiveCfg = ReleaseQ8|Any CPU
		{4821793C-60F1-4D7A-A8F9-A566A70744B7}.ReleaseQ8|AnyCPU.Build.0 = ReleaseQ8|Any CPU
		{4821793C-60F1-4D7A-A8F9-A566A70744B7}.TestsQ16|AnyCPU.ActiveCfg = ReleaseQ16|Any CPU
		{4821793C-60F1-4D7A-A8F9-A566A70744B7}.TestsQ16|AnyCPU.Build.0 = ReleaseQ16|Any CPU
		{4821793C-60F1-4D7A-A8F9-A566A70744B7}.TestsQ8|AnyCPU.ActiveCfg = ReleaseQ8|Any CPU
		{4821793C-60F1-4D7A-A8F9-A566A70744B7}.TestsQ8|AnyCPU.Build.0 = ReleaseQ8|Any CPU
		{C34FB9EF-028A-4190-91AF-6FBD3EC78DAF}.ReleaseQ16|AnyCPU.ActiveCfg = ReleaseQ16|x86
		{C34FB9EF-028A-4190-91AF-6FBD3EC78DAF}.ReleaseQ8|AnyCPU.ActiveCfg = ReleaseQ8|x86
		{C34FB9EF-028A-4190-91AF-6FBD3EC78DAF}.TestsQ16|AnyCPU.ActiveCfg = ReleaseQ16|x86
		{C34FB9EF-028A-4190-91AF-6FBD3EC78DAF}.TestsQ16|AnyCPU.Build.0 = ReleaseQ16|x86
		{C34FB9EF-028A-4190-91AF-6FBD3EC78DAF}.TestsQ8|AnyCPU.ActiveCfg = ReleaseQ8|x86
		{C34FB9EF-028A-4190-91AF-6FBD3EC78DAF}.TestsQ8|AnyCPU.Build.0 = ReleaseQ8|x86
		{FAEF6535-4D08-4538-89DC-EE56176F6803}.ReleaseQ16|AnyCPU.ActiveCfg = ReleaseQ16|Any CPU
		{FAEF6535-4D08-4538-89DC-EE56176F6803}.ReleaseQ16|AnyCPU.Build.0 = ReleaseQ16|Any CPU
		{FAEF6535-4D08-4538-89DC-EE56176F6803}.ReleaseQ8|AnyCPU.ActiveCfg = ReleaseQ8|Any CPU
		{FAEF6535-4D08-4538-89DC-EE56176F6803}.ReleaseQ8|AnyCPU.Build.0 = ReleaseQ8|Any CPU
		{FAEF6535-4D08-4538-89DC-EE56176F6803}.TestsQ16|AnyCPU.ActiveCfg = ReleaseQ16|Any CPU
		{FAEF6535-4D08-4538-89DC-EE56176F6803}.TestsQ16|AnyCPU.Build.0 = ReleaseQ16|Any CPU
		{FAEF6535-4D08-4538-89DC-EE56176F6803}.TestsQ8|AnyCPU.ActiveCfg = ReleaseQ8|Any CPU
		{FAEF6535-4D08-4538-89DC-EE56176F6803}.TestsQ8|AnyCPU.Build.0 = ReleaseQ8|Any CPU
	EndGlobalSection
	GlobalSection(SolutionProperties) = preSolution
		HideSolutionNode = FALSE
	EndGlobalSection
EndGlobal
