
Microsoft Visual Studio Solution File, Format Version 12.00
# Visual Studio 15
VisualStudioVersion = 15.0.27130.2036
MinimumVisualStudioVersion = 10.0.40219.1
Project("{9A19103F-16F7-4668-BE54-9A1E7A4F7556}") = "Magick.NET", "Source\Magick.NET\Magick.NET.csproj", "{DAAE3844-6435-4912-8F69-9F7A9242B4AC}"
	ProjectSection(ProjectDependencies) = postProject
		{74E62AD0-D2F5-41F0-97A7-2D1E8BDE595A} = {74E62AD0-D2F5-41F0-97A7-2D1E8BDE595A}
	EndProjectSection
EndProject
Project("{8BC9CEB8-8B4A-11D0-8D11-00A0C91BC942}") = "Magick.NET.Native", "Source\Magick.NET.Native\Magick.NET.Native.vcxproj", "{74E62AD0-D2F5-41F0-97A7-2D1E8BDE595A}"
EndProject
Project("{9A19103F-16F7-4668-BE54-9A1E7A4F7556}") = "Magick.NET.Tests", "Tests\Magick.NET.Tests\Magick.NET.Tests.csproj", "{C34FB9EF-028A-4190-91AF-6FBD3EC78DAF}"
EndProject
Project("{9A19103F-16F7-4668-BE54-9A1E7A4F7556}") = "Magick.NET.Web", "Source\Magick.NET.Web\Magick.NET.Web.csproj", "{FAEF6535-4D08-4538-89DC-EE56176F6803}"
EndProject
Project("{FAE04EC0-301F-11D3-BF4B-00C04F79EFBC}") = "Magick.NET.Samples", "Samples\Magick.NET.Samples\Magick.NET.Samples.csproj", "{F5A76C84-4735-4741-8534-8D38EBD3B844}"
EndProject
Project("{2150E333-8FDC-42A3-9474-1A3956D46DE8}") = "Tools", "Tools", "{642B2576-373D-4B84-A3C0-F6F9AC2A23D5}"
	ProjectSection(SolutionItems) = preProject
		Tools\GenerateAnyCPU.cmd = Tools\GenerateAnyCPU.cmd
		Tools\GenerateDrawables.cmd = Tools\GenerateDrawables.cmd
		Tools\GenerateMagickColors.cmd = Tools\GenerateMagickColors.cmd
		Tools\GenerateMagickScript.cmd = Tools\GenerateMagickScript.cmd
		Tools\GenerateNative.cmd = Tools\GenerateNative.cmd
		Tools\VsDevCmd.cmd = Tools\VsDevCmd.cmd
	EndProjectSection
EndProject
Project("{2150E333-8FDC-42A3-9474-1A3956D46DE8}") = "Scripts", "Scripts", "{8375C997-426E-4E39-AFFF-FFE8D97CB328}"
	ProjectSection(SolutionItems) = preProject
		Tools\Scripts\AnyCPU.ps1 = Tools\Scripts\AnyCPU.ps1
		Tools\Scripts\BuildCrossPlatform.ps1 = Tools\Scripts\BuildCrossPlatform.ps1
		Tools\Scripts\BuildLibraries.ps1 = Tools\Scripts\BuildLibraries.ps1
		Tools\Scripts\GenerateDrawables.ps1 = Tools\Scripts\GenerateDrawables.ps1
		Tools\Scripts\GenerateLibrariesDoc.ps1 = Tools\Scripts\GenerateLibrariesDoc.ps1
		Tools\Scripts\GenerateMagickColors.ps1 = Tools\Scripts\GenerateMagickColors.ps1
		Tools\Scripts\GenerateMagickScript.ps1 = Tools\Scripts\GenerateMagickScript.ps1
		Tools\Scripts\GenerateNative.ps1 = Tools\Scripts\GenerateNative.ps1
		Tools\Scripts\Publish.ps1 = Tools\Scripts\Publish.ps1
	EndProjectSection
EndProject
Project("{2150E333-8FDC-42A3-9474-1A3956D46DE8}") = "AppVeyor", "AppVeyor", "{51C291AD-9793-4FE4-A5AD-6ECA2E27521A}"
	ProjectSection(SolutionItems) = preProject
		Tools\AppVeyor\Build.cmd = Tools\AppVeyor\Build.cmd
		Tools\AppVeyor\CodeCoverage.cmd = Tools\AppVeyor\CodeCoverage.cmd
		Tools\AppVeyor\Install.cmd = Tools\AppVeyor\Install.cmd
		Tools\AppVeyor\Publish.cmd = Tools\AppVeyor\Publish.cmd
		Tools\AppVeyor\Test.cmd = Tools\AppVeyor\Test.cmd
	EndProjectSection
EndProject
Project("{2150E333-8FDC-42A3-9474-1A3956D46DE8}") = "AppVeyor", "AppVeyor", "{AE557530-5126-4B61-B2DD-4C28BC05C391}"
	ProjectSection(SolutionItems) = preProject
		Tools\Scripts\AppVeyor\Build.ps1 = Tools\Scripts\AppVeyor\Build.ps1
		Tools\Scripts\AppVeyor\InstallGhostscript.ps1 = Tools\Scripts\AppVeyor\InstallGhostscript.ps1
		Tools\Scripts\AppVeyor\Publish.ps1 = Tools\Scripts\AppVeyor\Publish.ps1
	EndProjectSection
EndProject
Project("{2150E333-8FDC-42A3-9474-1A3956D46DE8}") = "Shared", "Shared", "{26CCDA13-7FA2-42A0-9944-FA727533FF55}"
	ProjectSection(SolutionItems) = preProject
		Tools\Scripts\Shared\Build.ps1 = Tools\Scripts\Shared\Build.ps1
		Tools\Scripts\Shared\Config.ps1 = Tools\Scripts\Shared\Config.ps1
		Tools\Scripts\Shared\FileGenerator.ps1 = Tools\Scripts\Shared\FileGenerator.ps1
		Tools\Scripts\Shared\Functions.ps1 = Tools\Scripts\Shared\Functions.ps1
		Tools\Scripts\Shared\GzipAssembly.ps1 = Tools\Scripts\Shared\GzipAssembly.ps1
		Tools\Scripts\Shared\Publish.ps1 = Tools\Scripts\Shared\Publish.ps1
	EndProjectSection
EndProject
Project("{2150E333-8FDC-42A3-9474-1A3956D46DE8}") = "ImageMagick", "ImageMagick", "{11769011-307E-4D06-8023-4BA1C1FAE3AB}"
	ProjectSection(SolutionItems) = preProject
		ImageMagick\Source\BuildAll.cmd = ImageMagick\Source\BuildAll.cmd
		ImageMagick\Source\Checkout.cmd = ImageMagick\Source\Checkout.cmd
		ImageMagick\Source\Checkout.sh = ImageMagick\Source\Checkout.sh
		ImageMagick\CopyLibsFromDropbox.cmd = ImageMagick\CopyLibsFromDropbox.cmd
		ImageMagick\CopyLibsToDropbox.cmd = ImageMagick\CopyLibsToDropbox.cmd
		ImageMagick\Source\ImageMagick.commit = ImageMagick\Source\ImageMagick.commit
	EndProjectSection
EndProject
Project("{2150E333-8FDC-42A3-9474-1A3956D46DE8}") = "Debug", "Debug", "{EE2D8A24-038F-4609-B258-08FB13D59DB0}"
	ProjectSection(SolutionItems) = preProject
		ImageMagick\Source\Debug\Build.Q16-HDRI.x64.cmd = ImageMagick\Source\Debug\Build.Q16-HDRI.x64.cmd
		ImageMagick\Source\Debug\Build.Q16-HDRI.x86.cmd = ImageMagick\Source\Debug\Build.Q16-HDRI.x86.cmd
		ImageMagick\Source\Debug\Build.Q16.x64.cmd = ImageMagick\Source\Debug\Build.Q16.x64.cmd
		ImageMagick\Source\Debug\Build.Q16.x86.cmd = ImageMagick\Source\Debug\Build.Q16.x86.cmd
		ImageMagick\Source\Debug\Build.Q8.x64.cmd = ImageMagick\Source\Debug\Build.Q8.x64.cmd
		ImageMagick\Source\Debug\Build.Q8.x86.cmd = ImageMagick\Source\Debug\Build.Q8.x86.cmd
	EndProjectSection
EndProject
Project("{2150E333-8FDC-42A3-9474-1A3956D46DE8}") = "Development", "Development", "{0B4E3960-67CD-4C97-B1C5-D34F44A6BAF5}"
	ProjectSection(SolutionItems) = preProject
		ImageMagick\Source\Development\Build.Q16-HDRI.x64.cmd = ImageMagick\Source\Development\Build.Q16-HDRI.x64.cmd
		ImageMagick\Source\Development\Build.Q16-HDRI.x86.cmd = ImageMagick\Source\Development\Build.Q16-HDRI.x86.cmd
		ImageMagick\Source\Development\Build.Q16.x64.cmd = ImageMagick\Source\Development\Build.Q16.x64.cmd
		ImageMagick\Source\Development\Build.Q16.x86.cmd = ImageMagick\Source\Development\Build.Q16.x86.cmd
		ImageMagick\Source\Development\Build.Q8.x64.cmd = ImageMagick\Source\Development\Build.Q8.x64.cmd
		ImageMagick\Source\Development\Build.Q8.x86.cmd = ImageMagick\Source\Development\Build.Q8.x86.cmd
	EndProjectSection
EndProject
Project("{2150E333-8FDC-42A3-9474-1A3956D46DE8}") = "Publish", "Publish", "{660486E5-ECAD-49B3-AEBB-A34953E48A72}"
	ProjectSection(SolutionItems) = preProject
		Publish\Publish.cmd = Publish\Publish.cmd
	EndProjectSection
EndProject
Project("{2150E333-8FDC-42A3-9474-1A3956D46DE8}") = "NuGet", "NuGet", "{9CFDAF8C-504E-4816-9EAD-89E48FD99E16}"
	ProjectSection(SolutionItems) = preProject
		Publish\NuGet\Magick.NET.nuspec = Publish\NuGet\Magick.NET.nuspec
		Publish\NuGet\Magick.NET.Sample.nuspec = Publish\NuGet\Magick.NET.Sample.nuspec
		Publish\NuGet\Magick.NET.targets = Publish\NuGet\Magick.NET.targets
		Publish\NuGet\Magick.NET.Web.nuspec = Publish\NuGet\Magick.NET.Web.nuspec
		Publish\NuGet\Push.cmd = Publish\NuGet\Push.cmd
		Publish\NuGet\Sample.Install.ps1 = Publish\NuGet\Sample.Install.ps1
	EndProjectSection
EndProject
Project("{2150E333-8FDC-42A3-9474-1A3956D46DE8}") = "Docs", "Docs", "{6D1DE15B-EE1E-44DF-81CC-BEA1195B5BCE}"
	ProjectSection(SolutionItems) = preProject
		Building.md = Building.md
		Readme.md = Readme.md
	EndProjectSection
EndProject
Project("{2150E333-8FDC-42A3-9474-1A3956D46DE8}") = "Documentation", "Documentation", "{26979C42-868B-4228-A4DB-C6780ED03E0D}"
	ProjectSection(SolutionItems) = preProject
		Documentation\CombiningImages.md = Documentation\CombiningImages.md
		Documentation\ConvertImage.md = Documentation\ConvertImage.md
		Documentation\ConvertPDF.md = Documentation\ConvertPDF.md
		Documentation\CrossPlatform.md = Documentation\CrossPlatform.md
		Documentation\Defines.md = Documentation\Defines.md
		Documentation\DetailedDebugInformation.md = Documentation\DetailedDebugInformation.md
		Documentation\Drawing.md = Documentation\Drawing.md
		Documentation\ExceptionHandling.md = Documentation\ExceptionHandling.md
		Documentation\ExifData.md = Documentation\ExifData.md
		Documentation\Initialization.md = Documentation\Initialization.md
		Documentation\LosslessCompression.md = Documentation\LosslessCompression.md
		Documentation\Magick.NET.Web.md = Documentation\Magick.NET.Web.md
		Documentation\MagickScript.md = Documentation\MagickScript.md
		Documentation\ReadingImages.md = Documentation\ReadingImages.md
		Documentation\Readme.md = Documentation\Readme.md
		Documentation\ReadRawImageFromCamera.md = Documentation\ReadRawImageFromCamera.md
		Documentation\ResizeImage.md = Documentation\ResizeImage.md
		Documentation\UsingColors.md = Documentation\UsingColors.md
		Documentation\Versioning.md = Documentation\Versioning.md
		Documentation\Watermark.md = Documentation\Watermark.md
	EndProjectSection
EndProject
Project("{2150E333-8FDC-42A3-9474-1A3956D46DE8}") = "Build", "Build", "{B83A96D1-8221-416D-B02B-C4D8112142CF}"
	ProjectSection(SolutionItems) = preProject
		.travis.yml = .travis.yml
		appveyor.yml = appveyor.yml
		azure-pipelines.yml = azure-pipelines.yml
		Build\CheckNative.ps1 = Build\CheckNative.ps1
		codecov.yml = codecov.yml
		Build\ImageMagick.sh = Build\ImageMagick.sh
	EndProjectSection
EndProject
Project("{2150E333-8FDC-42A3-9474-1A3956D46DE8}") = "Source", "Source", "{61345F8D-8813-4CA8-B037-2DE221FFB5D2}"
EndProject
Project("{2150E333-8FDC-42A3-9474-1A3956D46DE8}") = "Tests", "Tests", "{CADB374F-AC1D-4456-940E-2317DF1372C2}"
EndProject
Project("{2150E333-8FDC-42A3-9474-1A3956D46DE8}") = "Travis", "Travis", "{CE53D0C8-1D5B-4093-9200-53DB1FE76335}"
	ProjectSection(SolutionItems) = preProject
		Tools\Travis\Build.sh = Tools\Travis\Build.sh
	EndProjectSection
EndProject
Project("{2150E333-8FDC-42A3-9474-1A3956D46DE8}") = "Linux", "Linux", "{DCB4B8B6-AFCC-4D01-877D-F44ACFCDCE1A}"
	ProjectSection(SolutionItems) = preProject
		Build\Linux\Build.sh = Build\Linux\Build.sh
		Build\Linux\Build.yml = Build\Linux\Build.yml
		Build\Linux\RunLdd.sh = Build\Linux\RunLdd.sh
		Build\Linux\Verify.Dockerfile = Build\Linux\Verify.Dockerfile
	EndProjectSection
EndProject
Project("{2150E333-8FDC-42A3-9474-1A3956D46DE8}") = "macOS", "macOS", "{A7D84182-F969-437D-B002-5502629A628A}"
	ProjectSection(SolutionItems) = preProject
		Build\macOS\Build.sh = Build\macOS\Build.sh
		Build\macOS\Build.yml = Build\macOS\Build.yml
	EndProjectSection
EndProject
Project("{2150E333-8FDC-42A3-9474-1A3956D46DE8}") = ".github", ".github", "{4D648A8A-59E2-45A4-BEFD-44602709E044}"
	ProjectSection(SolutionItems) = preProject
		.github\CONTRIBUTING.md = .github\CONTRIBUTING.md
		.github\PULL_REQUEST_TEMPLATE.md = .github\PULL_REQUEST_TEMPLATE.md
	EndProjectSection
EndProject
Project("{2150E333-8FDC-42A3-9474-1A3956D46DE8}") = "ISSUE_TEMPLATE", "ISSUE_TEMPLATE", "{E9C7E93D-93C8-43FF-9D16-9B562F9310EA}"
	ProjectSection(SolutionItems) = preProject
		.github\ISSUE_TEMPLATE\ask-question.md = .github\ISSUE_TEMPLATE\ask-question.md
		.github\ISSUE_TEMPLATE\bug-report.md = .github\ISSUE_TEMPLATE\bug-report.md
		.github\ISSUE_TEMPLATE\feature-request.md = .github\ISSUE_TEMPLATE\feature-request.md
	EndProjectSection
EndProject
Global
	GlobalSection(SolutionConfigurationPlatforms) = preSolution
		DebugQ16|Any CPU = DebugQ16|Any CPU
		DebugQ16|x64 = DebugQ16|x64
		DebugQ16|x86 = DebugQ16|x86
		DebugQ16-HDRI|Any CPU = DebugQ16-HDRI|Any CPU
		DebugQ16-HDRI|x64 = DebugQ16-HDRI|x64
		DebugQ16-HDRI|x86 = DebugQ16-HDRI|x86
		DebugQ8|Any CPU = DebugQ8|Any CPU
		DebugQ8|x64 = DebugQ8|x64
		DebugQ8|x86 = DebugQ8|x86
		OpenMP-ReleaseQ16|Any CPU = OpenMP-ReleaseQ16|Any CPU
		OpenMP-ReleaseQ16|x64 = OpenMP-ReleaseQ16|x64
		OpenMP-ReleaseQ16|x86 = OpenMP-ReleaseQ16|x86
		OpenMP-ReleaseQ16-HDRI|Any CPU = OpenMP-ReleaseQ16-HDRI|Any CPU
		OpenMP-ReleaseQ16-HDRI|x64 = OpenMP-ReleaseQ16-HDRI|x64
		OpenMP-ReleaseQ16-HDRI|x86 = OpenMP-ReleaseQ16-HDRI|x86
		OpenMP-ReleaseQ8|Any CPU = OpenMP-ReleaseQ8|Any CPU
		OpenMP-ReleaseQ8|x64 = OpenMP-ReleaseQ8|x64
		OpenMP-ReleaseQ8|x86 = OpenMP-ReleaseQ8|x86
		ReleaseQ16|Any CPU = ReleaseQ16|Any CPU
		ReleaseQ16|x64 = ReleaseQ16|x64
		ReleaseQ16|x86 = ReleaseQ16|x86
		ReleaseQ16-HDRI|Any CPU = ReleaseQ16-HDRI|Any CPU
		ReleaseQ16-HDRI|x64 = ReleaseQ16-HDRI|x64
		ReleaseQ16-HDRI|x86 = ReleaseQ16-HDRI|x86
		ReleaseQ8|Any CPU = ReleaseQ8|Any CPU
		ReleaseQ8|x64 = ReleaseQ8|x64
		ReleaseQ8|x86 = ReleaseQ8|x86
		TestQ16|Any CPU = TestQ16|Any CPU
		TestQ16|x64 = TestQ16|x64
		TestQ16|x86 = TestQ16|x86
		TestQ16-HDRI|Any CPU = TestQ16-HDRI|Any CPU
		TestQ16-HDRI|x64 = TestQ16-HDRI|x64
		TestQ16-HDRI|x86 = TestQ16-HDRI|x86
		TestQ8|Any CPU = TestQ8|Any CPU
		TestQ8|x64 = TestQ8|x64
		TestQ8|x86 = TestQ8|x86
	EndGlobalSection
	GlobalSection(ProjectConfigurationPlatforms) = postSolution
		{DAAE3844-6435-4912-8F69-9F7A9242B4AC}.DebugQ16|Any CPU.ActiveCfg = DebugQ16|Any CPU
		{DAAE3844-6435-4912-8F69-9F7A9242B4AC}.DebugQ16|x64.ActiveCfg = DebugQ16|x64
		{DAAE3844-6435-4912-8F69-9F7A9242B4AC}.DebugQ16|x64.Build.0 = DebugQ16|x64
		{DAAE3844-6435-4912-8F69-9F7A9242B4AC}.DebugQ16|x86.ActiveCfg = DebugQ16|x86
		{DAAE3844-6435-4912-8F69-9F7A9242B4AC}.DebugQ16|x86.Build.0 = DebugQ16|x86
		{DAAE3844-6435-4912-8F69-9F7A9242B4AC}.DebugQ16-HDRI|Any CPU.ActiveCfg = DebugQ16-HDRI|Any CPU
		{DAAE3844-6435-4912-8F69-9F7A9242B4AC}.DebugQ16-HDRI|x64.ActiveCfg = DebugQ16-HDRI|x64
		{DAAE3844-6435-4912-8F69-9F7A9242B4AC}.DebugQ16-HDRI|x64.Build.0 = DebugQ16-HDRI|x64
		{DAAE3844-6435-4912-8F69-9F7A9242B4AC}.DebugQ16-HDRI|x86.ActiveCfg = DebugQ16-HDRI|x86
		{DAAE3844-6435-4912-8F69-9F7A9242B4AC}.DebugQ16-HDRI|x86.Build.0 = DebugQ16-HDRI|x86
		{DAAE3844-6435-4912-8F69-9F7A9242B4AC}.DebugQ8|Any CPU.ActiveCfg = DebugQ8|Any CPU
		{DAAE3844-6435-4912-8F69-9F7A9242B4AC}.DebugQ8|x64.ActiveCfg = DebugQ8|x64
		{DAAE3844-6435-4912-8F69-9F7A9242B4AC}.DebugQ8|x64.Build.0 = DebugQ8|x64
		{DAAE3844-6435-4912-8F69-9F7A9242B4AC}.DebugQ8|x86.ActiveCfg = DebugQ8|x86
		{DAAE3844-6435-4912-8F69-9F7A9242B4AC}.DebugQ8|x86.Build.0 = DebugQ8|x86
		{DAAE3844-6435-4912-8F69-9F7A9242B4AC}.OpenMP-ReleaseQ16|Any CPU.ActiveCfg = ReleaseQ16|Any CPU
		{DAAE3844-6435-4912-8F69-9F7A9242B4AC}.OpenMP-ReleaseQ16|Any CPU.Build.0 = ReleaseQ16|Any CPU
		{DAAE3844-6435-4912-8F69-9F7A9242B4AC}.OpenMP-ReleaseQ16|x64.ActiveCfg = ReleaseQ16|x64
		{DAAE3844-6435-4912-8F69-9F7A9242B4AC}.OpenMP-ReleaseQ16|x86.ActiveCfg = ReleaseQ16|x86
		{DAAE3844-6435-4912-8F69-9F7A9242B4AC}.OpenMP-ReleaseQ16-HDRI|Any CPU.ActiveCfg = ReleaseQ16-HDRI|Any CPU
		{DAAE3844-6435-4912-8F69-9F7A9242B4AC}.OpenMP-ReleaseQ16-HDRI|Any CPU.Build.0 = ReleaseQ16-HDRI|Any CPU
		{DAAE3844-6435-4912-8F69-9F7A9242B4AC}.OpenMP-ReleaseQ16-HDRI|x64.ActiveCfg = ReleaseQ16-HDRI|x64
		{DAAE3844-6435-4912-8F69-9F7A9242B4AC}.OpenMP-ReleaseQ16-HDRI|x86.ActiveCfg = ReleaseQ16-HDRI|x86
		{DAAE3844-6435-4912-8F69-9F7A9242B4AC}.OpenMP-ReleaseQ8|Any CPU.ActiveCfg = ReleaseQ8|Any CPU
		{DAAE3844-6435-4912-8F69-9F7A9242B4AC}.OpenMP-ReleaseQ8|Any CPU.Build.0 = ReleaseQ8|Any CPU
		{DAAE3844-6435-4912-8F69-9F7A9242B4AC}.OpenMP-ReleaseQ8|x64.ActiveCfg = ReleaseQ8|x64
		{DAAE3844-6435-4912-8F69-9F7A9242B4AC}.OpenMP-ReleaseQ8|x86.ActiveCfg = ReleaseQ8|x86
		{DAAE3844-6435-4912-8F69-9F7A9242B4AC}.ReleaseQ16|Any CPU.ActiveCfg = ReleaseQ16|Any CPU
		{DAAE3844-6435-4912-8F69-9F7A9242B4AC}.ReleaseQ16|Any CPU.Build.0 = ReleaseQ16|Any CPU
		{DAAE3844-6435-4912-8F69-9F7A9242B4AC}.ReleaseQ16|x64.ActiveCfg = ReleaseQ16|x64
		{DAAE3844-6435-4912-8F69-9F7A9242B4AC}.ReleaseQ16|x64.Build.0 = ReleaseQ16|x64
		{DAAE3844-6435-4912-8F69-9F7A9242B4AC}.ReleaseQ16|x86.ActiveCfg = ReleaseQ16|x86
		{DAAE3844-6435-4912-8F69-9F7A9242B4AC}.ReleaseQ16|x86.Build.0 = ReleaseQ16|x86
		{DAAE3844-6435-4912-8F69-9F7A9242B4AC}.ReleaseQ16-HDRI|Any CPU.ActiveCfg = ReleaseQ16-HDRI|Any CPU
		{DAAE3844-6435-4912-8F69-9F7A9242B4AC}.ReleaseQ16-HDRI|Any CPU.Build.0 = ReleaseQ16-HDRI|Any CPU
		{DAAE3844-6435-4912-8F69-9F7A9242B4AC}.ReleaseQ16-HDRI|x64.ActiveCfg = ReleaseQ16-HDRI|x64
		{DAAE3844-6435-4912-8F69-9F7A9242B4AC}.ReleaseQ16-HDRI|x64.Build.0 = ReleaseQ16-HDRI|x64
		{DAAE3844-6435-4912-8F69-9F7A9242B4AC}.ReleaseQ16-HDRI|x86.ActiveCfg = ReleaseQ16-HDRI|x86
		{DAAE3844-6435-4912-8F69-9F7A9242B4AC}.ReleaseQ16-HDRI|x86.Build.0 = ReleaseQ16-HDRI|x86
		{DAAE3844-6435-4912-8F69-9F7A9242B4AC}.ReleaseQ8|Any CPU.ActiveCfg = ReleaseQ8|Any CPU
		{DAAE3844-6435-4912-8F69-9F7A9242B4AC}.ReleaseQ8|Any CPU.Build.0 = ReleaseQ8|Any CPU
		{DAAE3844-6435-4912-8F69-9F7A9242B4AC}.ReleaseQ8|x64.ActiveCfg = ReleaseQ8|x64
		{DAAE3844-6435-4912-8F69-9F7A9242B4AC}.ReleaseQ8|x64.Build.0 = ReleaseQ8|x64
		{DAAE3844-6435-4912-8F69-9F7A9242B4AC}.ReleaseQ8|x86.ActiveCfg = ReleaseQ8|x86
		{DAAE3844-6435-4912-8F69-9F7A9242B4AC}.ReleaseQ8|x86.Build.0 = ReleaseQ8|x86
		{DAAE3844-6435-4912-8F69-9F7A9242B4AC}.TestQ16|Any CPU.ActiveCfg = TestQ16|Any CPU
		{DAAE3844-6435-4912-8F69-9F7A9242B4AC}.TestQ16|Any CPU.Build.0 = TestQ16|Any CPU
		{DAAE3844-6435-4912-8F69-9F7A9242B4AC}.TestQ16|x64.ActiveCfg = TestQ16|x64
		{DAAE3844-6435-4912-8F69-9F7A9242B4AC}.TestQ16|x64.Build.0 = TestQ16|x64
		{DAAE3844-6435-4912-8F69-9F7A9242B4AC}.TestQ16|x86.ActiveCfg = TestQ16|x86
		{DAAE3844-6435-4912-8F69-9F7A9242B4AC}.TestQ16|x86.Build.0 = TestQ16|x86
		{DAAE3844-6435-4912-8F69-9F7A9242B4AC}.TestQ16-HDRI|Any CPU.ActiveCfg = TestQ16-HDRI|Any CPU
		{DAAE3844-6435-4912-8F69-9F7A9242B4AC}.TestQ16-HDRI|Any CPU.Build.0 = TestQ16-HDRI|Any CPU
		{DAAE3844-6435-4912-8F69-9F7A9242B4AC}.TestQ16-HDRI|x64.ActiveCfg = TestQ16-HDRI|x64
		{DAAE3844-6435-4912-8F69-9F7A9242B4AC}.TestQ16-HDRI|x64.Build.0 = TestQ16-HDRI|x64
		{DAAE3844-6435-4912-8F69-9F7A9242B4AC}.TestQ16-HDRI|x86.ActiveCfg = TestQ16-HDRI|x86
		{DAAE3844-6435-4912-8F69-9F7A9242B4AC}.TestQ16-HDRI|x86.Build.0 = TestQ16-HDRI|x86
		{DAAE3844-6435-4912-8F69-9F7A9242B4AC}.TestQ8|Any CPU.ActiveCfg = TestQ8|Any CPU
		{DAAE3844-6435-4912-8F69-9F7A9242B4AC}.TestQ8|Any CPU.Build.0 = TestQ8|Any CPU
		{DAAE3844-6435-4912-8F69-9F7A9242B4AC}.TestQ8|x64.ActiveCfg = TestQ8|x64
		{DAAE3844-6435-4912-8F69-9F7A9242B4AC}.TestQ8|x64.Build.0 = TestQ8|x64
		{DAAE3844-6435-4912-8F69-9F7A9242B4AC}.TestQ8|x86.ActiveCfg = TestQ8|x86
		{DAAE3844-6435-4912-8F69-9F7A9242B4AC}.TestQ8|x86.Build.0 = TestQ8|x86
		{74E62AD0-D2F5-41F0-97A7-2D1E8BDE595A}.DebugQ16|Any CPU.ActiveCfg = DebugQ16|x64
		{74E62AD0-D2F5-41F0-97A7-2D1E8BDE595A}.DebugQ16|x64.ActiveCfg = DebugQ16|x64
		{74E62AD0-D2F5-41F0-97A7-2D1E8BDE595A}.DebugQ16|x64.Build.0 = DebugQ16|x64
		{74E62AD0-D2F5-41F0-97A7-2D1E8BDE595A}.DebugQ16|x86.ActiveCfg = DebugQ16|Win32
		{74E62AD0-D2F5-41F0-97A7-2D1E8BDE595A}.DebugQ16|x86.Build.0 = DebugQ16|Win32
		{74E62AD0-D2F5-41F0-97A7-2D1E8BDE595A}.DebugQ16-HDRI|Any CPU.ActiveCfg = DebugQ16-HDRI|x64
		{74E62AD0-D2F5-41F0-97A7-2D1E8BDE595A}.DebugQ16-HDRI|x64.ActiveCfg = DebugQ16-HDRI|x64
		{74E62AD0-D2F5-41F0-97A7-2D1E8BDE595A}.DebugQ16-HDRI|x64.Build.0 = DebugQ16-HDRI|x64
		{74E62AD0-D2F5-41F0-97A7-2D1E8BDE595A}.DebugQ16-HDRI|x86.ActiveCfg = DebugQ16-HDRI|Win32
		{74E62AD0-D2F5-41F0-97A7-2D1E8BDE595A}.DebugQ16-HDRI|x86.Build.0 = DebugQ16-HDRI|Win32
		{74E62AD0-D2F5-41F0-97A7-2D1E8BDE595A}.DebugQ8|Any CPU.ActiveCfg = DebugQ8|x64
		{74E62AD0-D2F5-41F0-97A7-2D1E8BDE595A}.DebugQ8|x64.ActiveCfg = DebugQ8|x64
		{74E62AD0-D2F5-41F0-97A7-2D1E8BDE595A}.DebugQ8|x64.Build.0 = DebugQ8|x64
		{74E62AD0-D2F5-41F0-97A7-2D1E8BDE595A}.DebugQ8|x86.ActiveCfg = DebugQ8|Win32
		{74E62AD0-D2F5-41F0-97A7-2D1E8BDE595A}.DebugQ8|x86.Build.0 = DebugQ8|Win32
		{74E62AD0-D2F5-41F0-97A7-2D1E8BDE595A}.OpenMP-ReleaseQ16|Any CPU.ActiveCfg = ReleaseQ16|x64
		{74E62AD0-D2F5-41F0-97A7-2D1E8BDE595A}.OpenMP-ReleaseQ16|x64.ActiveCfg = OpenMP-ReleaseQ16|x64
		{74E62AD0-D2F5-41F0-97A7-2D1E8BDE595A}.OpenMP-ReleaseQ16|x64.Build.0 = OpenMP-ReleaseQ16|x64
		{74E62AD0-D2F5-41F0-97A7-2D1E8BDE595A}.OpenMP-ReleaseQ16|x86.ActiveCfg = ReleaseQ8|Win32
		{74E62AD0-D2F5-41F0-97A7-2D1E8BDE595A}.OpenMP-ReleaseQ16-HDRI|Any CPU.ActiveCfg = ReleaseQ16-HDRI|x64
		{74E62AD0-D2F5-41F0-97A7-2D1E8BDE595A}.OpenMP-ReleaseQ16-HDRI|x64.ActiveCfg = OpenMP-ReleaseQ16-HDRI|x64
		{74E62AD0-D2F5-41F0-97A7-2D1E8BDE595A}.OpenMP-ReleaseQ16-HDRI|x64.Build.0 = OpenMP-ReleaseQ16-HDRI|x64
		{74E62AD0-D2F5-41F0-97A7-2D1E8BDE595A}.OpenMP-ReleaseQ16-HDRI|x86.ActiveCfg = ReleaseQ16-HDRI|Win32
		{74E62AD0-D2F5-41F0-97A7-2D1E8BDE595A}.OpenMP-ReleaseQ8|Any CPU.ActiveCfg = ReleaseQ8|x64
		{74E62AD0-D2F5-41F0-97A7-2D1E8BDE595A}.OpenMP-ReleaseQ8|x64.ActiveCfg = OpenMP-ReleaseQ8|x64
		{74E62AD0-D2F5-41F0-97A7-2D1E8BDE595A}.OpenMP-ReleaseQ8|x64.Build.0 = OpenMP-ReleaseQ8|x64
		{74E62AD0-D2F5-41F0-97A7-2D1E8BDE595A}.OpenMP-ReleaseQ8|x86.ActiveCfg = ReleaseQ8|Win32
		{74E62AD0-D2F5-41F0-97A7-2D1E8BDE595A}.ReleaseQ16|Any CPU.ActiveCfg = ReleaseQ16|x64
		{74E62AD0-D2F5-41F0-97A7-2D1E8BDE595A}.ReleaseQ16|x64.ActiveCfg = ReleaseQ16|x64
		{74E62AD0-D2F5-41F0-97A7-2D1E8BDE595A}.ReleaseQ16|x64.Build.0 = ReleaseQ16|x64
		{74E62AD0-D2F5-41F0-97A7-2D1E8BDE595A}.ReleaseQ16|x86.ActiveCfg = ReleaseQ16|Win32
		{74E62AD0-D2F5-41F0-97A7-2D1E8BDE595A}.ReleaseQ16|x86.Build.0 = ReleaseQ16|Win32
		{74E62AD0-D2F5-41F0-97A7-2D1E8BDE595A}.ReleaseQ16-HDRI|Any CPU.ActiveCfg = ReleaseQ16-HDRI|x64
		{74E62AD0-D2F5-41F0-97A7-2D1E8BDE595A}.ReleaseQ16-HDRI|x64.ActiveCfg = ReleaseQ16-HDRI|x64
		{74E62AD0-D2F5-41F0-97A7-2D1E8BDE595A}.ReleaseQ16-HDRI|x64.Build.0 = ReleaseQ16-HDRI|x64
		{74E62AD0-D2F5-41F0-97A7-2D1E8BDE595A}.ReleaseQ16-HDRI|x86.ActiveCfg = ReleaseQ16-HDRI|Win32
		{74E62AD0-D2F5-41F0-97A7-2D1E8BDE595A}.ReleaseQ16-HDRI|x86.Build.0 = ReleaseQ16-HDRI|Win32
		{74E62AD0-D2F5-41F0-97A7-2D1E8BDE595A}.ReleaseQ8|Any CPU.ActiveCfg = ReleaseQ8|x64
		{74E62AD0-D2F5-41F0-97A7-2D1E8BDE595A}.ReleaseQ8|x64.ActiveCfg = ReleaseQ8|x64
		{74E62AD0-D2F5-41F0-97A7-2D1E8BDE595A}.ReleaseQ8|x64.Build.0 = ReleaseQ8|x64
		{74E62AD0-D2F5-41F0-97A7-2D1E8BDE595A}.ReleaseQ8|x86.ActiveCfg = ReleaseQ8|Win32
		{74E62AD0-D2F5-41F0-97A7-2D1E8BDE595A}.ReleaseQ8|x86.Build.0 = ReleaseQ8|Win32
		{74E62AD0-D2F5-41F0-97A7-2D1E8BDE595A}.TestQ16|Any CPU.ActiveCfg = ReleaseQ16|x64
		{74E62AD0-D2F5-41F0-97A7-2D1E8BDE595A}.TestQ16|x64.ActiveCfg = ReleaseQ16|x64
		{74E62AD0-D2F5-41F0-97A7-2D1E8BDE595A}.TestQ16|x64.Build.0 = ReleaseQ16|x64
		{74E62AD0-D2F5-41F0-97A7-2D1E8BDE595A}.TestQ16|x86.ActiveCfg = ReleaseQ16|Win32
		{74E62AD0-D2F5-41F0-97A7-2D1E8BDE595A}.TestQ16|x86.Build.0 = ReleaseQ16|Win32
		{74E62AD0-D2F5-41F0-97A7-2D1E8BDE595A}.TestQ16-HDRI|Any CPU.ActiveCfg = ReleaseQ16-HDRI|x64
		{74E62AD0-D2F5-41F0-97A7-2D1E8BDE595A}.TestQ16-HDRI|x64.ActiveCfg = ReleaseQ16-HDRI|x64
		{74E62AD0-D2F5-41F0-97A7-2D1E8BDE595A}.TestQ16-HDRI|x64.Build.0 = ReleaseQ16-HDRI|x64
		{74E62AD0-D2F5-41F0-97A7-2D1E8BDE595A}.TestQ16-HDRI|x86.ActiveCfg = ReleaseQ16-HDRI|Win32
		{74E62AD0-D2F5-41F0-97A7-2D1E8BDE595A}.TestQ16-HDRI|x86.Build.0 = ReleaseQ16-HDRI|Win32
		{74E62AD0-D2F5-41F0-97A7-2D1E8BDE595A}.TestQ8|Any CPU.ActiveCfg = ReleaseQ8|x64
		{74E62AD0-D2F5-41F0-97A7-2D1E8BDE595A}.TestQ8|x64.ActiveCfg = ReleaseQ8|x64
		{74E62AD0-D2F5-41F0-97A7-2D1E8BDE595A}.TestQ8|x64.Build.0 = ReleaseQ8|x64
		{74E62AD0-D2F5-41F0-97A7-2D1E8BDE595A}.TestQ8|x86.ActiveCfg = ReleaseQ8|Win32
		{74E62AD0-D2F5-41F0-97A7-2D1E8BDE595A}.TestQ8|x86.Build.0 = ReleaseQ8|Win32
		{C34FB9EF-028A-4190-91AF-6FBD3EC78DAF}.DebugQ16|Any CPU.ActiveCfg = DebugQ16|Any CPU
		{C34FB9EF-028A-4190-91AF-6FBD3EC78DAF}.DebugQ16|x64.ActiveCfg = DebugQ16|x64
		{C34FB9EF-028A-4190-91AF-6FBD3EC78DAF}.DebugQ16|x64.Build.0 = DebugQ16|x64
		{C34FB9EF-028A-4190-91AF-6FBD3EC78DAF}.DebugQ16|x86.ActiveCfg = DebugQ16|x86
		{C34FB9EF-028A-4190-91AF-6FBD3EC78DAF}.DebugQ16|x86.Build.0 = DebugQ16|x86
		{C34FB9EF-028A-4190-91AF-6FBD3EC78DAF}.DebugQ16-HDRI|Any CPU.ActiveCfg = DebugQ16-HDRI|Any CPU
		{C34FB9EF-028A-4190-91AF-6FBD3EC78DAF}.DebugQ16-HDRI|x64.ActiveCfg = DebugQ16-HDRI|x64
		{C34FB9EF-028A-4190-91AF-6FBD3EC78DAF}.DebugQ16-HDRI|x64.Build.0 = DebugQ16-HDRI|x64
		{C34FB9EF-028A-4190-91AF-6FBD3EC78DAF}.DebugQ16-HDRI|x86.ActiveCfg = DebugQ16-HDRI|x86
		{C34FB9EF-028A-4190-91AF-6FBD3EC78DAF}.DebugQ16-HDRI|x86.Build.0 = DebugQ16-HDRI|x86
		{C34FB9EF-028A-4190-91AF-6FBD3EC78DAF}.DebugQ8|Any CPU.ActiveCfg = DebugQ8|Any CPU
		{C34FB9EF-028A-4190-91AF-6FBD3EC78DAF}.DebugQ8|x64.ActiveCfg = DebugQ8|x64
		{C34FB9EF-028A-4190-91AF-6FBD3EC78DAF}.DebugQ8|x64.Build.0 = DebugQ8|x64
		{C34FB9EF-028A-4190-91AF-6FBD3EC78DAF}.DebugQ8|x86.ActiveCfg = DebugQ8|x86
		{C34FB9EF-028A-4190-91AF-6FBD3EC78DAF}.DebugQ8|x86.Build.0 = DebugQ8|x86
		{C34FB9EF-028A-4190-91AF-6FBD3EC78DAF}.OpenMP-ReleaseQ16|Any CPU.ActiveCfg = TestQ8|Any CPU
		{C34FB9EF-028A-4190-91AF-6FBD3EC78DAF}.OpenMP-ReleaseQ16|Any CPU.Build.0 = TestQ8|Any CPU
		{C34FB9EF-028A-4190-91AF-6FBD3EC78DAF}.OpenMP-ReleaseQ16|x64.ActiveCfg = DebugQ8|x64
		{C34FB9EF-028A-4190-91AF-6FBD3EC78DAF}.OpenMP-ReleaseQ16|x86.ActiveCfg = DebugQ8|x86
		{C34FB9EF-028A-4190-91AF-6FBD3EC78DAF}.OpenMP-ReleaseQ16-HDRI|Any CPU.ActiveCfg = TestQ8|Any CPU
		{C34FB9EF-028A-4190-91AF-6FBD3EC78DAF}.OpenMP-ReleaseQ16-HDRI|Any CPU.Build.0 = TestQ8|Any CPU
		{C34FB9EF-028A-4190-91AF-6FBD3EC78DAF}.OpenMP-ReleaseQ16-HDRI|x64.ActiveCfg = DebugQ8|x64
		{C34FB9EF-028A-4190-91AF-6FBD3EC78DAF}.OpenMP-ReleaseQ16-HDRI|x86.ActiveCfg = TestQ16-HDRI|x86
		{C34FB9EF-028A-4190-91AF-6FBD3EC78DAF}.OpenMP-ReleaseQ16-HDRI|x86.Build.0 = TestQ16-HDRI|x86
		{C34FB9EF-028A-4190-91AF-6FBD3EC78DAF}.OpenMP-ReleaseQ8|Any CPU.ActiveCfg = TestQ8|Any CPU
		{C34FB9EF-028A-4190-91AF-6FBD3EC78DAF}.OpenMP-ReleaseQ8|Any CPU.Build.0 = TestQ8|Any CPU
		{C34FB9EF-028A-4190-91AF-6FBD3EC78DAF}.OpenMP-ReleaseQ8|x64.ActiveCfg = DebugQ8|x64
		{C34FB9EF-028A-4190-91AF-6FBD3EC78DAF}.OpenMP-ReleaseQ8|x86.ActiveCfg = TestQ16-HDRI|x86
		{C34FB9EF-028A-4190-91AF-6FBD3EC78DAF}.OpenMP-ReleaseQ8|x86.Build.0 = TestQ16-HDRI|x86
		{C34FB9EF-028A-4190-91AF-6FBD3EC78DAF}.ReleaseQ16|Any CPU.ActiveCfg = DebugQ8|Any CPU
		{C34FB9EF-028A-4190-91AF-6FBD3EC78DAF}.ReleaseQ16|x64.ActiveCfg = DebugQ8|x64
		{C34FB9EF-028A-4190-91AF-6FBD3EC78DAF}.ReleaseQ16|x86.ActiveCfg = DebugQ8|x86
		{C34FB9EF-028A-4190-91AF-6FBD3EC78DAF}.ReleaseQ16-HDRI|Any CPU.ActiveCfg = DebugQ8|Any CPU
		{C34FB9EF-028A-4190-91AF-6FBD3EC78DAF}.ReleaseQ16-HDRI|x64.ActiveCfg = DebugQ8|x64
		{C34FB9EF-028A-4190-91AF-6FBD3EC78DAF}.ReleaseQ16-HDRI|x86.ActiveCfg = DebugQ8|x86
		{C34FB9EF-028A-4190-91AF-6FBD3EC78DAF}.ReleaseQ8|Any CPU.ActiveCfg = DebugQ8|Any CPU
		{C34FB9EF-028A-4190-91AF-6FBD3EC78DAF}.ReleaseQ8|x64.ActiveCfg = DebugQ8|x64
		{C34FB9EF-028A-4190-91AF-6FBD3EC78DAF}.ReleaseQ8|x86.ActiveCfg = DebugQ8|x86
		{C34FB9EF-028A-4190-91AF-6FBD3EC78DAF}.TestQ16|Any CPU.ActiveCfg = TestQ16|Any CPU
		{C34FB9EF-028A-4190-91AF-6FBD3EC78DAF}.TestQ16|Any CPU.Build.0 = TestQ16|Any CPU
		{C34FB9EF-028A-4190-91AF-6FBD3EC78DAF}.TestQ16|x64.ActiveCfg = TestQ16|x64
		{C34FB9EF-028A-4190-91AF-6FBD3EC78DAF}.TestQ16|x64.Build.0 = TestQ16|x64
		{C34FB9EF-028A-4190-91AF-6FBD3EC78DAF}.TestQ16|x86.ActiveCfg = TestQ16|x86
		{C34FB9EF-028A-4190-91AF-6FBD3EC78DAF}.TestQ16|x86.Build.0 = TestQ16|x86
		{C34FB9EF-028A-4190-91AF-6FBD3EC78DAF}.TestQ16-HDRI|Any CPU.ActiveCfg = TestQ16-HDRI|Any CPU
		{C34FB9EF-028A-4190-91AF-6FBD3EC78DAF}.TestQ16-HDRI|Any CPU.Build.0 = TestQ16-HDRI|Any CPU
		{C34FB9EF-028A-4190-91AF-6FBD3EC78DAF}.TestQ16-HDRI|x64.ActiveCfg = TestQ16-HDRI|x64
		{C34FB9EF-028A-4190-91AF-6FBD3EC78DAF}.TestQ16-HDRI|x64.Build.0 = TestQ16-HDRI|x64
		{C34FB9EF-028A-4190-91AF-6FBD3EC78DAF}.TestQ16-HDRI|x86.ActiveCfg = TestQ16-HDRI|x86
		{C34FB9EF-028A-4190-91AF-6FBD3EC78DAF}.TestQ16-HDRI|x86.Build.0 = TestQ16-HDRI|x86
		{C34FB9EF-028A-4190-91AF-6FBD3EC78DAF}.TestQ8|Any CPU.ActiveCfg = TestQ8|Any CPU
		{C34FB9EF-028A-4190-91AF-6FBD3EC78DAF}.TestQ8|Any CPU.Build.0 = TestQ8|Any CPU
		{C34FB9EF-028A-4190-91AF-6FBD3EC78DAF}.TestQ8|x64.ActiveCfg = TestQ8|x64
		{C34FB9EF-028A-4190-91AF-6FBD3EC78DAF}.TestQ8|x64.Build.0 = TestQ8|x64
		{C34FB9EF-028A-4190-91AF-6FBD3EC78DAF}.TestQ8|x86.ActiveCfg = TestQ8|x86
		{C34FB9EF-028A-4190-91AF-6FBD3EC78DAF}.TestQ8|x86.Build.0 = TestQ8|x86
		{FAEF6535-4D08-4538-89DC-EE56176F6803}.DebugQ16|Any CPU.ActiveCfg = DebugQ16|Any CPU
		{FAEF6535-4D08-4538-89DC-EE56176F6803}.DebugQ16|x64.ActiveCfg = DebugQ16|x64
		{FAEF6535-4D08-4538-89DC-EE56176F6803}.DebugQ16|x64.Build.0 = DebugQ16|x64
		{FAEF6535-4D08-4538-89DC-EE56176F6803}.DebugQ16|x86.ActiveCfg = DebugQ16|x86
		{FAEF6535-4D08-4538-89DC-EE56176F6803}.DebugQ16|x86.Build.0 = DebugQ16|x86
		{FAEF6535-4D08-4538-89DC-EE56176F6803}.DebugQ16-HDRI|Any CPU.ActiveCfg = DebugQ16-HDRI|Any CPU
		{FAEF6535-4D08-4538-89DC-EE56176F6803}.DebugQ16-HDRI|x64.ActiveCfg = DebugQ16-HDRI|x64
		{FAEF6535-4D08-4538-89DC-EE56176F6803}.DebugQ16-HDRI|x64.Build.0 = DebugQ16-HDRI|x64
		{FAEF6535-4D08-4538-89DC-EE56176F6803}.DebugQ16-HDRI|x86.ActiveCfg = DebugQ16-HDRI|x86
		{FAEF6535-4D08-4538-89DC-EE56176F6803}.DebugQ16-HDRI|x86.Build.0 = DebugQ16-HDRI|x86
		{FAEF6535-4D08-4538-89DC-EE56176F6803}.DebugQ8|Any CPU.ActiveCfg = DebugQ8|Any CPU
		{FAEF6535-4D08-4538-89DC-EE56176F6803}.DebugQ8|x64.ActiveCfg = DebugQ8|x64
		{FAEF6535-4D08-4538-89DC-EE56176F6803}.DebugQ8|x64.Build.0 = DebugQ8|x64
		{FAEF6535-4D08-4538-89DC-EE56176F6803}.DebugQ8|x86.ActiveCfg = DebugQ8|x86
		{FAEF6535-4D08-4538-89DC-EE56176F6803}.DebugQ8|x86.Build.0 = DebugQ8|x86
		{FAEF6535-4D08-4538-89DC-EE56176F6803}.OpenMP-ReleaseQ16|Any CPU.ActiveCfg = ReleaseQ16|Any CPU
		{FAEF6535-4D08-4538-89DC-EE56176F6803}.OpenMP-ReleaseQ16|Any CPU.Build.0 = ReleaseQ16|Any CPU
		{FAEF6535-4D08-4538-89DC-EE56176F6803}.OpenMP-ReleaseQ16|x64.ActiveCfg = ReleaseQ16|x64
		{FAEF6535-4D08-4538-89DC-EE56176F6803}.OpenMP-ReleaseQ16|x86.ActiveCfg = ReleaseQ16|x86
		{FAEF6535-4D08-4538-89DC-EE56176F6803}.OpenMP-ReleaseQ16-HDRI|Any CPU.ActiveCfg = ReleaseQ16-HDRI|Any CPU
		{FAEF6535-4D08-4538-89DC-EE56176F6803}.OpenMP-ReleaseQ16-HDRI|Any CPU.Build.0 = ReleaseQ16-HDRI|Any CPU
		{FAEF6535-4D08-4538-89DC-EE56176F6803}.OpenMP-ReleaseQ16-HDRI|x64.ActiveCfg = ReleaseQ16-HDRI|x64
		{FAEF6535-4D08-4538-89DC-EE56176F6803}.OpenMP-ReleaseQ16-HDRI|x86.ActiveCfg = ReleaseQ16-HDRI|x86
		{FAEF6535-4D08-4538-89DC-EE56176F6803}.OpenMP-ReleaseQ8|Any CPU.ActiveCfg = ReleaseQ8|Any CPU
		{FAEF6535-4D08-4538-89DC-EE56176F6803}.OpenMP-ReleaseQ8|Any CPU.Build.0 = ReleaseQ8|Any CPU
		{FAEF6535-4D08-4538-89DC-EE56176F6803}.OpenMP-ReleaseQ8|x64.ActiveCfg = ReleaseQ8|x64
		{FAEF6535-4D08-4538-89DC-EE56176F6803}.OpenMP-ReleaseQ8|x86.ActiveCfg = ReleaseQ8|x86
		{FAEF6535-4D08-4538-89DC-EE56176F6803}.ReleaseQ16|Any CPU.ActiveCfg = ReleaseQ16|Any CPU
		{FAEF6535-4D08-4538-89DC-EE56176F6803}.ReleaseQ16|Any CPU.Build.0 = ReleaseQ16|Any CPU
		{FAEF6535-4D08-4538-89DC-EE56176F6803}.ReleaseQ16|x64.ActiveCfg = ReleaseQ16|x64
		{FAEF6535-4D08-4538-89DC-EE56176F6803}.ReleaseQ16|x64.Build.0 = ReleaseQ16|x64
		{FAEF6535-4D08-4538-89DC-EE56176F6803}.ReleaseQ16|x86.ActiveCfg = ReleaseQ16|x86
		{FAEF6535-4D08-4538-89DC-EE56176F6803}.ReleaseQ16|x86.Build.0 = ReleaseQ16|x86
		{FAEF6535-4D08-4538-89DC-EE56176F6803}.ReleaseQ16-HDRI|Any CPU.ActiveCfg = ReleaseQ16-HDRI|Any CPU
		{FAEF6535-4D08-4538-89DC-EE56176F6803}.ReleaseQ16-HDRI|Any CPU.Build.0 = ReleaseQ16-HDRI|Any CPU
		{FAEF6535-4D08-4538-89DC-EE56176F6803}.ReleaseQ16-HDRI|x64.ActiveCfg = ReleaseQ16-HDRI|x64
		{FAEF6535-4D08-4538-89DC-EE56176F6803}.ReleaseQ16-HDRI|x64.Build.0 = ReleaseQ16-HDRI|x64
		{FAEF6535-4D08-4538-89DC-EE56176F6803}.ReleaseQ16-HDRI|x86.ActiveCfg = ReleaseQ16-HDRI|x86
		{FAEF6535-4D08-4538-89DC-EE56176F6803}.ReleaseQ16-HDRI|x86.Build.0 = ReleaseQ16-HDRI|x86
		{FAEF6535-4D08-4538-89DC-EE56176F6803}.ReleaseQ8|Any CPU.ActiveCfg = ReleaseQ8|Any CPU
		{FAEF6535-4D08-4538-89DC-EE56176F6803}.ReleaseQ8|Any CPU.Build.0 = ReleaseQ8|Any CPU
		{FAEF6535-4D08-4538-89DC-EE56176F6803}.ReleaseQ8|x64.ActiveCfg = ReleaseQ8|x64
		{FAEF6535-4D08-4538-89DC-EE56176F6803}.ReleaseQ8|x64.Build.0 = ReleaseQ8|x64
		{FAEF6535-4D08-4538-89DC-EE56176F6803}.ReleaseQ8|x86.ActiveCfg = ReleaseQ8|x86
		{FAEF6535-4D08-4538-89DC-EE56176F6803}.ReleaseQ8|x86.Build.0 = ReleaseQ8|x86
		{FAEF6535-4D08-4538-89DC-EE56176F6803}.TestQ16|Any CPU.ActiveCfg = TestQ16|Any CPU
		{FAEF6535-4D08-4538-89DC-EE56176F6803}.TestQ16|Any CPU.Build.0 = TestQ16|Any CPU
		{FAEF6535-4D08-4538-89DC-EE56176F6803}.TestQ16|x64.ActiveCfg = TestQ16|x64
		{FAEF6535-4D08-4538-89DC-EE56176F6803}.TestQ16|x64.Build.0 = TestQ16|x64
		{FAEF6535-4D08-4538-89DC-EE56176F6803}.TestQ16|x86.ActiveCfg = TestQ16|x86
		{FAEF6535-4D08-4538-89DC-EE56176F6803}.TestQ16|x86.Build.0 = TestQ16|x86
		{FAEF6535-4D08-4538-89DC-EE56176F6803}.TestQ16-HDRI|Any CPU.ActiveCfg = TestQ16-HDRI|Any CPU
		{FAEF6535-4D08-4538-89DC-EE56176F6803}.TestQ16-HDRI|Any CPU.Build.0 = TestQ16-HDRI|Any CPU
		{FAEF6535-4D08-4538-89DC-EE56176F6803}.TestQ16-HDRI|x64.ActiveCfg = TestQ16-HDRI|x64
		{FAEF6535-4D08-4538-89DC-EE56176F6803}.TestQ16-HDRI|x64.Build.0 = TestQ16-HDRI|x64
		{FAEF6535-4D08-4538-89DC-EE56176F6803}.TestQ16-HDRI|x86.ActiveCfg = TestQ16-HDRI|x86
		{FAEF6535-4D08-4538-89DC-EE56176F6803}.TestQ16-HDRI|x86.Build.0 = TestQ16-HDRI|x86
		{FAEF6535-4D08-4538-89DC-EE56176F6803}.TestQ8|Any CPU.ActiveCfg = TestQ8|Any CPU
		{FAEF6535-4D08-4538-89DC-EE56176F6803}.TestQ8|Any CPU.Build.0 = TestQ8|Any CPU
		{FAEF6535-4D08-4538-89DC-EE56176F6803}.TestQ8|x64.ActiveCfg = TestQ8|x64
		{FAEF6535-4D08-4538-89DC-EE56176F6803}.TestQ8|x64.Build.0 = TestQ8|x64
		{FAEF6535-4D08-4538-89DC-EE56176F6803}.TestQ8|x86.ActiveCfg = TestQ8|x86
		{FAEF6535-4D08-4538-89DC-EE56176F6803}.TestQ8|x86.Build.0 = TestQ8|x86
		{F5A76C84-4735-4741-8534-8D38EBD3B844}.DebugQ16|Any CPU.ActiveCfg = ReleaseQ16|x86
		{F5A76C84-4735-4741-8534-8D38EBD3B844}.DebugQ16|x64.ActiveCfg = ReleaseQ16|x86
		{F5A76C84-4735-4741-8534-8D38EBD3B844}.DebugQ16|x86.ActiveCfg = ReleaseQ16|x86
		{F5A76C84-4735-4741-8534-8D38EBD3B844}.DebugQ16-HDRI|Any CPU.ActiveCfg = ReleaseQ16|x86
		{F5A76C84-4735-4741-8534-8D38EBD3B844}.DebugQ16-HDRI|x64.ActiveCfg = ReleaseQ16|x86
		{F5A76C84-4735-4741-8534-8D38EBD3B844}.DebugQ16-HDRI|x86.ActiveCfg = ReleaseQ16|x86
		{F5A76C84-4735-4741-8534-8D38EBD3B844}.DebugQ8|Any CPU.ActiveCfg = ReleaseQ16|x86
		{F5A76C84-4735-4741-8534-8D38EBD3B844}.DebugQ8|x64.ActiveCfg = ReleaseQ16|x86
		{F5A76C84-4735-4741-8534-8D38EBD3B844}.DebugQ8|x86.ActiveCfg = ReleaseQ16|x86
		{F5A76C84-4735-4741-8534-8D38EBD3B844}.OpenMP-ReleaseQ16|Any CPU.ActiveCfg = ReleaseQ16|x86
		{F5A76C84-4735-4741-8534-8D38EBD3B844}.OpenMP-ReleaseQ16|x64.ActiveCfg = ReleaseQ16|x86
		{F5A76C84-4735-4741-8534-8D38EBD3B844}.OpenMP-ReleaseQ16|x86.ActiveCfg = ReleaseQ16|x86
		{F5A76C84-4735-4741-8534-8D38EBD3B844}.OpenMP-ReleaseQ16-HDRI|Any CPU.ActiveCfg = ReleaseQ16|x86
		{F5A76C84-4735-4741-8534-8D38EBD3B844}.OpenMP-ReleaseQ16-HDRI|x64.ActiveCfg = ReleaseQ16|x86
		{F5A76C84-4735-4741-8534-8D38EBD3B844}.OpenMP-ReleaseQ16-HDRI|x86.ActiveCfg = ReleaseQ16|x86
		{F5A76C84-4735-4741-8534-8D38EBD3B844}.OpenMP-ReleaseQ8|Any CPU.ActiveCfg = ReleaseQ16|x86
		{F5A76C84-4735-4741-8534-8D38EBD3B844}.OpenMP-ReleaseQ8|x64.ActiveCfg = ReleaseQ16|x86
		{F5A76C84-4735-4741-8534-8D38EBD3B844}.OpenMP-ReleaseQ8|x86.ActiveCfg = ReleaseQ16|x86
		{F5A76C84-4735-4741-8534-8D38EBD3B844}.ReleaseQ16|Any CPU.ActiveCfg = ReleaseQ16|x86
		{F5A76C84-4735-4741-8534-8D38EBD3B844}.ReleaseQ16|x64.ActiveCfg = ReleaseQ16|x86
		{F5A76C84-4735-4741-8534-8D38EBD3B844}.ReleaseQ16|x86.ActiveCfg = ReleaseQ16|x86
		{F5A76C84-4735-4741-8534-8D38EBD3B844}.ReleaseQ16|x86.Build.0 = ReleaseQ16|x86
		{F5A76C84-4735-4741-8534-8D38EBD3B844}.ReleaseQ16-HDRI|Any CPU.ActiveCfg = ReleaseQ16|x86
		{F5A76C84-4735-4741-8534-8D38EBD3B844}.ReleaseQ16-HDRI|x64.ActiveCfg = ReleaseQ16|x86
		{F5A76C84-4735-4741-8534-8D38EBD3B844}.ReleaseQ16-HDRI|x86.ActiveCfg = ReleaseQ16|x86
		{F5A76C84-4735-4741-8534-8D38EBD3B844}.ReleaseQ8|Any CPU.ActiveCfg = ReleaseQ16|x86
		{F5A76C84-4735-4741-8534-8D38EBD3B844}.ReleaseQ8|x64.ActiveCfg = ReleaseQ16|x86
		{F5A76C84-4735-4741-8534-8D38EBD3B844}.ReleaseQ8|x86.ActiveCfg = ReleaseQ16|x86
		{F5A76C84-4735-4741-8534-8D38EBD3B844}.TestQ16|Any CPU.ActiveCfg = ReleaseQ16|x86
		{F5A76C84-4735-4741-8534-8D38EBD3B844}.TestQ16|x64.ActiveCfg = ReleaseQ16|x86
		{F5A76C84-4735-4741-8534-8D38EBD3B844}.TestQ16|x86.ActiveCfg = ReleaseQ16|x86
		{F5A76C84-4735-4741-8534-8D38EBD3B844}.TestQ16|x86.Build.0 = ReleaseQ16|x86
		{F5A76C84-4735-4741-8534-8D38EBD3B844}.TestQ16-HDRI|Any CPU.ActiveCfg = ReleaseQ16|x86
		{F5A76C84-4735-4741-8534-8D38EBD3B844}.TestQ16-HDRI|x64.ActiveCfg = ReleaseQ16|x86
		{F5A76C84-4735-4741-8534-8D38EBD3B844}.TestQ16-HDRI|x86.ActiveCfg = ReleaseQ16|x86
		{F5A76C84-4735-4741-8534-8D38EBD3B844}.TestQ8|Any CPU.ActiveCfg = ReleaseQ16|x86
		{F5A76C84-4735-4741-8534-8D38EBD3B844}.TestQ8|x64.ActiveCfg = ReleaseQ16|x86
		{F5A76C84-4735-4741-8534-8D38EBD3B844}.TestQ8|x86.ActiveCfg = ReleaseQ16|x86
	EndGlobalSection
	GlobalSection(SolutionProperties) = preSolution
		HideSolutionNode = FALSE
	EndGlobalSection
	GlobalSection(NestedProjects) = preSolution
		{DAAE3844-6435-4912-8F69-9F7A9242B4AC} = {61345F8D-8813-4CA8-B037-2DE221FFB5D2}
		{74E62AD0-D2F5-41F0-97A7-2D1E8BDE595A} = {61345F8D-8813-4CA8-B037-2DE221FFB5D2}
		{C34FB9EF-028A-4190-91AF-6FBD3EC78DAF} = {CADB374F-AC1D-4456-940E-2317DF1372C2}
		{FAEF6535-4D08-4538-89DC-EE56176F6803} = {61345F8D-8813-4CA8-B037-2DE221FFB5D2}
		{F5A76C84-4735-4741-8534-8D38EBD3B844} = {61345F8D-8813-4CA8-B037-2DE221FFB5D2}
		{8375C997-426E-4E39-AFFF-FFE8D97CB328} = {642B2576-373D-4B84-A3C0-F6F9AC2A23D5}
		{51C291AD-9793-4FE4-A5AD-6ECA2E27521A} = {642B2576-373D-4B84-A3C0-F6F9AC2A23D5}
		{AE557530-5126-4B61-B2DD-4C28BC05C391} = {8375C997-426E-4E39-AFFF-FFE8D97CB328}
		{26CCDA13-7FA2-42A0-9944-FA727533FF55} = {8375C997-426E-4E39-AFFF-FFE8D97CB328}
		{EE2D8A24-038F-4609-B258-08FB13D59DB0} = {11769011-307E-4D06-8023-4BA1C1FAE3AB}
		{0B4E3960-67CD-4C97-B1C5-D34F44A6BAF5} = {11769011-307E-4D06-8023-4BA1C1FAE3AB}
		{9CFDAF8C-504E-4816-9EAD-89E48FD99E16} = {660486E5-ECAD-49B3-AEBB-A34953E48A72}
		{26979C42-868B-4228-A4DB-C6780ED03E0D} = {6D1DE15B-EE1E-44DF-81CC-BEA1195B5BCE}
		{CE53D0C8-1D5B-4093-9200-53DB1FE76335} = {642B2576-373D-4B84-A3C0-F6F9AC2A23D5}
		{DCB4B8B6-AFCC-4D01-877D-F44ACFCDCE1A} = {B83A96D1-8221-416D-B02B-C4D8112142CF}
		{A7D84182-F969-437D-B002-5502629A628A} = {B83A96D1-8221-416D-B02B-C4D8112142CF}
		{E9C7E93D-93C8-43FF-9D16-9B562F9310EA} = {4D648A8A-59E2-45A4-BEFD-44602709E044}
	EndGlobalSection
	GlobalSection(ExtensibilityGlobals) = postSolution
		SolutionGuid = {4F6887AA-E540-48B3-BDC0-068B342ABEBE}
	EndGlobalSection
EndGlobal
