
Microsoft Visual Studio Solution File, Format Version 12.00
# Visual Studio 2012
Project("{FAE04EC0-301F-11D3-BF4B-00C04F79EFBC}") = "Magick.NET.Tests.net20", "Magick.NET.Tests\Magick.NET.Tests.net20.csproj", "{C34FB9EF-028A-4190-91AF-6FBD3EC78DAF}"
EndProject
Project("{FAE04EC0-301F-11D3-BF4B-00C04F79EFBC}") = "Magick.NET.net20", "Magick.NET\Magick.NET.net20.csproj", "{DAAE3844-6435-4912-8F69-9F7A9242B4AC}"
EndProject
Project("{8BC9CEB8-8B4A-11D0-8D11-00A0C91BC942}") = "Magick.NET.Wrapper.net20", "Magick.NET.Wrapper.net20\Magick.NET.Wrapper.net20.vcxproj", "{13C84DCE-50BC-42A3-BCEC-D3BFFE3BC49E}"
EndProject
Project("{FAE04EC0-301F-11D3-BF4B-00C04F79EFBC}") = "Magick.NET.Core.net20", "Magick.NET.Core\Magick.NET.Core.net20.csproj", "{4E26F91D-80E6-406C-B0E3-8C5FA3F83E7D}"
EndProject
Global
	GlobalSection(SolutionConfigurationPlatforms) = preSolution
		ReleaseQ16|x64 = ReleaseQ16|x64
		ReleaseQ16|x86 = ReleaseQ16|x86
		ReleaseQ16-HDRI|x64 = ReleaseQ16-HDRI|x64
		ReleaseQ16-HDRI|x86 = ReleaseQ16-HDRI|x86
		ReleaseQ8|x64 = ReleaseQ8|x64
		ReleaseQ8|x86 = ReleaseQ8|x86
		TestsQ16|x64 = TestsQ16|x64
		TestsQ16|x86 = TestsQ16|x86
		TestsQ16-HDRI|x64 = TestsQ16-HDRI|x64
		TestsQ16-HDRI|x86 = TestsQ16-HDRI|x86
		TestsQ8|x64 = TestsQ8|x64
		TestsQ8|x86 = TestsQ8|x86
	EndGlobalSection
	GlobalSection(ProjectConfigurationPlatforms) = postSolution
		{C34FB9EF-028A-4190-91AF-6FBD3EC78DAF}.ReleaseQ16|x64.ActiveCfg = ReleaseQ16|x86
		{C34FB9EF-028A-4190-91AF-6FBD3EC78DAF}.ReleaseQ16|x86.ActiveCfg = ReleaseQ16|x86
		{C34FB9EF-028A-4190-91AF-6FBD3EC78DAF}.ReleaseQ16|x86.Build.0 = ReleaseQ16|x86
		{C34FB9EF-028A-4190-91AF-6FBD3EC78DAF}.ReleaseQ16-HDRI|x64.ActiveCfg = ReleaseQ16-HDRI|x86
		{C34FB9EF-028A-4190-91AF-6FBD3EC78DAF}.ReleaseQ16-HDRI|x86.ActiveCfg = ReleaseQ16-HDRI|x86
		{C34FB9EF-028A-4190-91AF-6FBD3EC78DAF}.ReleaseQ16-HDRI|x86.Build.0 = ReleaseQ16-HDRI|x86
		{C34FB9EF-028A-4190-91AF-6FBD3EC78DAF}.ReleaseQ8|x64.ActiveCfg = ReleaseQ8|x86
		{C34FB9EF-028A-4190-91AF-6FBD3EC78DAF}.ReleaseQ8|x86.ActiveCfg = ReleaseQ8|x86
		{C34FB9EF-028A-4190-91AF-6FBD3EC78DAF}.ReleaseQ8|x86.Build.0 = ReleaseQ8|x86
		{C34FB9EF-028A-4190-91AF-6FBD3EC78DAF}.TestsQ16|x64.ActiveCfg = ReleaseQ16|x86
		{C34FB9EF-028A-4190-91AF-6FBD3EC78DAF}.TestsQ16|x86.ActiveCfg = ReleaseQ16|x86
		{C34FB9EF-028A-4190-91AF-6FBD3EC78DAF}.TestsQ16|x86.Build.0 = ReleaseQ16|x86
		{C34FB9EF-028A-4190-91AF-6FBD3EC78DAF}.TestsQ16-HDRI|x64.ActiveCfg = ReleaseQ16-HDRI|x86
		{C34FB9EF-028A-4190-91AF-6FBD3EC78DAF}.TestsQ16-HDRI|x86.ActiveCfg = ReleaseQ16-HDRI|x86
		{C34FB9EF-028A-4190-91AF-6FBD3EC78DAF}.TestsQ16-HDRI|x86.Build.0 = ReleaseQ16-HDRI|x86
		{C34FB9EF-028A-4190-91AF-6FBD3EC78DAF}.TestsQ8|x64.ActiveCfg = ReleaseQ8|x86
		{C34FB9EF-028A-4190-91AF-6FBD3EC78DAF}.TestsQ8|x86.ActiveCfg = ReleaseQ8|x86
		{C34FB9EF-028A-4190-91AF-6FBD3EC78DAF}.TestsQ8|x86.Build.0 = ReleaseQ8|x86
		{DAAE3844-6435-4912-8F69-9F7A9242B4AC}.ReleaseQ16|x64.ActiveCfg = ReleaseQ16|x64
		{DAAE3844-6435-4912-8F69-9F7A9242B4AC}.ReleaseQ16|x64.Build.0 = ReleaseQ16|x64
		{DAAE3844-6435-4912-8F69-9F7A9242B4AC}.ReleaseQ16|x86.ActiveCfg = ReleaseQ16|x86
		{DAAE3844-6435-4912-8F69-9F7A9242B4AC}.ReleaseQ16|x86.Build.0 = ReleaseQ16|x86
		{DAAE3844-6435-4912-8F69-9F7A9242B4AC}.ReleaseQ16-HDRI|x64.ActiveCfg = ReleaseQ16-HDRI|x64
		{DAAE3844-6435-4912-8F69-9F7A9242B4AC}.ReleaseQ16-HDRI|x64.Build.0 = ReleaseQ16-HDRI|x64
		{DAAE3844-6435-4912-8F69-9F7A9242B4AC}.ReleaseQ16-HDRI|x86.ActiveCfg = ReleaseQ16-HDRI|x86
		{DAAE3844-6435-4912-8F69-9F7A9242B4AC}.ReleaseQ16-HDRI|x86.Build.0 = ReleaseQ16-HDRI|x86
		{DAAE3844-6435-4912-8F69-9F7A9242B4AC}.ReleaseQ8|x64.ActiveCfg = ReleaseQ8|x64
		{DAAE3844-6435-4912-8F69-9F7A9242B4AC}.ReleaseQ8|x64.Build.0 = ReleaseQ8|x64
		{DAAE3844-6435-4912-8F69-9F7A9242B4AC}.ReleaseQ8|x86.ActiveCfg = ReleaseQ8|x86
		{DAAE3844-6435-4912-8F69-9F7A9242B4AC}.ReleaseQ8|x86.Build.0 = ReleaseQ8|x86
		{DAAE3844-6435-4912-8F69-9F7A9242B4AC}.TestsQ16|x64.ActiveCfg = ReleaseQ16|x64
		{DAAE3844-6435-4912-8F69-9F7A9242B4AC}.TestsQ16|x86.ActiveCfg = ReleaseQ16|x86
		{DAAE3844-6435-4912-8F69-9F7A9242B4AC}.TestsQ16|x86.Build.0 = ReleaseQ16|x86
		{DAAE3844-6435-4912-8F69-9F7A9242B4AC}.TestsQ16-HDRI|x64.ActiveCfg = ReleaseQ16-HDRI|x64
		{DAAE3844-6435-4912-8F69-9F7A9242B4AC}.TestsQ16-HDRI|x86.ActiveCfg = ReleaseQ16-HDRI|x86
		{DAAE3844-6435-4912-8F69-9F7A9242B4AC}.TestsQ16-HDRI|x86.Build.0 = ReleaseQ16-HDRI|x86
		{DAAE3844-6435-4912-8F69-9F7A9242B4AC}.TestsQ8|x64.ActiveCfg = ReleaseQ8|x64
		{DAAE3844-6435-4912-8F69-9F7A9242B4AC}.TestsQ8|x86.ActiveCfg = ReleaseQ8|x86
		{DAAE3844-6435-4912-8F69-9F7A9242B4AC}.TestsQ8|x86.Build.0 = ReleaseQ8|x86
		{13C84DCE-50BC-42A3-BCEC-D3BFFE3BC49E}.ReleaseQ16|x64.ActiveCfg = ReleaseQ16|x64
		{13C84DCE-50BC-42A3-BCEC-D3BFFE3BC49E}.ReleaseQ16|x64.Build.0 = ReleaseQ16|x64
		{13C84DCE-50BC-42A3-BCEC-D3BFFE3BC49E}.ReleaseQ16|x86.ActiveCfg = ReleaseQ16|Win32
		{13C84DCE-50BC-42A3-BCEC-D3BFFE3BC49E}.ReleaseQ16|x86.Build.0 = ReleaseQ16|Win32
		{13C84DCE-50BC-42A3-BCEC-D3BFFE3BC49E}.ReleaseQ16-HDRI|x64.ActiveCfg = ReleaseQ16-HDRI|x64
		{13C84DCE-50BC-42A3-BCEC-D3BFFE3BC49E}.ReleaseQ16-HDRI|x64.Build.0 = ReleaseQ16-HDRI|x64
		{13C84DCE-50BC-42A3-BCEC-D3BFFE3BC49E}.ReleaseQ16-HDRI|x86.ActiveCfg = ReleaseQ16-HDRI|Win32
		{13C84DCE-50BC-42A3-BCEC-D3BFFE3BC49E}.ReleaseQ16-HDRI|x86.Build.0 = ReleaseQ16-HDRI|Win32
		{13C84DCE-50BC-42A3-BCEC-D3BFFE3BC49E}.ReleaseQ8|x64.ActiveCfg = ReleaseQ8|x64
		{13C84DCE-50BC-42A3-BCEC-D3BFFE3BC49E}.ReleaseQ8|x64.Build.0 = ReleaseQ8|x64
		{13C84DCE-50BC-42A3-BCEC-D3BFFE3BC49E}.ReleaseQ8|x86.ActiveCfg = ReleaseQ8|Win32
		{13C84DCE-50BC-42A3-BCEC-D3BFFE3BC49E}.ReleaseQ8|x86.Build.0 = ReleaseQ8|Win32
		{13C84DCE-50BC-42A3-BCEC-D3BFFE3BC49E}.TestsQ16|x64.ActiveCfg = ReleaseQ16|x64
		{13C84DCE-50BC-42A3-BCEC-D3BFFE3BC49E}.TestsQ16|x86.ActiveCfg = ReleaseQ16|Win32
		{13C84DCE-50BC-42A3-BCEC-D3BFFE3BC49E}.TestsQ16|x86.Build.0 = ReleaseQ16|Win32
		{13C84DCE-50BC-42A3-BCEC-D3BFFE3BC49E}.TestsQ16-HDRI|x64.ActiveCfg = ReleaseQ16-HDRI|x64
		{13C84DCE-50BC-42A3-BCEC-D3BFFE3BC49E}.TestsQ16-HDRI|x86.ActiveCfg = ReleaseQ16-HDRI|Win32
		{13C84DCE-50BC-42A3-BCEC-D3BFFE3BC49E}.TestsQ16-HDRI|x86.Build.0 = ReleaseQ16-HDRI|Win32
		{13C84DCE-50BC-42A3-BCEC-D3BFFE3BC49E}.TestsQ8|x64.ActiveCfg = ReleaseQ8|x64
		{13C84DCE-50BC-42A3-BCEC-D3BFFE3BC49E}.TestsQ8|x86.ActiveCfg = ReleaseQ8|Win32
		{13C84DCE-50BC-42A3-BCEC-D3BFFE3BC49E}.TestsQ8|x86.Build.0 = ReleaseQ8|Win32
		{4E26F91D-80E6-406C-B0E3-8C5FA3F83E7D}.ReleaseQ16|x64.ActiveCfg = Release|Any CPU
		{4E26F91D-80E6-406C-B0E3-8C5FA3F83E7D}.ReleaseQ16|x64.Build.0 = Release|Any CPU
		{4E26F91D-80E6-406C-B0E3-8C5FA3F83E7D}.ReleaseQ16|x86.ActiveCfg = Release|Any CPU
		{4E26F91D-80E6-406C-B0E3-8C5FA3F83E7D}.ReleaseQ16|x86.Build.0 = Release|Any CPU
		{4E26F91D-80E6-406C-B0E3-8C5FA3F83E7D}.ReleaseQ16-HDRI|x64.ActiveCfg = Release|Any CPU
		{4E26F91D-80E6-406C-B0E3-8C5FA3F83E7D}.ReleaseQ16-HDRI|x64.Build.0 = Release|Any CPU
		{4E26F91D-80E6-406C-B0E3-8C5FA3F83E7D}.ReleaseQ16-HDRI|x86.ActiveCfg = Release|Any CPU
		{4E26F91D-80E6-406C-B0E3-8C5FA3F83E7D}.ReleaseQ16-HDRI|x86.Build.0 = Release|Any CPU
		{4E26F91D-80E6-406C-B0E3-8C5FA3F83E7D}.ReleaseQ8|x64.ActiveCfg = Release|Any CPU
		{4E26F91D-80E6-406C-B0E3-8C5FA3F83E7D}.ReleaseQ8|x64.Build.0 = Release|Any CPU
		{4E26F91D-80E6-406C-B0E3-8C5FA3F83E7D}.ReleaseQ8|x86.ActiveCfg = Release|Any CPU
		{4E26F91D-80E6-406C-B0E3-8C5FA3F83E7D}.ReleaseQ8|x86.Build.0 = Release|Any CPU
		{4E26F91D-80E6-406C-B0E3-8C5FA3F83E7D}.TestsQ16|x64.ActiveCfg = Release|Any CPU
		{4E26F91D-80E6-406C-B0E3-8C5FA3F83E7D}.TestsQ16|x86.ActiveCfg = Release|Any CPU
		{4E26F91D-80E6-406C-B0E3-8C5FA3F83E7D}.TestsQ16|x86.Build.0 = Release|Any CPU
		{4E26F91D-80E6-406C-B0E3-8C5FA3F83E7D}.TestsQ16-HDRI|x64.ActiveCfg = Release|Any CPU
		{4E26F91D-80E6-406C-B0E3-8C5FA3F83E7D}.TestsQ16-HDRI|x86.ActiveCfg = Release|Any CPU
		{4E26F91D-80E6-406C-B0E3-8C5FA3F83E7D}.TestsQ16-HDRI|x86.Build.0 = Release|Any CPU
		{4E26F91D-80E6-406C-B0E3-8C5FA3F83E7D}.TestsQ8|x64.ActiveCfg = Release|Any CPU
		{4E26F91D-80E6-406C-B0E3-8C5FA3F83E7D}.TestsQ8|x86.ActiveCfg = Release|Any CPU
		{4E26F91D-80E6-406C-B0E3-8C5FA3F83E7D}.TestsQ8|x86.Build.0 = Release|Any CPU
	EndGlobalSection
	GlobalSection(SolutionProperties) = preSolution
		HideSolutionNode = FALSE
	EndGlobalSection
EndGlobal
