
Microsoft Visual Studio Solution File, Format Version 12.00
# Visual Studio 14
VisualStudioVersion = 14.0.24720.0
MinimumVisualStudioVersion = 10.0.40219.1
Project("{FAE04EC0-301F-11D3-BF4B-00C04F79EFBC}") = "Magick.NET.Tests.net20", "Magick.NET.Tests\Magick.NET.Tests.net20.csproj", "{C34FB9EF-028A-4190-91AF-6FBD3EC78DAF}"
EndProject
Project("{FAE04EC0-301F-11D3-BF4B-00C04F79EFBC}") = "Magick.NET.net20", "Magick.NET\Magick.NET.net20.csproj", "{DAAE3844-6435-4912-8F69-9F7A9242B4AC}"
EndProject
Global
	GlobalSection(SolutionConfigurationPlatforms) = preSolution
		ReleaseQ16|x64 = ReleaseQ16|x64
		ReleaseQ16|x86 = ReleaseQ16|x86
		ReleaseQ16-HDRI|x64 = ReleaseQ16-HDRI|x64
		ReleaseQ16-HDRI|x86 = ReleaseQ16-HDRI|x86
		ReleaseQ8|x64 = ReleaseQ8|x64
		ReleaseQ8|x86 = ReleaseQ8|x86
		TestsQ16|x64 = TestsQ16|x64
		TestsQ16|x86 = TestsQ16|x86
		TestsQ16-HDRI|x64 = TestsQ16-HDRI|x64
		TestsQ16-HDRI|x86 = TestsQ16-HDRI|x86
		TestsQ8|x64 = TestsQ8|x64
		TestsQ8|x86 = TestsQ8|x86
	EndGlobalSection
	GlobalSection(ProjectConfigurationPlatforms) = postSolution
		{C34FB9EF-028A-4190-91AF-6FBD3EC78DAF}.ReleaseQ16|x64.ActiveCfg = ReleaseQ16|x64
		{C34FB9EF-028A-4190-91AF-6FBD3EC78DAF}.ReleaseQ16|x86.ActiveCfg = ReleaseQ16|x86
		{C34FB9EF-028A-4190-91AF-6FBD3EC78DAF}.ReleaseQ16-HDRI|x64.ActiveCfg = ReleaseQ16-HDRI|x64
		{C34FB9EF-028A-4190-91AF-6FBD3EC78DAF}.ReleaseQ16-HDRI|x86.ActiveCfg = ReleaseQ16-HDRI|x86
		{C34FB9EF-028A-4190-91AF-6FBD3EC78DAF}.ReleaseQ8|x64.ActiveCfg = ReleaseQ8|x64
		{C34FB9EF-028A-4190-91AF-6FBD3EC78DAF}.ReleaseQ8|x86.ActiveCfg = ReleaseQ8|x86
		{C34FB9EF-028A-4190-91AF-6FBD3EC78DAF}.TestsQ16|x64.ActiveCfg = ReleaseQ16|x64
		{C34FB9EF-028A-4190-91AF-6FBD3EC78DAF}.TestsQ16|x64.Build.0 = ReleaseQ16|x64
		{C34FB9EF-028A-4190-91AF-6FBD3EC78DAF}.TestsQ16|x86.ActiveCfg = ReleaseQ16|x86
		{C34FB9EF-028A-4190-91AF-6FBD3EC78DAF}.TestsQ16|x86.Build.0 = ReleaseQ16|x86
		{C34FB9EF-028A-4190-91AF-6FBD3EC78DAF}.TestsQ16-HDRI|x64.ActiveCfg = ReleaseQ16-HDRI|x64
		{C34FB9EF-028A-4190-91AF-6FBD3EC78DAF}.TestsQ16-HDRI|x64.Build.0 = ReleaseQ16-HDRI|x64
		{C34FB9EF-028A-4190-91AF-6FBD3EC78DAF}.TestsQ16-HDRI|x86.ActiveCfg = ReleaseQ16-HDRI|x86
		{C34FB9EF-028A-4190-91AF-6FBD3EC78DAF}.TestsQ16-HDRI|x86.Build.0 = ReleaseQ16-HDRI|x86
		{C34FB9EF-028A-4190-91AF-6FBD3EC78DAF}.TestsQ8|x64.ActiveCfg = ReleaseQ8|x64
		{C34FB9EF-028A-4190-91AF-6FBD3EC78DAF}.TestsQ8|x64.Build.0 = ReleaseQ8|x64
		{C34FB9EF-028A-4190-91AF-6FBD3EC78DAF}.TestsQ8|x86.ActiveCfg = ReleaseQ8|x86
		{C34FB9EF-028A-4190-91AF-6FBD3EC78DAF}.TestsQ8|x86.Build.0 = ReleaseQ8|x86
		{DAAE3844-6435-4912-8F69-9F7A9242B4AC}.ReleaseQ16|x64.ActiveCfg = ReleaseQ16|x64
		{DAAE3844-6435-4912-8F69-9F7A9242B4AC}.ReleaseQ16|x64.Build.0 = ReleaseQ16|x64
		{DAAE3844-6435-4912-8F69-9F7A9242B4AC}.ReleaseQ16|x86.ActiveCfg = ReleaseQ16|x86
		{DAAE3844-6435-4912-8F69-9F7A9242B4AC}.ReleaseQ16|x86.Build.0 = ReleaseQ16|x86
		{DAAE3844-6435-4912-8F69-9F7A9242B4AC}.ReleaseQ16-HDRI|x64.ActiveCfg = ReleaseQ16-HDRI|x64
		{DAAE3844-6435-4912-8F69-9F7A9242B4AC}.ReleaseQ16-HDRI|x64.Build.0 = ReleaseQ16-HDRI|x64
		{DAAE3844-6435-4912-8F69-9F7A9242B4AC}.ReleaseQ16-HDRI|x86.ActiveCfg = ReleaseQ16-HDRI|x86
		{DAAE3844-6435-4912-8F69-9F7A9242B4AC}.ReleaseQ16-HDRI|x86.Build.0 = ReleaseQ16-HDRI|x86
		{DAAE3844-6435-4912-8F69-9F7A9242B4AC}.ReleaseQ8|x64.ActiveCfg = ReleaseQ8|x64
		{DAAE3844-6435-4912-8F69-9F7A9242B4AC}.ReleaseQ8|x64.Build.0 = ReleaseQ8|x64
		{DAAE3844-6435-4912-8F69-9F7A9242B4AC}.ReleaseQ8|x86.ActiveCfg = ReleaseQ8|x86
		{DAAE3844-6435-4912-8F69-9F7A9242B4AC}.ReleaseQ8|x86.Build.0 = ReleaseQ8|x86
		{DAAE3844-6435-4912-8F69-9F7A9242B4AC}.TestsQ16|x64.ActiveCfg = ReleaseQ16|x64
		{DAAE3844-6435-4912-8F69-9F7A9242B4AC}.TestsQ16|x64.Build.0 = ReleaseQ16|x64
		{DAAE3844-6435-4912-8F69-9F7A9242B4AC}.TestsQ16|x86.ActiveCfg = ReleaseQ16|x86
		{DAAE3844-6435-4912-8F69-9F7A9242B4AC}.TestsQ16|x86.Build.0 = ReleaseQ16|x86
		{DAAE3844-6435-4912-8F69-9F7A9242B4AC}.TestsQ16-HDRI|x64.ActiveCfg = ReleaseQ16-HDRI|x64
		{DAAE3844-6435-4912-8F69-9F7A9242B4AC}.TestsQ16-HDRI|x64.Build.0 = ReleaseQ16-HDRI|x64
		{DAAE3844-6435-4912-8F69-9F7A9242B4AC}.TestsQ16-HDRI|x86.ActiveCfg = ReleaseQ16-HDRI|x86
		{DAAE3844-6435-4912-8F69-9F7A9242B4AC}.TestsQ16-HDRI|x86.Build.0 = ReleaseQ16-HDRI|x86
		{DAAE3844-6435-4912-8F69-9F7A9242B4AC}.TestsQ8|x64.ActiveCfg = ReleaseQ8|x64
		{DAAE3844-6435-4912-8F69-9F7A9242B4AC}.TestsQ8|x64.Build.0 = ReleaseQ8|x64
		{DAAE3844-6435-4912-8F69-9F7A9242B4AC}.TestsQ8|x86.ActiveCfg = ReleaseQ8|x86
		{DAAE3844-6435-4912-8F69-9F7A9242B4AC}.TestsQ8|x86.Build.0 = ReleaseQ8|x86
	EndGlobalSection
	GlobalSection(SolutionProperties) = preSolution
		HideSolutionNode = FALSE
	EndGlobalSection
EndGlobal
