
Microsoft Visual Studio Solution File, Format Version 12.00
# Visual Studio 14
VisualStudioVersion = 14.0.24720.0
MinimumVisualStudioVersion = 10.0.40219.1
Project("{FAE04EC0-301F-11D3-BF4B-00C04F79EFBC}") = "Magick.NET.AnyCPU", "Magick.NET\Magick.NET.AnyCPU.csproj", "{DAAE3844-6435-4912-8F69-9F7A9242B4AC}"
EndProject
Project("{FAE04EC0-301F-11D3-BF4B-00C04F79EFBC}") = "Magick.NET.Tests.AnyCPU", "Magick.NET.Tests\Magick.NET.Tests.AnyCPU.csproj", "{C34FB9EF-028A-4190-91AF-6FBD3EC78DAF}"
EndProject
Project("{FAE04EC0-301F-11D3-BF4B-00C04F79EFBC}") = "Magick.NET.Web.AnyCPU", "Magick.NET.Web\Magick.NET.Web.AnyCPU.csproj", "{FAEF6535-4D08-4538-89DC-EE56176F6803}"
EndProject
Global
	GlobalSection(SolutionConfigurationPlatforms) = preSolution
		ReleaseQ16|AnyCPU = ReleaseQ16|AnyCPU
		ReleaseQ16-HDRI|AnyCPU = ReleaseQ16-HDRI|AnyCPU
		ReleaseQ8|AnyCPU = ReleaseQ8|AnyCPU
		TestsQ16|AnyCPU = TestsQ16|AnyCPU
		TestsQ16-HDRI|AnyCPU = TestsQ16-HDRI|AnyCPU
		TestsQ8|AnyCPU = TestsQ8|AnyCPU
	EndGlobalSection
	GlobalSection(ProjectConfigurationPlatforms) = postSolution
		{DAAE3844-6435-4912-8F69-9F7A9242B4AC}.ReleaseQ16|AnyCPU.ActiveCfg = ReleaseQ16|Any CPU
		{DAAE3844-6435-4912-8F69-9F7A9242B4AC}.ReleaseQ16|AnyCPU.Build.0 = ReleaseQ16|Any CPU
		{DAAE3844-6435-4912-8F69-9F7A9242B4AC}.ReleaseQ16-HDRI|AnyCPU.ActiveCfg = ReleaseQ16-HDRI|Any CPU
		{DAAE3844-6435-4912-8F69-9F7A9242B4AC}.ReleaseQ16-HDRI|AnyCPU.Build.0 = ReleaseQ16-HDRI|Any CPU
		{DAAE3844-6435-4912-8F69-9F7A9242B4AC}.ReleaseQ8|AnyCPU.ActiveCfg = ReleaseQ8|Any CPU
		{DAAE3844-6435-4912-8F69-9F7A9242B4AC}.ReleaseQ8|AnyCPU.Build.0 = ReleaseQ8|Any CPU
		{DAAE3844-6435-4912-8F69-9F7A9242B4AC}.TestsQ16|AnyCPU.ActiveCfg = ReleaseQ16|Any CPU
		{DAAE3844-6435-4912-8F69-9F7A9242B4AC}.TestsQ16|AnyCPU.Build.0 = ReleaseQ16|Any CPU
		{DAAE3844-6435-4912-8F69-9F7A9242B4AC}.TestsQ16-HDRI|AnyCPU.ActiveCfg = ReleaseQ16-HDRI|Any CPU
		{DAAE3844-6435-4912-8F69-9F7A9242B4AC}.TestsQ16-HDRI|AnyCPU.Build.0 = ReleaseQ16-HDRI|Any CPU
		{DAAE3844-6435-4912-8F69-9F7A9242B4AC}.TestsQ8|AnyCPU.ActiveCfg = ReleaseQ8|Any CPU
		{DAAE3844-6435-4912-8F69-9F7A9242B4AC}.TestsQ8|AnyCPU.Build.0 = ReleaseQ8|Any CPU
		{C34FB9EF-028A-4190-91AF-6FBD3EC78DAF}.ReleaseQ16|AnyCPU.ActiveCfg = ReleaseQ16|x86
		{C34FB9EF-028A-4190-91AF-6FBD3EC78DAF}.ReleaseQ16-HDRI|AnyCPU.ActiveCfg = ReleaseQ16-HDRI|x86
		{C34FB9EF-028A-4190-91AF-6FBD3EC78DAF}.ReleaseQ8|AnyCPU.ActiveCfg = ReleaseQ8|x86
		{C34FB9EF-028A-4190-91AF-6FBD3EC78DAF}.TestsQ16|AnyCPU.ActiveCfg = ReleaseQ16|x86
		{C34FB9EF-028A-4190-91AF-6FBD3EC78DAF}.TestsQ16|AnyCPU.Build.0 = ReleaseQ16|x86
		{C34FB9EF-028A-4190-91AF-6FBD3EC78DAF}.TestsQ16-HDRI|AnyCPU.ActiveCfg = ReleaseQ16-HDRI|x86
		{C34FB9EF-028A-4190-91AF-6FBD3EC78DAF}.TestsQ16-HDRI|AnyCPU.Build.0 = ReleaseQ16-HDRI|x86
		{C34FB9EF-028A-4190-91AF-6FBD3EC78DAF}.TestsQ8|AnyCPU.ActiveCfg = ReleaseQ8|x86
		{C34FB9EF-028A-4190-91AF-6FBD3EC78DAF}.TestsQ8|AnyCPU.Build.0 = ReleaseQ8|x86
		{FAEF6535-4D08-4538-89DC-EE56176F6803}.ReleaseQ16|AnyCPU.ActiveCfg = ReleaseQ16|Any CPU
		{FAEF6535-4D08-4538-89DC-EE56176F6803}.ReleaseQ16|AnyCPU.Build.0 = ReleaseQ16|Any CPU
		{FAEF6535-4D08-4538-89DC-EE56176F6803}.ReleaseQ16-HDRI|AnyCPU.ActiveCfg = ReleaseQ16-HDRI|Any CPU
		{FAEF6535-4D08-4538-89DC-EE56176F6803}.ReleaseQ16-HDRI|AnyCPU.Build.0 = ReleaseQ16-HDRI|Any CPU
		{FAEF6535-4D08-4538-89DC-EE56176F6803}.ReleaseQ8|AnyCPU.ActiveCfg = ReleaseQ8|Any CPU
		{FAEF6535-4D08-4538-89DC-EE56176F6803}.ReleaseQ8|AnyCPU.Build.0 = ReleaseQ8|Any CPU
		{FAEF6535-4D08-4538-89DC-EE56176F6803}.TestsQ16|AnyCPU.ActiveCfg = ReleaseQ16|Any CPU
		{FAEF6535-4D08-4538-89DC-EE56176F6803}.TestsQ16|AnyCPU.Build.0 = ReleaseQ16|Any CPU
		{FAEF6535-4D08-4538-89DC-EE56176F6803}.TestsQ16-HDRI|AnyCPU.ActiveCfg = ReleaseQ16-HDRI|Any CPU
		{FAEF6535-4D08-4538-89DC-EE56176F6803}.TestsQ16-HDRI|AnyCPU.Build.0 = ReleaseQ16-HDRI|Any CPU
		{FAEF6535-4D08-4538-89DC-EE56176F6803}.TestsQ8|AnyCPU.ActiveCfg = ReleaseQ8|Any CPU
		{FAEF6535-4D08-4538-89DC-EE56176F6803}.TestsQ8|AnyCPU.Build.0 = ReleaseQ8|Any CPU
	EndGlobalSection
	GlobalSection(SolutionProperties) = preSolution
		HideSolutionNode = FALSE
	EndGlobalSection
EndGlobal
