
Microsoft Visual Studio Solution File, Format Version 12.00
# Visual Studio 15
VisualStudioVersion = 15.0.27130.2026
MinimumVisualStudioVersion = 10.0.40219.1
Project("{8BC9CEB8-8B4A-11D0-8D11-00A0C91BC942}") = "Magick.NET.CrossPlatform", "Source\Magick.NET.CrossPlatform\Magick.NET.CrossPlatform.vcxproj", "{6F17FA39-6A72-4FF6-963E-2C66AE8D969D}"
EndProject
Project("{2150E333-8FDC-42A3-9474-1A3956D46DE8}") = "Docker", "Docker", "{ED719399-610E-40B1-A3DE-0BABB2477012}"
	ProjectSection(SolutionItems) = preProject
		Source\Magick.NET.CrossPlatform\authorized_keys = Source\Magick.NET.CrossPlatform\authorized_keys
		Source\Magick.NET.CrossPlatform\Build.Linux.sh = Source\Magick.NET.CrossPlatform\Build.Linux.sh
		Source\Magick.NET.CrossPlatform\Linux.Dockerfile = Source\Magick.NET.CrossPlatform\Linux.Dockerfile
	EndProjectSection
EndProject
Global
	GlobalSection(SolutionConfigurationPlatforms) = preSolution
		ReleaseQ16|x64 = ReleaseQ16|x64
		ReleaseQ16-HDRI|x64 = ReleaseQ16-HDRI|x64
		ReleaseQ8|x64 = ReleaseQ8|x64
	EndGlobalSection
	GlobalSection(ProjectConfigurationPlatforms) = postSolution
		{6F17FA39-6A72-4FF6-963E-2C66AE8D969D}.ReleaseQ16|x64.ActiveCfg = ReleaseQ16|x64
		{6F17FA39-6A72-4FF6-963E-2C66AE8D969D}.ReleaseQ16|x64.Build.0 = ReleaseQ16|x64
		{6F17FA39-6A72-4FF6-963E-2C66AE8D969D}.ReleaseQ16-HDRI|x64.ActiveCfg = ReleaseQ16-HDRI|x64
		{6F17FA39-6A72-4FF6-963E-2C66AE8D969D}.ReleaseQ16-HDRI|x64.Build.0 = ReleaseQ16-HDRI|x64
		{6F17FA39-6A72-4FF6-963E-2C66AE8D969D}.ReleaseQ8|x64.ActiveCfg = ReleaseQ8|x64
		{6F17FA39-6A72-4FF6-963E-2C66AE8D969D}.ReleaseQ8|x64.Build.0 = ReleaseQ8|x64
	EndGlobalSection
	GlobalSection(SolutionProperties) = preSolution
		HideSolutionNode = FALSE
	EndGlobalSection
	GlobalSection(ExtensibilityGlobals) = postSolution
		SolutionGuid = {3428DA1F-A45F-4688-A173-BD536B1A6A9F}
	EndGlobalSection
EndGlobal
