<?xml version="1.0" encoding="utf-8"?>
<Project ToolsVersion="4.0" xmlns="http://schemas.microsoft.com/developer/msbuild/2003">
  <ItemGroup>
    <Filter Include="Source Files">
      <UniqueIdentifier>{4FC737F1-C7A5-4376-A066-2A32D752A2FF}</UniqueIdentifier>
      <Extensions>cpp;c;cc;cxx;def;odl;idl;hpj;bat;asm;asmx</Extensions>
    </Filter>
    <Filter Include="Header Files">
      <UniqueIdentifier>{93995380-89BD-4b04-88EB-625FBE52EBFB}</UniqueIdentifier>
      <Extensions>h;hpp;hxx;hm;inl;inc;xsd</Extensions>
    </Filter>
    <Filter Include="Resource Files">
      <UniqueIdentifier>{67DA6AB6-F800-4c08-8B7A-83BB121AAD01}</UniqueIdentifier>
      <Extensions>rc;ico;cur;bmp;dlg;rc2;rct;bin;rgs;gif;jpg;jpeg;jpe;resx;tiff;tif;png;wav;mfcribbon-ms</Extensions>
    </Filter>
    <Filter Include="Source Files\Helpers">
      <UniqueIdentifier>{86d22e4c-44c9-4c67-9125-762818ca3957}</UniqueIdentifier>
    </Filter>
    <Filter Include="Header Files\Helpers">
      <UniqueIdentifier>{f3a4d16f-fb3f-409c-92aa-d1f8e415e195}</UniqueIdentifier>
    </Filter>
    <Filter Include="Header Files\Enums">
      <UniqueIdentifier>{cad764bd-7656-4555-a316-76bb3fd36615}</UniqueIdentifier>
    </Filter>
    <Filter Include="Header Files\Colors">
      <UniqueIdentifier>{10aae888-484a-4ec4-8d2a-69f4eb04c86c}</UniqueIdentifier>
    </Filter>
    <Filter Include="Source Files\Colors">
      <UniqueIdentifier>{31d10dab-89e0-453e-9034-e4b5f3cbcfd9}</UniqueIdentifier>
    </Filter>
    <Filter Include="Header Files\Matrices">
      <UniqueIdentifier>{d1a60810-3feb-4d61-94ca-160556f53a4c}</UniqueIdentifier>
    </Filter>
    <Filter Include="Source Files\Matrices">
      <UniqueIdentifier>{52a595b9-571b-4707-a1db-380cca880873}</UniqueIdentifier>
    </Filter>
    <Filter Include="Header Files\Drawables">
      <UniqueIdentifier>{9032eb29-193f-43f6-b939-aa891f5c89a9}</UniqueIdentifier>
    </Filter>
    <Filter Include="Header Files\Drawables\Paths">
      <UniqueIdentifier>{aec40845-79e8-47bd-8e9f-a0e2aa95ce1d}</UniqueIdentifier>
    </Filter>
    <Filter Include="Source Files\Drawables">
      <UniqueIdentifier>{16922e3d-9fb6-447c-9b93-f1e6b7c93324}</UniqueIdentifier>
    </Filter>
    <Filter Include="Source Files\Drawables\Paths">
      <UniqueIdentifier>{94296fd4-d7f9-40ce-bda4-0c3a7aca0662}</UniqueIdentifier>
    </Filter>
    <Filter Include="Source Files\Pixels">
      <UniqueIdentifier>{e69f5fc9-7174-4d7d-b5a1-099096577bb8}</UniqueIdentifier>
    </Filter>
    <Filter Include="Header Files\Pixels">
      <UniqueIdentifier>{76d21b26-d0ca-4ab3-bdb9-7e8aad917317}</UniqueIdentifier>
    </Filter>
    <Filter Include="Header Files\Exceptions">
      <UniqueIdentifier>{500c90db-88df-4b46-b2fb-aca6000069bb}</UniqueIdentifier>
    </Filter>
    <Filter Include="Source Files\Exceptions">
      <UniqueIdentifier>{48ae8406-88ef-4470-ad6f-665b9d12dfda}</UniqueIdentifier>
    </Filter>
    <Filter Include="Header Files\Base">
      <UniqueIdentifier>{6bdbfb06-4722-4524-a73c-f002ccd7812e}</UniqueIdentifier>
    </Filter>
    <Filter Include="Header Files\Colors\Base">
      <UniqueIdentifier>{fdab79b1-3c5e-4d1c-9cf2-6262b3954bb5}</UniqueIdentifier>
    </Filter>
    <Filter Include="Header Files\Drawables\Base">
      <UniqueIdentifier>{a10eeda1-313e-4e66-ae93-a689cc75ae15}</UniqueIdentifier>
    </Filter>
    <Filter Include="Header Files\Drawables\Paths\Base">
      <UniqueIdentifier>{67350219-4274-4813-aa99-fb9a5ca404e9}</UniqueIdentifier>
    </Filter>
    <Filter Include="Header Files\Exceptions\Base">
      <UniqueIdentifier>{6d1ea093-263f-473a-929e-60f456215fe9}</UniqueIdentifier>
    </Filter>
    <Filter Include="Header Files\Matrices\Base">
      <UniqueIdentifier>{052e22fb-3141-430f-b5f2-b0fc6814e241}</UniqueIdentifier>
    </Filter>
    <Filter Include="Header Files\Pixels\Base">
      <UniqueIdentifier>{a4710343-5b97-46db-8ce3-cf8bbce7914b}</UniqueIdentifier>
    </Filter>
    <Filter Include="Source Files\Colors\Base">
      <UniqueIdentifier>{55e2d74b-cb41-43c8-8021-4a86ba96de06}</UniqueIdentifier>
    </Filter>
    <Filter Include="Source Files\Exceptions\Base">
      <UniqueIdentifier>{bc6ec9cc-a345-44d2-904b-1dd1ec9f9940}</UniqueIdentifier>
    </Filter>
    <Filter Include="Source Files\Matrices\Base">
      <UniqueIdentifier>{09505a19-a423-426f-894d-0aa48a703b69}</UniqueIdentifier>
    </Filter>
    <Filter Include="Header Files\Drawables\Paths\Args">
      <UniqueIdentifier>{dc081b12-adf0-47d8-ba39-2048c9ead0f8}</UniqueIdentifier>
    </Filter>
    <Filter Include="Header Files\Drawables\Paths\Args\Base">
      <UniqueIdentifier>{35bd9d53-8d95-47ed-8c1a-368f8bbc5bbd}</UniqueIdentifier>
    </Filter>
    <Filter Include="Source Files\Drawables\Paths\Args">
      <UniqueIdentifier>{a3c2eb86-d271-49cc-aaee-68cd3400ba08}</UniqueIdentifier>
    </Filter>
    <Filter Include="Header Files\Settings">
      <UniqueIdentifier>{b364b98f-cabc-4ba1-b0fb-d088b38ae0a4}</UniqueIdentifier>
    </Filter>
    <Filter Include="Header Files\IO">
      <UniqueIdentifier>{b0fab967-bfc1-46e8-bd68-72a819036f88}</UniqueIdentifier>
    </Filter>
    <Filter Include="Source Files\IO">
      <UniqueIdentifier>{7681ffc8-c5ae-40e9-8f62-63c4d8bcac77}</UniqueIdentifier>
    </Filter>
    <Filter Include="Header Files\Statistics">
      <UniqueIdentifier>{c6b68adc-81f7-421e-bfae-4cd661800487}</UniqueIdentifier>
    </Filter>
    <Filter Include="Source Files\Statistics">
      <UniqueIdentifier>{d4997d82-508b-4a1d-a4f3-763d2721acc7}</UniqueIdentifier>
    </Filter>
    <Filter Include="Source Files\Script">
      <UniqueIdentifier>{9d08df0c-8d45-45ec-aa6d-becc57d94618}</UniqueIdentifier>
    </Filter>
    <Filter Include="Header Files\Script">
      <UniqueIdentifier>{05ee0796-0a57-4cc1-bcc5-d11cc7d97920}</UniqueIdentifier>
    </Filter>
    <Filter Include="Header Files\Script\Generated">
      <UniqueIdentifier>{6b419c52-34df-4554-9136-8ecffa1c44b4}</UniqueIdentifier>
    </Filter>
    <Filter Include="Source Files\Script\Generated">
      <UniqueIdentifier>{7dc78eed-32bb-4642-bb04-835c08fa6613}</UniqueIdentifier>
    </Filter>
    <Filter Include="Source Files\Profiles">
      <UniqueIdentifier>{7cbe75d1-9896-4d23-91a3-6669ee4714b7}</UniqueIdentifier>
    </Filter>
    <Filter Include="Source Files\Profiles\Exif">
      <UniqueIdentifier>{ce341e84-3629-4ec9-981b-f1fc1e652ab3}</UniqueIdentifier>
    </Filter>
    <Filter Include="Source Files\Profiles\Color">
      <UniqueIdentifier>{618471d4-e4b1-459f-9a56-9275811ad491}</UniqueIdentifier>
    </Filter>
    <Filter Include="Header Files\Profiles">
      <UniqueIdentifier>{3947fe56-b317-4f4b-b313-70a5663f5d30}</UniqueIdentifier>
    </Filter>
    <Filter Include="Header Files\Profiles\Exif">
      <UniqueIdentifier>{5c848016-d796-4fe4-b037-5533aa15a9a4}</UniqueIdentifier>
    </Filter>
    <Filter Include="Header Files\Profiles\Color">
      <UniqueIdentifier>{532c493b-0cfb-46af-8843-7a37a8ea12f3}</UniqueIdentifier>
    </Filter>
    <Filter Include="Source Files\Settings">
      <UniqueIdentifier>{29a6b828-4e5c-4d31-9449-b8aaf35e6a36}</UniqueIdentifier>
    </Filter>
    <Filter Include="Source Files\Profiles\Iptc">
      <UniqueIdentifier>{a1d8fd90-a88b-432a-baf2-ac069003c3a2}</UniqueIdentifier>
    </Filter>
    <Filter Include="Header Files\Profiles\Iptc">
      <UniqueIdentifier>{bc554ed0-c2cd-414b-a63c-12cb325f51a0}</UniqueIdentifier>
    </Filter>
    <Filter Include="Header Files\Profiles\8Bim">
      <UniqueIdentifier>{b68faca9-677f-4c58-a5dc-59a665e1e7be}</UniqueIdentifier>
    </Filter>
    <Filter Include="Source Files\Profiles\8Bim">
      <UniqueIdentifier>{82b2a827-7fc2-4d9d-a1f7-f78fa3bae5b6}</UniqueIdentifier>
    </Filter>
    <Filter Include="Header Files\Events">
      <UniqueIdentifier>{62451a82-e6b8-4d27-baa4-a30ecaa7ff5c}</UniqueIdentifier>
    </Filter>
    <Filter Include="Source Files\Events">
      <UniqueIdentifier>{4b877b5f-f693-4866-8229-43765c48cfaf}</UniqueIdentifier>
    </Filter>
  </ItemGroup>
  <ItemGroup>
    <ClInclude Include="MagickImage.h">
      <Filter>Header Files</Filter>
    </ClInclude>
    <ClInclude Include="Stdafx.h">
      <Filter>Header Files</Filter>
    </ClInclude>
    <ClInclude Include="MagickGeometry.h">
      <Filter>Header Files</Filter>
    </ClInclude>
    <ClInclude Include="MagickImageInfo.h">
      <Filter>Header Files</Filter>
    </ClInclude>
    <ClInclude Include="Colors\ColorCMYK.h">
      <Filter>Header Files\Colors</Filter>
    </ClInclude>
    <ClInclude Include="Colors\ColorGray.h">
      <Filter>Header Files\Colors</Filter>
    </ClInclude>
    <ClInclude Include="Colors\ColorHSL.h">
      <Filter>Header Files\Colors</Filter>
    </ClInclude>
    <ClInclude Include="Colors\ColorMono.h">
      <Filter>Header Files\Colors</Filter>
    </ClInclude>
    <ClInclude Include="Colors\ColorRGB.h">
      <Filter>Header Files\Colors</Filter>
    </ClInclude>
    <ClInclude Include="Colors\ColorYUV.h">
      <Filter>Header Files\Colors</Filter>
    </ClInclude>
    <ClInclude Include="Colors\MagickColor.h">
      <Filter>Header Files\Colors</Filter>
    </ClInclude>
    <ClInclude Include="Enums\ColorSpace.h">
      <Filter>Header Files\Enums</Filter>
    </ClInclude>
    <ClInclude Include="Enums\ColorType.h">
      <Filter>Header Files\Enums</Filter>
    </ClInclude>
    <ClInclude Include="Enums\DistortMethod.h">
      <Filter>Header Files\Enums</Filter>
    </ClInclude>
    <ClInclude Include="Enums\CompositeOperator.h">
      <Filter>Header Files\Enums</Filter>
    </ClInclude>
    <ClInclude Include="Enums\Gravity.h">
      <Filter>Header Files\Enums</Filter>
    </ClInclude>
    <ClInclude Include="Enums\NoiseType.h">
      <Filter>Header Files\Enums</Filter>
    </ClInclude>
    <ClInclude Include="Enums\PaintMethod.h">
      <Filter>Header Files\Enums</Filter>
    </ClInclude>
    <ClInclude Include="Helpers\Marshaller.h">
      <Filter>Header Files\Helpers</Filter>
    </ClInclude>
    <ClInclude Include="Helpers\Throw.h">
      <Filter>Header Files\Helpers</Filter>
    </ClInclude>
    <ClInclude Include="Enums\FillRule.h">
      <Filter>Header Files\Enums</Filter>
    </ClInclude>
    <ClInclude Include="Enums\FontStretch.h">
      <Filter>Header Files\Enums</Filter>
    </ClInclude>
    <ClInclude Include="Enums\FontStyleType.h">
      <Filter>Header Files\Enums</Filter>
    </ClInclude>
    <ClInclude Include="Enums\FontWeight.h">
      <Filter>Header Files\Enums</Filter>
    </ClInclude>
    <ClInclude Include="Drawables\Paths\PathArcAbs.h">
      <Filter>Header Files\Drawables\Paths</Filter>
    </ClInclude>
    <ClInclude Include="Drawables\DrawableAffine.h">
      <Filter>Header Files\Drawables</Filter>
    </ClInclude>
    <ClInclude Include="Drawables\DrawableArc.h">
      <Filter>Header Files\Drawables</Filter>
    </ClInclude>
    <ClInclude Include="Drawables\DrawableBezier.h">
      <Filter>Header Files\Drawables</Filter>
    </ClInclude>
    <ClInclude Include="Drawables\DrawableCircle.h">
      <Filter>Header Files\Drawables</Filter>
    </ClInclude>
    <ClInclude Include="Drawables\DrawableClipPath.h">
      <Filter>Header Files\Drawables</Filter>
    </ClInclude>
    <ClInclude Include="Drawables\DrawableColor.h">
      <Filter>Header Files\Drawables</Filter>
    </ClInclude>
    <ClInclude Include="Drawables\DrawableCompositeImage.h">
      <Filter>Header Files\Drawables</Filter>
    </ClInclude>
    <ClInclude Include="Drawables\DrawableDashArray.h">
      <Filter>Header Files\Drawables</Filter>
    </ClInclude>
    <ClInclude Include="Drawables\DrawableDashOffset.h">
      <Filter>Header Files\Drawables</Filter>
    </ClInclude>
    <ClInclude Include="Drawables\DrawableEllipse.h">
      <Filter>Header Files\Drawables</Filter>
    </ClInclude>
    <ClInclude Include="Drawables\DrawableFillColor.h">
      <Filter>Header Files\Drawables</Filter>
    </ClInclude>
    <ClInclude Include="Drawables\DrawableFillOpacity.h">
      <Filter>Header Files\Drawables</Filter>
    </ClInclude>
    <ClInclude Include="Drawables\DrawableFillRule.h">
      <Filter>Header Files\Drawables</Filter>
    </ClInclude>
    <ClInclude Include="Drawables\DrawableFont.h">
      <Filter>Header Files\Drawables</Filter>
    </ClInclude>
    <ClInclude Include="Drawables\DrawableGravity.h">
      <Filter>Header Files\Drawables</Filter>
    </ClInclude>
    <ClInclude Include="Drawables\DrawableLine.h">
      <Filter>Header Files\Drawables</Filter>
    </ClInclude>
    <ClInclude Include="Drawables\DrawableMatte.h">
      <Filter>Header Files\Drawables</Filter>
    </ClInclude>
    <ClInclude Include="Drawables\DrawableMiterLimit.h">
      <Filter>Header Files\Drawables</Filter>
    </ClInclude>
    <ClInclude Include="Drawables\DrawablePath.h">
      <Filter>Header Files\Drawables</Filter>
    </ClInclude>
    <ClInclude Include="Drawables\DrawablePointSize.h">
      <Filter>Header Files\Drawables</Filter>
    </ClInclude>
    <ClInclude Include="Drawables\DrawableStrokeColor.h">
      <Filter>Header Files\Drawables</Filter>
    </ClInclude>
    <ClInclude Include="Drawables\DrawableText.h">
      <Filter>Header Files\Drawables</Filter>
    </ClInclude>
    <ClInclude Include="Drawables\DrawableTextAntialias.h">
      <Filter>Header Files\Drawables</Filter>
    </ClInclude>
    <ClInclude Include="Drawables\DrawablePoint.h">
      <Filter>Header Files\Drawables</Filter>
    </ClInclude>
    <ClInclude Include="Drawables\DrawablePolygon.h">
      <Filter>Header Files\Drawables</Filter>
    </ClInclude>
    <ClInclude Include="Drawables\DrawablePolyline.h">
      <Filter>Header Files\Drawables</Filter>
    </ClInclude>
    <ClInclude Include="Drawables\DrawablePopClipPath.h">
      <Filter>Header Files\Drawables</Filter>
    </ClInclude>
    <ClInclude Include="Drawables\DrawablePopGraphicContext.h">
      <Filter>Header Files\Drawables</Filter>
    </ClInclude>
    <ClInclude Include="Drawables\DrawablePopPattern.h">
      <Filter>Header Files\Drawables</Filter>
    </ClInclude>
    <ClInclude Include="Drawables\DrawablePushClipPath.h">
      <Filter>Header Files\Drawables</Filter>
    </ClInclude>
    <ClInclude Include="Drawables\DrawablePushGraphicContext.h">
      <Filter>Header Files\Drawables</Filter>
    </ClInclude>
    <ClInclude Include="MagickImageCollection.h">
      <Filter>Header Files</Filter>
    </ClInclude>
    <ClInclude Include="Enums\LineCap.h">
      <Filter>Header Files\Enums</Filter>
    </ClInclude>
    <ClInclude Include="Enums\LineJoin.h">
      <Filter>Header Files\Enums</Filter>
    </ClInclude>
    <ClInclude Include="Drawables\DrawablePushPattern.h">
      <Filter>Header Files\Drawables</Filter>
    </ClInclude>
    <ClInclude Include="Drawables\DrawableRectangle.h">
      <Filter>Header Files\Drawables</Filter>
    </ClInclude>
    <ClInclude Include="Drawables\DrawableRotation.h">
      <Filter>Header Files\Drawables</Filter>
    </ClInclude>
    <ClInclude Include="Drawables\DrawableRoundRectangle.h">
      <Filter>Header Files\Drawables</Filter>
    </ClInclude>
    <ClInclude Include="Drawables\DrawableScaling.h">
      <Filter>Header Files\Drawables</Filter>
    </ClInclude>
    <ClInclude Include="Drawables\DrawableSkewX.h">
      <Filter>Header Files\Drawables</Filter>
    </ClInclude>
    <ClInclude Include="Drawables\DrawableSkewY.h">
      <Filter>Header Files\Drawables</Filter>
    </ClInclude>
    <ClInclude Include="Drawables\DrawableStrokeAntialias.h">
      <Filter>Header Files\Drawables</Filter>
    </ClInclude>
    <ClInclude Include="Drawables\DrawableStrokeLineCap.h">
      <Filter>Header Files\Drawables</Filter>
    </ClInclude>
    <ClInclude Include="Drawables\DrawableStrokeLineJoin.h">
      <Filter>Header Files\Drawables</Filter>
    </ClInclude>
    <ClInclude Include="Drawables\DrawableStrokeOpacity.h">
      <Filter>Header Files\Drawables</Filter>
    </ClInclude>
    <ClInclude Include="Drawables\DrawableStrokeWidth.h">
      <Filter>Header Files\Drawables</Filter>
    </ClInclude>
    <ClInclude Include="Drawables\DrawableTextDecoration.h">
      <Filter>Header Files\Drawables</Filter>
    </ClInclude>
    <ClInclude Include="Drawables\DrawableTextUnderColor.h">
      <Filter>Header Files\Drawables</Filter>
    </ClInclude>
    <ClInclude Include="Drawables\DrawableTranslation.h">
      <Filter>Header Files\Drawables</Filter>
    </ClInclude>
    <ClInclude Include="Drawables\DrawableViewbox.h">
      <Filter>Header Files\Drawables</Filter>
    </ClInclude>
    <ClInclude Include="Enums\TextDecoration.h">
      <Filter>Header Files\Enums</Filter>
    </ClInclude>
    <ClInclude Include="MagickNET.h">
      <Filter>Header Files</Filter>
    </ClInclude>
    <ClInclude Include="Enums\Endian.h">
      <Filter>Header Files\Enums</Filter>
    </ClInclude>
    <ClInclude Include="Enums\ClassType.h">
      <Filter>Header Files\Enums</Filter>
    </ClInclude>
    <ClInclude Include="Pixels\Pixel.h">
      <Filter>Header Files\Pixels</Filter>
    </ClInclude>
    <ClInclude Include="Pixels\PixelCollection.h">
      <Filter>Header Files\Pixels</Filter>
    </ClInclude>
    <ClInclude Include="Pixels\WritablePixelCollection.h">
      <Filter>Header Files\Pixels</Filter>
    </ClInclude>
    <ClInclude Include="Enums\GifDisposeMethod.h">
      <Filter>Header Files\Enums</Filter>
    </ClInclude>
    <ClInclude Include="Enums\Channels.h">
      <Filter>Header Files\Enums</Filter>
    </ClInclude>
    <ClInclude Include="Enums\LayerMethod.h">
      <Filter>Header Files\Enums</Filter>
    </ClInclude>
    <ClInclude Include="Enums\EvaluateOperator.h">
      <Filter>Header Files\Enums</Filter>
    </ClInclude>
    <ClInclude Include="Enums\FilterType.h">
      <Filter>Header Files\Enums</Filter>
    </ClInclude>
    <ClInclude Include="Enums\OrientationType.h">
      <Filter>Header Files\Enums</Filter>
    </ClInclude>
    <ClInclude Include="Enums\RenderingIntent.h">
      <Filter>Header Files\Enums</Filter>
    </ClInclude>
    <ClInclude Include="Resources\resource.h">
      <Filter>Header Files</Filter>
    </ClInclude>
    <ClInclude Include="Exceptions\MagickErrorExceptions.h">
      <Filter>Header Files\Exceptions</Filter>
    </ClInclude>
    <ClInclude Include="Exceptions\MagickWarningExceptions.h">
      <Filter>Header Files\Exceptions</Filter>
    </ClInclude>
    <ClInclude Include="Enums\Resolution.h">
      <Filter>Header Files\Enums</Filter>
    </ClInclude>
    <ClInclude Include="Enums\SparseColorMethod.h">
      <Filter>Header Files\Enums</Filter>
    </ClInclude>
    <ClInclude Include="Enums\VirtualPixelMethod.h">
      <Filter>Header Files\Enums</Filter>
    </ClInclude>
    <ClInclude Include="Base\MagickWrapper.h">
      <Filter>Header Files\Base</Filter>
    </ClInclude>
    <ClInclude Include="Colors\Base\ColorBase.h">
      <Filter>Header Files\Colors\Base</Filter>
    </ClInclude>
    <ClInclude Include="Drawables\Base\DrawableWrapper.h">
      <Filter>Header Files\Drawables\Base</Filter>
    </ClInclude>
    <ClInclude Include="Drawables\Paths\Base\PathWrapper.h">
      <Filter>Header Files\Drawables\Paths\Base</Filter>
    </ClInclude>
    <ClInclude Include="Drawables\Paths\Base\PathBase.h">
      <Filter>Header Files\Drawables\Paths\Base</Filter>
    </ClInclude>
    <ClInclude Include="Exceptions\Base\MagickException.h">
      <Filter>Header Files\Exceptions\Base</Filter>
    </ClInclude>
    <ClInclude Include="Pixels\Base\PixelBaseCollection.h">
      <Filter>Header Files\Pixels\Base</Filter>
    </ClInclude>
    <ClInclude Include="Drawables\Paths\PathArcRel.h">
      <Filter>Header Files\Drawables\Paths</Filter>
    </ClInclude>
    <ClInclude Include="Drawables\Paths\PathClosePath.h">
      <Filter>Header Files\Drawables\Paths</Filter>
    </ClInclude>
    <ClInclude Include="Drawables\Paths\PathCurvetoAbs.h">
      <Filter>Header Files\Drawables\Paths</Filter>
    </ClInclude>
    <ClInclude Include="Drawables\Paths\PathCurvetoRel.h">
      <Filter>Header Files\Drawables\Paths</Filter>
    </ClInclude>
    <ClInclude Include="Drawables\Paths\Args\Base\PathArgsWrapper.h">
      <Filter>Header Files\Drawables\Paths\Args\Base</Filter>
    </ClInclude>
    <ClInclude Include="Drawables\Paths\PathLinetoAbs.h">
      <Filter>Header Files\Drawables\Paths</Filter>
    </ClInclude>
    <ClInclude Include="Drawables\Paths\PathLinetoHorizontalAbs.h">
      <Filter>Header Files\Drawables\Paths</Filter>
    </ClInclude>
    <ClInclude Include="Drawables\Paths\PathLinetoHorizontalRel.h">
      <Filter>Header Files\Drawables\Paths</Filter>
    </ClInclude>
    <ClInclude Include="Drawables\Paths\PathLinetoRel.h">
      <Filter>Header Files\Drawables\Paths</Filter>
    </ClInclude>
    <ClInclude Include="Drawables\Paths\PathLinetoVerticalAbs.h">
      <Filter>Header Files\Drawables\Paths</Filter>
    </ClInclude>
    <ClInclude Include="Drawables\Paths\PathLinetoVerticalRel.h">
      <Filter>Header Files\Drawables\Paths</Filter>
    </ClInclude>
    <ClInclude Include="Drawables\Paths\PathMovetoAbs.h">
      <Filter>Header Files\Drawables\Paths</Filter>
    </ClInclude>
    <ClInclude Include="Drawables\Paths\PathMovetoRel.h">
      <Filter>Header Files\Drawables\Paths</Filter>
    </ClInclude>
    <ClInclude Include="Drawables\Paths\PathQuadraticCurvetoAbs.h">
      <Filter>Header Files\Drawables\Paths</Filter>
    </ClInclude>
    <ClInclude Include="Drawables\Paths\PathQuadraticCurvetoRel.h">
      <Filter>Header Files\Drawables\Paths</Filter>
    </ClInclude>
    <ClInclude Include="Drawables\Paths\PathSmoothCurvetoAbs.h">
      <Filter>Header Files\Drawables\Paths</Filter>
    </ClInclude>
    <ClInclude Include="Drawables\Paths\PathSmoothCurvetoRel.h">
      <Filter>Header Files\Drawables\Paths</Filter>
    </ClInclude>
    <ClInclude Include="Drawables\Paths\PathSmoothQuadraticCurvetoAbs.h">
      <Filter>Header Files\Drawables\Paths</Filter>
    </ClInclude>
    <ClInclude Include="Drawables\Paths\PathSmoothQuadraticCurvetoRel.h">
      <Filter>Header Files\Drawables\Paths</Filter>
    </ClInclude>
    <ClInclude Include="Helpers\FileHelper.h">
      <Filter>Header Files\Helpers</Filter>
    </ClInclude>
    <ClInclude Include="Helpers\EnumHelper.h">
      <Filter>Header Files\Helpers</Filter>
    </ClInclude>
    <ClInclude Include="Enums\MagickFormat.h">
      <Filter>Header Files\Enums</Filter>
    </ClInclude>
    <ClInclude Include="Settings\MagickReadSettings.h">
      <Filter>Header Files\Settings</Filter>
    </ClInclude>
    <ClInclude Include="IO\MagickReader.h">
      <Filter>Header Files\IO</Filter>
    </ClInclude>
    <ClInclude Include="IO\MagickWriter.h">
      <Filter>Header Files\IO</Filter>
    </ClInclude>
    <ClInclude Include="Statistics\MagickImageStatistics.h">
      <Filter>Header Files\Statistics</Filter>
    </ClInclude>
    <ClInclude Include="Statistics\ChannelStatistics.h">
      <Filter>Header Files\Statistics</Filter>
    </ClInclude>
    <ClInclude Include="MagickErrorInfo.h">
      <Filter>Header Files</Filter>
    </ClInclude>
    <ClInclude Include="MagickFormatInfo.h">
      <Filter>Header Files</Filter>
    </ClInclude>
    <ClInclude Include="Percentage.h">
      <Filter>Header Files</Filter>
    </ClInclude>
    <ClInclude Include="TypeMetric.h">
      <Filter>Header Files</Filter>
    </ClInclude>
    <ClInclude Include="Drawables\Coordinate.h">
      <Filter>Header Files\Drawables</Filter>
    </ClInclude>
    <ClInclude Include="Script\ScriptWriteEventArgs.h">
      <Filter>Header Files\Script</Filter>
    </ClInclude>
    <ClInclude Include="Script\ScriptReadEventArgs.h">
      <Filter>Header Files\Script</Filter>
    </ClInclude>
    <ClInclude Include="Script\MagickScript.h">
      <Filter>Header Files\Script</Filter>
    </ClInclude>
    <ClInclude Include="Drawables\Base\Drawable.h">
      <Filter>Header Files\Drawables\Base</Filter>
    </ClInclude>
    <ClInclude Include="Drawables\Paths\Args\PathArc.h">
      <Filter>Header Files\Drawables\Paths\Args</Filter>
    </ClInclude>
    <ClInclude Include="Drawables\Paths\Args\PathCurveto.h">
      <Filter>Header Files\Drawables\Paths\Args</Filter>
    </ClInclude>
    <ClInclude Include="Drawables\Paths\Args\PathQuadraticCurveto.h">
      <Filter>Header Files\Drawables\Paths\Args</Filter>
    </ClInclude>
    <ClInclude Include="Enums\CompressionMethod.h">
      <Filter>Header Files\Enums</Filter>
    </ClInclude>
    <ClInclude Include="Profiles\Exif\ExifDataType.h">
      <Filter>Header Files\Profiles\Exif</Filter>
    </ClInclude>
    <ClInclude Include="Profiles\Exif\ExifProfile.h">
      <Filter>Header Files\Profiles\Exif</Filter>
    </ClInclude>
    <ClInclude Include="Profiles\Color\ColorProfile.h">
      <Filter>Header Files\Profiles\Color</Filter>
    </ClInclude>
    <ClInclude Include="Profiles\Exif\ExifReader.h">
      <Filter>Header Files\Profiles\Exif</Filter>
    </ClInclude>
    <ClInclude Include="Profiles\Exif\ExifTag.h">
      <Filter>Header Files\Profiles\Exif</Filter>
    </ClInclude>
    <ClInclude Include="Profiles\Exif\ExifValue.h">
      <Filter>Header Files\Profiles\Exif</Filter>
    </ClInclude>
    <ClInclude Include="Profiles\ImageProfile.h">
      <Filter>Header Files\Profiles</Filter>
    </ClInclude>
    <ClInclude Include="Helpers\XmlHelper.h">
      <Filter>Header Files\Helpers</Filter>
    </ClInclude>
    <ClInclude Include="Enums\AlphaOption.h">
      <Filter>Header Files\Enums</Filter>
    </ClInclude>
    <ClInclude Include="Settings\PixelStorageSettings.h">
      <Filter>Header Files\Settings</Filter>
    </ClInclude>
    <ClInclude Include="Enums\StorageType.h">
      <Filter>Header Files\Enums</Filter>
    </ClInclude>
    <ClInclude Include="Profiles\Iptc\IptcProfile.h">
      <Filter>Header Files\Profiles\Iptc</Filter>
    </ClInclude>
    <ClInclude Include="Profiles\Iptc\IptcTag.h">
      <Filter>Header Files\Profiles\Iptc</Filter>
    </ClInclude>
    <ClInclude Include="Profiles\Iptc\IptcValue.h">
      <Filter>Header Files\Profiles\Iptc</Filter>
    </ClInclude>
    <ClInclude Include="Matrices\Base\DoubleMatrix.h">
      <Filter>Header Files\Matrices\Base</Filter>
    </ClInclude>
    <ClInclude Include="Matrices\ColorMatrix.h">
      <Filter>Header Files\Matrices</Filter>
    </ClInclude>
    <ClInclude Include="Matrices\ConvolveMatrix.h">
      <Filter>Header Files\Matrices</Filter>
    </ClInclude>
    <ClInclude Include="Enums\PixelChannel.h">
      <Filter>Header Files\Enums</Filter>
    </ClInclude>
    <ClInclude Include="Profiles\8Bim\EightBimProfile.h">
      <Filter>Header Files\Profiles\8Bim</Filter>
    </ClInclude>
    <ClInclude Include="Helpers\ByteConverter.h">
      <Filter>Header Files\Helpers</Filter>
    </ClInclude>
    <ClInclude Include="Enums\Interlace.h">
      <Filter>Header Files\Enums</Filter>
    </ClInclude>
    <ClInclude Include="Enums\Metric.h">
      <Filter>Header Files</Filter>
    </ClInclude>
    <ClInclude Include="Profiles\8Bim\ClipPathReader.h">
      <Filter>Header Files\Profiles\8Bim</Filter>
    </ClInclude>
    <ClInclude Include="Quantum.h">
      <Filter>Header Files</Filter>
    </ClInclude>
    <ClInclude Include="Enums\PixelInterpolateMethod.h">
      <Filter>Header Files\Enums</Filter>
    </ClInclude>
    <ClInclude Include="Enums\LogEvents.h">
      <Filter>Header Files\Enums</Filter>
    </ClInclude>
    <ClInclude Include="Events\LogEventArgs.h">
      <Filter>Header Files\Events</Filter>
    </ClInclude>
    <ClInclude Include="Events\WarningEventArgs.h">
      <Filter>Header Files\Events</Filter>
    </ClInclude>
    <ClInclude Include="Drawables\DrawableTextInterlineSpacing.h">
      <Filter>Header Files\Drawables</Filter>
    </ClInclude>
    <ClInclude Include="Drawables\DrawableTextInterwordSpacing.h">
      <Filter>Header Files\Drawables</Filter>
    </ClInclude>
    <ClInclude Include="Drawables\DrawableTextKerning.h">
      <Filter>Header Files\Drawables</Filter>
    </ClInclude>
    <ClInclude Include="ResourceLimits.h">
      <Filter>Header Files</Filter>
    </ClInclude>
    <ClInclude Include="Enums\TextDirection.h">
      <Filter>Header Files\Enums</Filter>
    </ClInclude>
    <ClInclude Include="Drawables\DrawableTextDirection.h">
      <Filter>Header Files\Drawables</Filter>
    </ClInclude>
    <ClInclude Include="MagickSearchResult.h">
      <Filter>Header Files</Filter>
    </ClInclude>
    <ClInclude Include="Enums\MorphologyMethod.h">
      <Filter>Header Files\Enums</Filter>
    </ClInclude>
    <ClInclude Include="Enums\Kernel.h">
      <Filter>Header Files\Enums</Filter>
    </ClInclude>
    <ClInclude Include="MagickConverter.h">
      <Filter>Header Files</Filter>
    </ClInclude>
    <ClInclude Include="Script\ScriptVariables.h">
      <Filter>Header Files\Script</Filter>
    </ClInclude>
    <ClInclude Include="Settings\QuantizeSettings.h">
      <Filter>Header Files\Settings</Filter>
    </ClInclude>
    <ClInclude Include="Enums\DitherMethod.h">
      <Filter>Header Files\Enums</Filter>
    </ClInclude>
    <ClInclude Include="Settings\MontageSettings.h">
      <Filter>Header Files\Settings</Filter>
    </ClInclude>
  </ItemGroup>
  <ItemGroup>
    <ClCompile Include="AssemblyInfo.cpp">
      <Filter>Source Files</Filter>
    </ClCompile>
    <ClCompile Include="Stdafx.cpp">
      <Filter>Source Files</Filter>
    </ClCompile>
    <ClCompile Include="MagickImage.cpp">
      <Filter>Source Files</Filter>
    </ClCompile>
    <ClCompile Include="MagickGeometry.cpp">
      <Filter>Source Files</Filter>
    </ClCompile>
    <ClCompile Include="Colors\ColorCMYK.cpp">
      <Filter>Source Files\Colors</Filter>
    </ClCompile>
    <ClCompile Include="Colors\ColorGray.cpp">
      <Filter>Source Files\Colors</Filter>
    </ClCompile>
    <ClCompile Include="Colors\ColorHSL.cpp">
      <Filter>Source Files\Colors</Filter>
    </ClCompile>
    <ClCompile Include="Colors\ColorMono.cpp">
      <Filter>Source Files\Colors</Filter>
    </ClCompile>
    <ClCompile Include="Colors\ColorRGB.cpp">
      <Filter>Source Files\Colors</Filter>
    </ClCompile>
    <ClCompile Include="Colors\ColorYUV.cpp">
      <Filter>Source Files\Colors</Filter>
    </ClCompile>
    <ClCompile Include="Colors\MagickColor.cpp">
      <Filter>Source Files\Colors</Filter>
    </ClCompile>
    <ClCompile Include="Helpers\Marshaller.cpp">
      <Filter>Source Files\Helpers</Filter>
    </ClCompile>
    <ClCompile Include="Helpers\Throw.cpp">
      <Filter>Source Files\Helpers</Filter>
    </ClCompile>
    <ClCompile Include="Drawables\DrawableAffine.cpp">
      <Filter>Source Files\Drawables</Filter>
    </ClCompile>
    <ClCompile Include="Drawables\DrawableArc.cpp">
      <Filter>Source Files\Drawables</Filter>
    </ClCompile>
    <ClCompile Include="Drawables\DrawableBezier.cpp">
      <Filter>Source Files\Drawables</Filter>
    </ClCompile>
    <ClCompile Include="Drawables\DrawableCircle.cpp">
      <Filter>Source Files\Drawables</Filter>
    </ClCompile>
    <ClCompile Include="Drawables\DrawableClipPath.cpp">
      <Filter>Source Files\Drawables</Filter>
    </ClCompile>
    <ClCompile Include="Drawables\DrawableColor.cpp">
      <Filter>Source Files\Drawables</Filter>
    </ClCompile>
    <ClCompile Include="Drawables\DrawableCompositeImage.cpp">
      <Filter>Source Files\Drawables</Filter>
    </ClCompile>
    <ClCompile Include="Drawables\DrawableDashArray.cpp">
      <Filter>Source Files\Drawables</Filter>
    </ClCompile>
    <ClCompile Include="Drawables\DrawableDashOffset.cpp">
      <Filter>Source Files\Drawables</Filter>
    </ClCompile>
    <ClCompile Include="Drawables\DrawableEllipse.cpp">
      <Filter>Source Files\Drawables</Filter>
    </ClCompile>
    <ClCompile Include="Drawables\DrawableFillColor.cpp">
      <Filter>Source Files\Drawables</Filter>
    </ClCompile>
    <ClCompile Include="Drawables\DrawableFillOpacity.cpp">
      <Filter>Source Files\Drawables</Filter>
    </ClCompile>
    <ClCompile Include="Drawables\DrawableFillRule.cpp">
      <Filter>Source Files\Drawables</Filter>
    </ClCompile>
    <ClCompile Include="Drawables\DrawableFont.cpp">
      <Filter>Source Files\Drawables</Filter>
    </ClCompile>
    <ClCompile Include="Drawables\DrawableGravity.cpp">
      <Filter>Source Files\Drawables</Filter>
    </ClCompile>
    <ClCompile Include="Drawables\DrawableLine.cpp">
      <Filter>Source Files\Drawables</Filter>
    </ClCompile>
    <ClCompile Include="Drawables\DrawableMatte.cpp">
      <Filter>Source Files\Drawables</Filter>
    </ClCompile>
    <ClCompile Include="Drawables\DrawableMiterLimit.cpp">
      <Filter>Source Files\Drawables</Filter>
    </ClCompile>
    <ClCompile Include="Drawables\DrawablePath.cpp">
      <Filter>Source Files\Drawables</Filter>
    </ClCompile>
    <ClCompile Include="Drawables\DrawablePointSize.cpp">
      <Filter>Source Files\Drawables</Filter>
    </ClCompile>
    <ClCompile Include="Drawables\DrawableStrokeColor.cpp">
      <Filter>Source Files\Drawables</Filter>
    </ClCompile>
    <ClCompile Include="Drawables\DrawableText.cpp">
      <Filter>Source Files\Drawables</Filter>
    </ClCompile>
    <ClCompile Include="Drawables\DrawableTextAntialias.cpp">
      <Filter>Source Files\Drawables</Filter>
    </ClCompile>
    <ClCompile Include="Drawables\DrawablePoint.cpp">
      <Filter>Source Files\Drawables</Filter>
    </ClCompile>
    <ClCompile Include="Drawables\DrawablePolygon.cpp">
      <Filter>Source Files\Drawables</Filter>
    </ClCompile>
    <ClCompile Include="Drawables\DrawablePolyline.cpp">
      <Filter>Source Files\Drawables</Filter>
    </ClCompile>
    <ClCompile Include="Drawables\DrawablePopClipPath.cpp">
      <Filter>Source Files\Drawables</Filter>
    </ClCompile>
    <ClCompile Include="Drawables\DrawablePopGraphicContext.cpp">
      <Filter>Source Files\Drawables</Filter>
    </ClCompile>
    <ClCompile Include="Drawables\DrawablePopPattern.cpp">
      <Filter>Source Files\Drawables</Filter>
    </ClCompile>
    <ClCompile Include="Drawables\DrawablePushClipPath.cpp">
      <Filter>Source Files\Drawables</Filter>
    </ClCompile>
    <ClCompile Include="Drawables\DrawablePushGraphicContext.cpp">
      <Filter>Source Files\Drawables</Filter>
    </ClCompile>
    <ClCompile Include="GlobalSuppressions.cpp">
      <Filter>Source Files</Filter>
    </ClCompile>
    <ClCompile Include="MagickImageCollection.cpp">
      <Filter>Source Files</Filter>
    </ClCompile>
    <ClCompile Include="Drawables\DrawablePushPattern.cpp">
      <Filter>Source Files\Drawables</Filter>
    </ClCompile>
    <ClCompile Include="Drawables\DrawableRectangle.cpp">
      <Filter>Source Files\Drawables</Filter>
    </ClCompile>
    <ClCompile Include="Drawables\DrawableRotation.cpp">
      <Filter>Source Files\Drawables</Filter>
    </ClCompile>
    <ClCompile Include="Drawables\DrawableRoundRectangle.cpp">
      <Filter>Source Files\Drawables</Filter>
    </ClCompile>
    <ClCompile Include="Drawables\DrawableScaling.cpp">
      <Filter>Source Files\Drawables</Filter>
    </ClCompile>
    <ClCompile Include="Drawables\DrawableSkewX.cpp">
      <Filter>Source Files\Drawables</Filter>
    </ClCompile>
    <ClCompile Include="Drawables\DrawableSkewY.cpp">
      <Filter>Source Files\Drawables</Filter>
    </ClCompile>
    <ClCompile Include="Drawables\DrawableStrokeAntialias.cpp">
      <Filter>Source Files\Drawables</Filter>
    </ClCompile>
    <ClCompile Include="Drawables\DrawableStrokeLineCap.cpp">
      <Filter>Source Files\Drawables</Filter>
    </ClCompile>
    <ClCompile Include="Drawables\DrawableStrokeLineJoin.cpp">
      <Filter>Source Files\Drawables</Filter>
    </ClCompile>
    <ClCompile Include="Drawables\DrawableStrokeOpacity.cpp">
      <Filter>Source Files\Drawables</Filter>
    </ClCompile>
    <ClCompile Include="Drawables\DrawableStrokeWidth.cpp">
      <Filter>Source Files\Drawables</Filter>
    </ClCompile>
    <ClCompile Include="Drawables\DrawableTextDecoration.cpp">
      <Filter>Source Files\Drawables</Filter>
    </ClCompile>
    <ClCompile Include="Drawables\DrawableTextUnderColor.cpp">
      <Filter>Source Files\Drawables</Filter>
    </ClCompile>
    <ClCompile Include="Drawables\DrawableTranslation.cpp">
      <Filter>Source Files\Drawables</Filter>
    </ClCompile>
    <ClCompile Include="Drawables\DrawableViewbox.cpp">
      <Filter>Source Files\Drawables</Filter>
    </ClCompile>
    <ClCompile Include="MagickNET.cpp">
      <Filter>Source Files</Filter>
    </ClCompile>
    <ClCompile Include="Pixels\Pixel.cpp">
      <Filter>Source Files\Pixels</Filter>
    </ClCompile>
    <ClCompile Include="Pixels\PixelCollection.cpp">
      <Filter>Source Files\Pixels</Filter>
    </ClCompile>
    <ClCompile Include="Pixels\WritablePixelCollection.cpp">
      <Filter>Source Files\Pixels</Filter>
    </ClCompile>
    <ClCompile Include="Exceptions\MagickErrorExceptions.cpp">
      <Filter>Source Files\Exceptions</Filter>
    </ClCompile>
    <ClCompile Include="Exceptions\MagickWarningExceptions.cpp">
      <Filter>Source Files\Exceptions</Filter>
    </ClCompile>
    <ClCompile Include="Pixels\Base\PixelBaseCollection.cpp">
      <Filter>Source Files\Pixels</Filter>
    </ClCompile>
    <ClCompile Include="Colors\Base\ColorBase.cpp">
      <Filter>Source Files\Colors\Base</Filter>
    </ClCompile>
    <ClCompile Include="Exceptions\Base\MagickException.cpp">
      <Filter>Source Files\Exceptions\Base</Filter>
    </ClCompile>
    <ClCompile Include="Drawables\Paths\PathArcAbs.cpp">
      <Filter>Source Files\Drawables\Paths</Filter>
    </ClCompile>
    <ClCompile Include="Drawables\Paths\PathArcRel.cpp">
      <Filter>Source Files\Drawables\Paths</Filter>
    </ClCompile>
    <ClCompile Include="Drawables\Paths\PathCurvetoAbs.cpp">
      <Filter>Source Files\Drawables\Paths</Filter>
    </ClCompile>
    <ClCompile Include="Drawables\Paths\PathCurvetoRel.cpp">
      <Filter>Source Files\Drawables\Paths</Filter>
    </ClCompile>
    <ClCompile Include="Drawables\Paths\PathClosePath.cpp">
      <Filter>Source Files\Drawables\Paths</Filter>
    </ClCompile>
    <ClCompile Include="Drawables\Paths\PathLinetoAbs.cpp">
      <Filter>Source Files\Drawables\Paths</Filter>
    </ClCompile>
    <ClCompile Include="Drawables\Paths\PathLinetoHorizontalAbs.cpp">
      <Filter>Source Files\Drawables\Paths</Filter>
    </ClCompile>
    <ClCompile Include="Drawables\Paths\PathLinetoHorizontalRel.cpp">
      <Filter>Source Files\Drawables\Paths</Filter>
    </ClCompile>
    <ClCompile Include="Drawables\Paths\PathLinetoRel.cpp">
      <Filter>Source Files\Drawables\Paths</Filter>
    </ClCompile>
    <ClCompile Include="Drawables\Paths\PathLinetoVerticalAbs.cpp">
      <Filter>Source Files\Drawables\Paths</Filter>
    </ClCompile>
    <ClCompile Include="Drawables\Paths\PathLinetoVerticalRel.cpp">
      <Filter>Source Files\Drawables\Paths</Filter>
    </ClCompile>
    <ClCompile Include="Drawables\Paths\PathMovetoAbs.cpp">
      <Filter>Source Files\Drawables\Paths</Filter>
    </ClCompile>
    <ClCompile Include="Drawables\Paths\PathMovetoRel.cpp">
      <Filter>Source Files\Drawables\Paths</Filter>
    </ClCompile>
    <ClCompile Include="Drawables\Paths\PathQuadraticCurvetoAbs.cpp">
      <Filter>Source Files\Drawables\Paths</Filter>
    </ClCompile>
    <ClCompile Include="Drawables\Paths\PathQuadraticCurvetoRel.cpp">
      <Filter>Source Files\Drawables\Paths</Filter>
    </ClCompile>
    <ClCompile Include="Drawables\Paths\PathSmoothCurvetoAbs.cpp">
      <Filter>Source Files\Drawables\Paths</Filter>
    </ClCompile>
    <ClCompile Include="Drawables\Paths\PathSmoothCurvetoRel.cpp">
      <Filter>Source Files\Drawables\Paths</Filter>
    </ClCompile>
    <ClCompile Include="Drawables\Paths\PathSmoothQuadraticCurvetoAbs.cpp">
      <Filter>Source Files\Drawables\Paths</Filter>
    </ClCompile>
    <ClCompile Include="Drawables\Paths\PathSmoothQuadraticCurvetoRel.cpp">
      <Filter>Source Files\Drawables\Paths</Filter>
    </ClCompile>
    <ClCompile Include="Helpers\FileHelper.cpp">
      <Filter>Source Files\Helpers</Filter>
    </ClCompile>
    <ClCompile Include="Helpers\EnumHelper.cpp">
      <Filter>Source Files\Helpers</Filter>
    </ClCompile>
    <ClCompile Include="IO\MagickReader.cpp">
      <Filter>Source Files\IO</Filter>
    </ClCompile>
    <ClCompile Include="IO\MagickWriter.cpp">
      <Filter>Source Files\IO</Filter>
    </ClCompile>
    <ClCompile Include="Statistics\MagickImageStatistics.cpp">
      <Filter>Source Files\Statistics</Filter>
    </ClCompile>
    <ClCompile Include="MagickImageInfo.cpp">
      <Filter>Source Files</Filter>
    </ClCompile>
    <ClCompile Include="Statistics\ChannelStatistics.cpp">
      <Filter>Source Files\Statistics</Filter>
    </ClCompile>
    <ClCompile Include="MagickErrorInfo.cpp">
      <Filter>Source Files</Filter>
    </ClCompile>
    <ClCompile Include="MagickFormatInfo.cpp">
      <Filter>Source Files</Filter>
    </ClCompile>
    <ClCompile Include="Percentage.cpp">
      <Filter>Source Files</Filter>
    </ClCompile>
    <ClCompile Include="TypeMetric.cpp">
      <Filter>Source Files</Filter>
    </ClCompile>
    <ClCompile Include="Drawables\Coordinate.cpp">
      <Filter>Source Files\Drawables</Filter>
    </ClCompile>
    <ClCompile Include="Script\ScriptReadEventArgs.cpp">
      <Filter>Source Files\Script</Filter>
    </ClCompile>
    <ClCompile Include="Script\ScriptWriteEventArgs.cpp">
      <Filter>Source Files\Script</Filter>
    </ClCompile>
    <ClCompile Include="Script\MagickScript.cpp">
      <Filter>Source Files\Script</Filter>
    </ClCompile>
    <ClCompile Include="Script\Generated\Execute.cpp">
      <Filter>Source Files\Script\Generated</Filter>
    </ClCompile>
    <ClCompile Include="Drawables\Paths\Args\PathArc.cpp">
      <Filter>Source Files\Drawables\Paths\Args</Filter>
    </ClCompile>
    <ClCompile Include="Drawables\Paths\Args\PathCurveto.cpp">
      <Filter>Source Files\Drawables\Paths\Args</Filter>
    </ClCompile>
    <ClCompile Include="Drawables\Paths\Args\PathQuadraticCurveto.cpp">
      <Filter>Source Files\Drawables\Paths\Args</Filter>
    </ClCompile>
    <ClCompile Include="Profiles\Exif\ExifProfile.cpp">
      <Filter>Source Files\Profiles\Exif</Filter>
    </ClCompile>
    <ClCompile Include="Profiles\Exif\ExifReader.cpp">
      <Filter>Source Files\Profiles\Exif</Filter>
    </ClCompile>
    <ClCompile Include="Profiles\Color\ColorProfile.cpp">
      <Filter>Source Files\Profiles\Color</Filter>
    </ClCompile>
    <ClCompile Include="Profiles\Exif\ExifValue.cpp">
      <Filter>Source Files\Profiles\Exif</Filter>
    </ClCompile>
    <ClCompile Include="Profiles\ImageProfile.cpp">
      <Filter>Source Files\Profiles</Filter>
    </ClCompile>
    <ClCompile Include="Settings\MagickReadSettings.cpp">
      <Filter>Source Files\Settings</Filter>
    </ClCompile>
    <ClCompile Include="Helpers\XmlHelper.cpp">
      <Filter>Source Files\Helpers</Filter>
    </ClCompile>
    <ClCompile Include="Settings\PixelStorageSettings.cpp">
      <Filter>Source Files\Settings</Filter>
    </ClCompile>
    <ClCompile Include="Profiles\Iptc\IptcProfile.cpp">
      <Filter>Source Files\Profiles\Iptc</Filter>
    </ClCompile>
    <ClCompile Include="Profiles\Iptc\IptcValue.cpp">
      <Filter>Source Files\Profiles\Iptc</Filter>
    </ClCompile>
    <ClCompile Include="Matrices\Base\DoubleMatrix.cpp">
      <Filter>Source Files\Matrices\Base</Filter>
    </ClCompile>
    <ClCompile Include="Matrices\ColorMatrix.cpp">
      <Filter>Source Files\Matrices</Filter>
    </ClCompile>
    <ClCompile Include="Matrices\ConvolveMatrix.cpp">
      <Filter>Source Files\Matrices</Filter>
    </ClCompile>
    <ClCompile Include="Profiles\8Bim\EightBimProfile.cpp">
      <Filter>Source Files\Profiles\8Bim</Filter>
    </ClCompile>
    <ClCompile Include="Helpers\ByteConverter.cpp">
      <Filter>Source Files\Helpers</Filter>
    </ClCompile>
    <ClCompile Include="Profiles\8Bim\ClipPathReader.cpp">
      <Filter>Source Files\Profiles\8Bim</Filter>
    </ClCompile>
    <ClCompile Include="Quantum.cpp">
      <Filter>Source Files</Filter>
    </ClCompile>
    <ClCompile Include="Events\WarningEventArgs.cpp">
      <Filter>Source Files\Events</Filter>
    </ClCompile>
    <ClCompile Include="Events\LogEventArgs.cpp">
      <Filter>Source Files\Events</Filter>
    </ClCompile>
    <ClCompile Include="Drawables\DrawableTextInterlineSpacing.cpp">
      <Filter>Source Files\Drawables</Filter>
    </ClCompile>
    <ClCompile Include="Drawables\DrawableTextInterwordSpacing.cpp">
      <Filter>Source Files\Drawables</Filter>
    </ClCompile>
    <ClCompile Include="Drawables\DrawableTextKerning.cpp">
      <Filter>Source Files\Drawables</Filter>
    </ClCompile>
    <ClCompile Include="ResourceLimits.cpp">
      <Filter>Source Files</Filter>
    </ClCompile>
    <ClCompile Include="Initialize.cpp">
      <Filter>Source Files</Filter>
    </ClCompile>
    <ClCompile Include="Drawables\DrawableTextDirection.cpp">
      <Filter>Source Files\Drawables</Filter>
    </ClCompile>
    <ClCompile Include="MagickSearchResult.cpp">
      <Filter>Source Files</Filter>
    </ClCompile>
    <ClCompile Include="MagickConverter.cpp">
      <Filter>Source Files</Filter>
    </ClCompile>
    <ClCompile Include="Script\ScriptVariables.cpp">
      <Filter>Source Files\Script</Filter>
    </ClCompile>
    <ClCompile Include="Settings\QuantizeSettings.cpp">
      <Filter>Source Files\Settings</Filter>
    </ClCompile>
    <ClCompile Include="Settings\MontageSettings.cpp">
      <Filter>Source Files\Settings</Filter>
    </ClCompile>
  </ItemGroup>
  <ItemGroup>
    <None Include="Resources\$(Configuration)\MagickScript.xsd">
      <Filter>Resource Files</Filter>
    </None>
    <None Include="Resources\ColorProfiles\RGB\AdobeRGB1998.icc">
      <Filter>Resource Files</Filter>
    </None>
    <None Include="Resources\ColorProfiles\RGB\AppleRGB.icc">
      <Filter>Resource Files</Filter>
    </None>
    <None Include="Resources\ColorProfiles\CMYK\CoatedFOGRA39.icc">
      <Filter>Resource Files</Filter>
    </None>
    <None Include="Resources\ColorProfiles\RGB\ColorMatchRGB.icc">
      <Filter>Resource Files</Filter>
    </None>
    <None Include="Resources\ColorProfiles\CMYK\USWebCoatedSWOP.icc">
      <Filter>Resource Files</Filter>
    </None>
    <None Include="Resources\ColorProfiles\RGB\SRGB.icm">
      <Filter>Resource Files</Filter>
    </None>
  </ItemGroup>
  <ItemGroup>
    <ResourceCompile Include="Resources\$(Configuration)\$(Platform)\Magick.NET.rc">
      <Filter>Resource Files</Filter>
    </ResourceCompile>
  </ItemGroup>
</Project>