
Microsoft Visual Studio Solution File, Format Version 12.00
# Visual Studio 2015
Project("{FAE04EC0-301F-11D3-BF4B-00C04F79EFBC}") = "Magick.NET.FileGenerator", "Magick.NET.FileGenerator\Magick.NET.FileGenerator.csproj", "{B0EDE948-53D3-4845-BC6A-D171C5AC8444}"
EndProject
Global
	GlobalSection(SolutionConfigurationPlatforms) = preSolution
		Release|Any CPU = Release|Any CPU
	EndGlobalSection
	GlobalSection(ProjectConfigurationPlatforms) = postSolution
		{B0EDE948-53D3-4845-BC6A-D171C5AC8444}.Release|Any CPU.ActiveCfg = Release|Any CPU
		{B0EDE948-53D3-4845-BC6A-D171C5AC8444}.Release|Any CPU.Build.0 = Release|Any CPU
	EndGlobalSection
	GlobalSection(SolutionProperties) = preSolution
		HideSolutionNode = FALSE
	EndGlobalSection
EndGlobal
