<?xml version="1.0" encoding="utf-8"?>
<Project ToolsVersion="4.0" xmlns="http://schemas.microsoft.com/developer/msbuild/2003">
  <ItemGroup>
    <Filter Include="Source Files">
      <UniqueIdentifier>{4FC737F1-C7A5-4376-A066-2A32D752A2FF}</UniqueIdentifier>
      <Extensions>cpp;c;cc;cxx;def;odl;idl;hpj;bat;asm;asmx</Extensions>
    </Filter>
    <Filter Include="Header Files">
      <UniqueIdentifier>{93995380-89BD-4b04-88EB-625FBE52EBFB}</UniqueIdentifier>
      <Extensions>h;hpp;hxx;hm;inl;inc;xsd</Extensions>
    </Filter>
    <Filter Include="Resource Files">
      <UniqueIdentifier>{67DA6AB6-F800-4c08-8B7A-83BB121AAD01}</UniqueIdentifier>
      <Extensions>rc;ico;cur;bmp;dlg;rc2;rct;bin;rgs;gif;jpg;jpeg;jpe;resx;tiff;tif;png;wav;mfcribbon-ms</Extensions>
    </Filter>
    <Filter Include="Source Files\Helpers">
      <UniqueIdentifier>{86d22e4c-44c9-4c67-9125-762818ca3957}</UniqueIdentifier>
    </Filter>
    <Filter Include="Header Files\Helpers">
      <UniqueIdentifier>{f3a4d16f-fb3f-409c-92aa-d1f8e415e195}</UniqueIdentifier>
    </Filter>
    <Filter Include="Header Files\Enums">
      <UniqueIdentifier>{cad764bd-7656-4555-a316-76bb3fd36615}</UniqueIdentifier>
    </Filter>
    <Filter Include="Header Files\Colors">
      <UniqueIdentifier>{10aae888-484a-4ec4-8d2a-69f4eb04c86c}</UniqueIdentifier>
    </Filter>
    <Filter Include="Source Files\Colors">
      <UniqueIdentifier>{31d10dab-89e0-453e-9034-e4b5f3cbcfd9}</UniqueIdentifier>
    </Filter>
    <Filter Include="Header Files\Drawables">
      <UniqueIdentifier>{9032eb29-193f-43f6-b939-aa891f5c89a9}</UniqueIdentifier>
    </Filter>
    <Filter Include="Source Files\Drawables">
      <UniqueIdentifier>{16922e3d-9fb6-447c-9b93-f1e6b7c93324}</UniqueIdentifier>
    </Filter>
    <Filter Include="Source Files\Pixels">
      <UniqueIdentifier>{e69f5fc9-7174-4d7d-b5a1-099096577bb8}</UniqueIdentifier>
    </Filter>
    <Filter Include="Header Files\Pixels">
      <UniqueIdentifier>{76d21b26-d0ca-4ab3-bdb9-7e8aad917317}</UniqueIdentifier>
    </Filter>
    <Filter Include="Header Files\Settings">
      <UniqueIdentifier>{b364b98f-cabc-4ba1-b0fb-d088b38ae0a4}</UniqueIdentifier>
    </Filter>
    <Filter Include="Header Files\IO">
      <UniqueIdentifier>{b0fab967-bfc1-46e8-bd68-72a819036f88}</UniqueIdentifier>
    </Filter>
    <Filter Include="Source Files\IO">
      <UniqueIdentifier>{7681ffc8-c5ae-40e9-8f62-63c4d8bcac77}</UniqueIdentifier>
    </Filter>
    <Filter Include="Header Files\Statistics">
      <UniqueIdentifier>{c6b68adc-81f7-421e-bfae-4cd661800487}</UniqueIdentifier>
    </Filter>
    <Filter Include="Source Files\Statistics">
      <UniqueIdentifier>{d4997d82-508b-4a1d-a4f3-763d2721acc7}</UniqueIdentifier>
    </Filter>
    <Filter Include="Source Files\Settings">
      <UniqueIdentifier>{29a6b828-4e5c-4d31-9449-b8aaf35e6a36}</UniqueIdentifier>
    </Filter>
    <Filter Include="Header Files\Types">
      <UniqueIdentifier>{cabdb7f0-94b9-4c15-9cd1-f7c7293716b2}</UniqueIdentifier>
    </Filter>
    <Filter Include="Source Files\Types">
      <UniqueIdentifier>{2c6bdaa1-a2c4-43c0-831f-9decba916c06}</UniqueIdentifier>
    </Filter>
    <Filter Include="Header Files\Optimizers">
      <UniqueIdentifier>{217d7dc2-809e-4eaf-b3f2-9aece423ec9c}</UniqueIdentifier>
    </Filter>
    <Filter Include="Source Files\Optimizers">
      <UniqueIdentifier>{83d063fd-0abd-4db9-947a-096a6cd1f1f0}</UniqueIdentifier>
    </Filter>
  </ItemGroup>
  <ItemGroup>
    <ClInclude Include="Stdafx.h">
      <Filter>Header Files</Filter>
    </ClInclude>
    <ClInclude Include="MagickFormatInfo.h">
      <Filter>Header Files</Filter>
    </ClInclude>
    <ClInclude Include="Quantum.h">
      <Filter>Header Files</Filter>
    </ClInclude>
    <ClInclude Include="MagickNET.h">
      <Filter>Header Files</Filter>
    </ClInclude>
    <ClInclude Include="MagickImage.h">
      <Filter>Header Files</Filter>
    </ClInclude>
    <ClInclude Include="MagickImageInfo.h">
      <Filter>Header Files</Filter>
    </ClInclude>
    <ClInclude Include="MagickImageCollection.h">
      <Filter>Header Files</Filter>
    </ClInclude>
    <ClInclude Include="ResourceLimits.h">
      <Filter>Header Files</Filter>
    </ClInclude>
    <ClInclude Include="Drawables\Drawable.h">
      <Filter>Header Files\Drawables</Filter>
    </ClInclude>
    <ClInclude Include="Drawables\Drawables.h">
      <Filter>Header Files\Drawables</Filter>
    </ClInclude>
    <ClInclude Include="Statistics\ChannelPerceptualHash.h">
      <Filter>Header Files\Statistics</Filter>
    </ClInclude>
    <ClInclude Include="Helpers\EnumHelper.h">
      <Filter>Header Files\Helpers</Filter>
    </ClInclude>
    <ClInclude Include="Colors\MagickColor.h">
      <Filter>Header Files\Colors</Filter>
    </ClInclude>
    <ClInclude Include="Drawables\Paths.h">
      <Filter>Header Files\Drawables</Filter>
    </ClInclude>
    <ClInclude Include="Enums\LayerMethod.h">
      <Filter>Header Files\Enums</Filter>
    </ClInclude>
    <ClInclude Include="Helpers\ExceptionHelper.h">
      <Filter>Header Files\Helpers</Filter>
    </ClInclude>
    <ClInclude Include="Helpers\Marshaller.h">
      <Filter>Header Files\Helpers</Filter>
    </ClInclude>
    <ClInclude Include="Helpers\MatrixHelper.h">
      <Filter>Header Files\Helpers</Filter>
    </ClInclude>
    <ClInclude Include="Helpers\Throw.h">
      <Filter>Header Files\Helpers</Filter>
    </ClInclude>
    <ClInclude Include="IO\MagickReaderSettings.h">
      <Filter>Header Files\IO</Filter>
    </ClInclude>
    <ClInclude Include="IO\MagickReader.h">
      <Filter>Header Files\IO</Filter>
    </ClInclude>
    <ClInclude Include="IO\MagickWriter.h">
      <Filter>Header Files\IO</Filter>
    </ClInclude>
    <ClInclude Include="Pixels\PixelBaseCollection.h">
      <Filter>Header Files\Pixels</Filter>
    </ClInclude>
    <ClInclude Include="Pixels\PixelCollection.h">
      <Filter>Header Files\Pixels</Filter>
    </ClInclude>
    <ClInclude Include="Pixels\WritablePixelCollection.h">
      <Filter>Header Files\Pixels</Filter>
    </ClInclude>
    <ClInclude Include="Settings\MontageSettings.h">
      <Filter>Header Files\Settings</Filter>
    </ClInclude>
    <ClInclude Include="Types\MagickGeometry.h">
      <Filter>Header Files\Types</Filter>
    </ClInclude>
    <ClInclude Include="Types\MagickSearchResult.h">
      <Filter>Header Files\Types</Filter>
    </ClInclude>
    <ClInclude Include="Optimizers\JpegOptimizer.h">
      <Filter>Header Files\Optimizers</Filter>
    </ClInclude>
  </ItemGroup>
  <ItemGroup>
    <ClCompile Include="AssemblyInfo.cpp">
      <Filter>Source Files</Filter>
    </ClCompile>
    <ClCompile Include="Stdafx.cpp">
      <Filter>Source Files</Filter>
    </ClCompile>
    <ClCompile Include="MagickFormatInfo.cpp">
      <Filter>Source Files</Filter>
    </ClCompile>
    <ClCompile Include="Quantum.cpp">
      <Filter>Source Files</Filter>
    </ClCompile>
    <ClCompile Include="MagickNET.cpp">
      <Filter>Source Files</Filter>
    </ClCompile>
    <ClCompile Include="Initialize.cpp">
      <Filter>Source Files</Filter>
    </ClCompile>
    <ClCompile Include="MagickImage.cpp">
      <Filter>Source Files</Filter>
    </ClCompile>
    <ClCompile Include="MagickImageInfo.cpp">
      <Filter>Source Files</Filter>
    </ClCompile>
    <ClCompile Include="MagickImageCollection.cpp">
      <Filter>Source Files</Filter>
    </ClCompile>
    <ClCompile Include="ResourceLimits.cpp">
      <Filter>Source Files</Filter>
    </ClCompile>
    <ClCompile Include="Colors\MagickColor.cpp">
      <Filter>Source Files\Colors</Filter>
    </ClCompile>
    <ClCompile Include="Drawables\Drawables.cpp">
      <Filter>Source Files\Drawables</Filter>
    </ClCompile>
    <ClCompile Include="Drawables\Drawable.cpp">
      <Filter>Source Files\Drawables</Filter>
    </ClCompile>
    <ClCompile Include="Drawables\Paths.cpp">
      <Filter>Source Files\Drawables</Filter>
    </ClCompile>
    <ClCompile Include="Helpers\ExceptionHelper.cpp">
      <Filter>Source Files\Helpers</Filter>
    </ClCompile>
    <ClCompile Include="Helpers\EnumHelper.cpp">
      <Filter>Source Files\Helpers</Filter>
    </ClCompile>
    <ClCompile Include="Helpers\Marshaller.cpp">
      <Filter>Source Files\Helpers</Filter>
    </ClCompile>
    <ClCompile Include="Helpers\Throw.cpp">
      <Filter>Source Files\Helpers</Filter>
    </ClCompile>
    <ClCompile Include="Helpers\MatrixHelper.cpp">
      <Filter>Source Files\Helpers</Filter>
    </ClCompile>
    <ClCompile Include="IO\MagickReader.cpp">
      <Filter>Source Files\IO</Filter>
    </ClCompile>
    <ClCompile Include="IO\MagickReaderSettings.cpp">
      <Filter>Source Files\IO</Filter>
    </ClCompile>
    <ClCompile Include="IO\MagickWriter.cpp">
      <Filter>Source Files\IO</Filter>
    </ClCompile>
    <ClCompile Include="Pixels\PixelBaseCollection.cpp">
      <Filter>Source Files\Pixels</Filter>
    </ClCompile>
    <ClCompile Include="Pixels\PixelCollection.cpp">
      <Filter>Source Files\Pixels</Filter>
    </ClCompile>
    <ClCompile Include="Pixels\WritablePixelCollection.cpp">
      <Filter>Source Files\Pixels</Filter>
    </ClCompile>
    <ClCompile Include="Settings\MontageSettings.cpp">
      <Filter>Source Files\Settings</Filter>
    </ClCompile>
    <ClCompile Include="Types\MagickSearchResult.cpp">
      <Filter>Source Files\Types</Filter>
    </ClCompile>
    <ClCompile Include="Types\MagickGeometry.cpp">
      <Filter>Source Files\Types</Filter>
    </ClCompile>
    <ClCompile Include="Statistics\ChannelPerceptualHash.cpp">
      <Filter>Source Files\Statistics</Filter>
    </ClCompile>
    <ClCompile Include="Optimizers\JpegOptimizer.cpp">
      <Filter>Source Files\Optimizers</Filter>
    </ClCompile>
    <ClCompile Include="GlobalSuppressions.cpp">
      <Filter>Source Files</Filter>
    </ClCompile>
  </ItemGroup>
  <ItemGroup>
    <ResourceCompile Include="Resources\$(Configuration)\$(Platform)\Magick.NET.rc">
      <Filter>Resource Files</Filter>
    </ResourceCompile>
  </ItemGroup>
</Project>